// !$*UTF8*$!
{
	archiveVersion = 1;
	classes = {
	};
	objectVersion = 56;
	objects = {

/* Begin PBXBuildFile section */
		3F071BA12C29A27F00F19C63 /* NotificationView.swift in Sources */ = {isa = PBXBuildFile; fileRef = 3F071BA02C29A27F00F19C63 /* NotificationView.swift */; };
		3F071BA22C29A27F00F19C63 /* NotificationView.swift in Sources */ = {isa = PBXBuildFile; fileRef = 3F071BA02C29A27F00F19C63 /* NotificationView.swift */; };
		3F071BA42C29A2CC00F19C63 /* BackgroundJobView.swift in Sources */ = {isa = PBXBuildFile; fileRef = 3F071BA32C29A2CC00F19C63 /* BackgroundJobView.swift */; };
		3F071BA52C29A2CC00F19C63 /* BackgroundJobView.swift in Sources */ = {isa = PBXBuildFile; fileRef = 3F071BA32C29A2CC00F19C63 /* BackgroundJobView.swift */; };
		3F19E2092C14086700B84293 /* Reeeed in Frameworks */ = {isa = PBXBuildFile; productRef = 3F19E2082C14086700B84293 /* Reeeed */; };
		3F19E20C2C140A6C00B84293 /* Reeeed in Frameworks */ = {isa = PBXBuildFile; productRef = 3F19E20B2C140A6C00B84293 /* Reeeed */; };
		3F1BBE1D2B8E147F005D533F /* basenanaApp.swift in Sources */ = {isa = PBXBuildFile; fileRef = 3F1BBE1C2B8E147F005D533F /* basenanaApp.swift */; };
		3F1BBE232B8E1480005D533F /* Assets.xcassets in Resources */ = {isa = PBXBuildFile; fileRef = 3F1BBE222B8E1480005D533F /* Assets.xcassets */; };
		3F1BBE272B8E1480005D533F /* Preview Assets.xcassets in Resources */ = {isa = PBXBuildFile; fileRef = 3F1BBE262B8E1480005D533F /* Preview Assets.xcassets */; };
		3F317C4E2C2476C300F42D37 /* StackContentView.swift in Sources */ = {isa = PBXBuildFile; fileRef = 3F317C4D2C2476C300F42D37 /* StackContentView.swift */; };
		3F317C4F2C2476C300F42D37 /* StackContentView.swift in Sources */ = {isa = PBXBuildFile; fileRef = 3F317C4D2C2476C300F42D37 /* StackContentView.swift */; };
		3F4A78DB2BCF7FFB0035F90F /* SwiftyBeaver in Frameworks */ = {isa = PBXBuildFile; productRef = 3F4A78DA2BCF7FFB0035F90F /* SwiftyBeaver */; };
		3F4A78E12BD299110035F90F /* SettingsView.swift in Sources */ = {isa = PBXBuildFile; fileRef = 3F4A78E02BD299110035F90F /* SettingsView.swift */; };
		3F7444B72BE3D1B000CC9C1E /* SwiftSoup in Frameworks */ = {isa = PBXBuildFile; productRef = 3F7444B62BE3D1B000CC9C1E /* SwiftSoup */; };
		3F7A1DEB2CECCFB000C2BDC8 /* DocumentRead in Frameworks */ = {isa = PBXBuildFile; productRef = 3F7A1DEA2CECCFB000C2BDC8 /* DocumentRead */; };
		3F7A1DED2CECCFC300C2BDC8 /* GroupTable in Frameworks */ = {isa = PBXBuildFile; productRef = 3F7A1DEC2CECCFC300C2BDC8 /* GroupTable */; };
		3F7A1DF22CEDB7C900C2BDC8 /* ContentView.swift in Sources */ = {isa = PBXBuildFile; fileRef = 3F7A1DF12CEDB7C600C2BDC8 /* ContentView.swift */; };
		3F7A1DF32CEDB7C900C2BDC8 /* ContentView.swift in Sources */ = {isa = PBXBuildFile; fileRef = 3F7A1DF12CEDB7C600C2BDC8 /* ContentView.swift */; };
		3F7A1DF62CEDB81B00C2BDC8 /* Factory in Frameworks */ = {isa = PBXBuildFile; productRef = 3F7A1DF52CEDB81B00C2BDC8 /* Factory */; };
		3F7A1DF82CEDBC4400C2BDC8 /* NetworkCore in Frameworks */ = {isa = PBXBuildFile; productRef = 3F7A1DF72CEDBC4400C2BDC8 /* NetworkCore */; };
		3F7A1DFA2CEDBC4400C2BDC8 /* NetworkExtension in Frameworks */ = {isa = PBXBuildFile; productRef = 3F7A1DF92CEDBC4400C2BDC8 /* NetworkExtension */; };
		3F7A1DFC2CEDBC4400C2BDC8 /* Repositories in Frameworks */ = {isa = PBXBuildFile; productRef = 3F7A1DFB2CEDBC4400C2BDC8 /* Repositories */; };
		3F7A1DFF2CEDC16D00C2BDC8 /* Swinject in Frameworks */ = {isa = PBXBuildFile; productRef = 3F7A1DFE2CEDC16D00C2BDC8 /* Swinject */; };
		3F7A1E042CEDCA5800C2BDC8 /* Container.swift in Sources */ = {isa = PBXBuildFile; fileRef = 3F7A1E032CEDCA5800C2BDC8 /* Container.swift */; };
		3F7A1E052CEDCA5800C2BDC8 /* Container.swift in Sources */ = {isa = PBXBuildFile; fileRef = 3F7A1E032CEDCA5800C2BDC8 /* Container.swift */; };
		3F7A1E0B2CEE0EDF00C2BDC8 /* Environment.swift in Sources */ = {isa = PBXBuildFile; fileRef = 3F7A1E0A2CEE0EDE00C2BDC8 /* Environment.swift */; };
		3F7A1E0C2CEE0EDF00C2BDC8 /* Environment.swift in Sources */ = {isa = PBXBuildFile; fileRef = 3F7A1E0A2CEE0EDE00C2BDC8 /* Environment.swift */; };
		3F7A1E122CEF6A1000C2BDC8 /* SwiftUIMasonry in Frameworks */ = {isa = PBXBuildFile; productRef = 3F7A1E112CEF6A1000C2BDC8 /* SwiftUIMasonry */; };
		3F84C8CB2C146E29003DC6DA /* WebArchiver in Frameworks */ = {isa = PBXBuildFile; productRef = 3F84C8CA2C146E29003DC6DA /* WebArchiver */; };
		3F9022B02CEF7B9A0045A1E3 /* AppState in Frameworks */ = {isa = PBXBuildFile; productRef = 3F9022AF2CEF7B9A0045A1E3 /* AppState */; };
		3FA180142C157A8A004176EA /* WebArchiver in Frameworks */ = {isa = PBXBuildFile; productRef = 3FA180132C157A8A004176EA /* WebArchiver */; };
		3FAC06BC2C25BEC40067E7A5 /* LoginView.swift in Sources */ = {isa = PBXBuildFile; fileRef = 3FAC06BB2C25BEC40067E7A5 /* LoginView.swift */; };
		3FAC06BD2C25BEC40067E7A5 /* LoginView.swift in Sources */ = {isa = PBXBuildFile; fileRef = 3FAC06BB2C25BEC40067E7A5 /* LoginView.swift */; };
		3FB2AC762C2AFD80007E755B /* FeedKit in Frameworks */ = {isa = PBXBuildFile; productRef = 3FB2AC752C2AFD80007E755B /* FeedKit */; };
		3FB782412BC1A82700327191 /* CGRPCZlib in Frameworks */ = {isa = PBXBuildFile; productRef = 3FB782402BC1A82700327191 /* CGRPCZlib */; };
		3FB782432BC1A82700327191 /* GRPC in Frameworks */ = {isa = PBXBuildFile; productRef = 3FB782422BC1A82700327191 /* GRPC */; };
		3FB782452BC1A82700327191 /* GRPCReflectionService in Frameworks */ = {isa = PBXBuildFile; productRef = 3FB782442BC1A82700327191 /* GRPCReflectionService */; };
		3FB782492BC1A82700327191 /* protoc-gen-grpc-swift in Frameworks */ = {isa = PBXBuildFile; productRef = 3FB782482BC1A82700327191 /* protoc-gen-grpc-swift */; };
		3FC54F052C948E4C00803A1D /* Data in Resources */ = {isa = PBXBuildFile; fileRef = 3FC54F032C948E4C00803A1D /* Data */; };
		3FCEC3CE2C314D41002D8662 /* FeedKit in Frameworks */ = {isa = PBXBuildFile; productRef = 3FCEC3CD2C314D41002D8662 /* FeedKit */; };
		3FCF70EA2D05943F00571DF9 /* Workflow in Frameworks */ = {isa = PBXBuildFile; productRef = 3FCF70E92D05943F00571DF9 /* Workflow */; };
		ED0CBB3C2BF656B90056E6AA /* SettingsView.swift in Sources */ = {isa = PBXBuildFile; fileRef = 3F4A78E02BD299110035F90F /* SettingsView.swift */; };
		ED0CBB3D2BF656B90056E6AA /* basenanaApp.swift in Sources */ = {isa = PBXBuildFile; fileRef = 3F1BBE1C2B8E147F005D533F /* basenanaApp.swift */; };
		ED0CBB432BF656B90056E6AA /* protoc-gen-grpc-swift in Frameworks */ = {isa = PBXBuildFile; productRef = ED0CBB182BF656B90056E6AA /* protoc-gen-grpc-swift */; };
		ED0CBB442BF656B90056E6AA /* GRPCReflectionService in Frameworks */ = {isa = PBXBuildFile; productRef = ED0CBB162BF656B90056E6AA /* GRPCReflectionService */; };
		ED0CBB452BF656B90056E6AA /* SwiftyBeaver in Frameworks */ = {isa = PBXBuildFile; productRef = ED0CBB1B2BF656B90056E6AA /* SwiftyBeaver */; };
		ED0CBB482BF656B90056E6AA /* SwiftSoup in Frameworks */ = {isa = PBXBuildFile; productRef = ED0CBB1D2BF656B90056E6AA /* SwiftSoup */; };
		ED0CBB492BF656B90056E6AA /* GRPC in Frameworks */ = {isa = PBXBuildFile; productRef = ED0CBB152BF656B90056E6AA /* GRPC */; };
		ED0CBB4A2BF656B90056E6AA /* CGRPCZlib in Frameworks */ = {isa = PBXBuildFile; productRef = ED0CBB132BF656B90056E6AA /* CGRPCZlib */; };
		ED0CBB4C2BF656B90056E6AA /* Preview Assets.xcassets in Resources */ = {isa = PBXBuildFile; fileRef = 3F1BBE262B8E1480005D533F /* Preview Assets.xcassets */; };
		ED0CBB4D2BF656B90056E6AA /* Assets.xcassets in Resources */ = {isa = PBXBuildFile; fileRef = 3F1BBE222B8E1480005D533F /* Assets.xcassets */; };
		EDB98C622D05E21700077661 /* NetworkCore in Frameworks */ = {isa = PBXBuildFile; productRef = EDB98C612D05E21700077661 /* NetworkCore */; };
		EDB98C642D05E21700077661 /* NetworkExtension in Frameworks */ = {isa = PBXBuildFile; productRef = EDB98C632D05E21700077661 /* NetworkExtension */; };
		EDB98C662D05E21700077661 /* Repositories in Frameworks */ = {isa = PBXBuildFile; productRef = EDB98C652D05E21700077661 /* Repositories */; };
		EDB98C682D05E21700077661 /* DocumentRead in Frameworks */ = {isa = PBXBuildFile; productRef = EDB98C672D05E21700077661 /* DocumentRead */; };
		EDB98C6A2D05E21800077661 /* AppState in Frameworks */ = {isa = PBXBuildFile; productRef = EDB98C692D05E21800077661 /* AppState */; };
		EDB98C6C2D05E21800077661 /* Entities in Frameworks */ = {isa = PBXBuildFile; productRef = EDB98C6B2D05E21800077661 /* Entities */; };
		EDB98C6E2D05E21800077661 /* RepositoryProtocol in Frameworks */ = {isa = PBXBuildFile; productRef = EDB98C6D2D05E21800077661 /* RepositoryProtocol */; };
		EDB98C702D05E21800077661 /* UseCase in Frameworks */ = {isa = PBXBuildFile; productRef = EDB98C6F2D05E21800077661 /* UseCase */; };
		EDB98C722D05E21800077661 /* UseCaseProtocol in Frameworks */ = {isa = PBXBuildFile; productRef = EDB98C712D05E21800077661 /* UseCaseProtocol */; };
		EDB98C742D05E21800077661 /* GroupTable in Frameworks */ = {isa = PBXBuildFile; productRef = EDB98C732D05E21800077661 /* GroupTable */; };
		EDB98C762D05E21800077661 /* Workflow in Frameworks */ = {isa = PBXBuildFile; productRef = EDB98C752D05E21800077661 /* Workflow */; };
		EDB98C782D05E2E800077661 /* Swinject in Frameworks */ = {isa = PBXBuildFile; productRef = EDB98C772D05E2E800077661 /* Swinject */; };
/* End PBXBuildFile section */

/* Begin PBXContainerItemProxy section */
		3F1BBE2D2B8E1480005D533F /* PBXContainerItemProxy */ = {
			isa = PBXContainerItemProxy;
			containerPortal = 3F1BBE112B8E147F005D533F /* Project object */;
			proxyType = 1;
			remoteGlobalIDString = 3F1BBE182B8E147F005D533F;
			remoteInfo = basenana;
		};
		3F1BBE372B8E1480005D533F /* PBXContainerItemProxy */ = {
			isa = PBXContainerItemProxy;
			containerPortal = 3F1BBE112B8E147F005D533F /* Project object */;
			proxyType = 1;
			remoteGlobalIDString = 3F1BBE182B8E147F005D533F;
			remoteInfo = basenana;
		};
/* End PBXContainerItemProxy section */

/* Begin PBXFileReference section */
		3F071BA02C29A27F00F19C63 /* NotificationView.swift */ = {isa = PBXFileReference; lastKnownFileType = sourcecode.swift; path = NotificationView.swift; sourceTree = "<group>"; };
		3F071BA32C29A2CC00F19C63 /* BackgroundJobView.swift */ = {isa = PBXFileReference; lastKnownFileType = sourcecode.swift; path = BackgroundJobView.swift; sourceTree = "<group>"; };
		3F1BBE192B8E147F005D533F /* Basenana.app */ = {isa = PBXFileReference; explicitFileType = wrapper.application; includeInIndex = 0; path = Basenana.app; sourceTree = BUILT_PRODUCTS_DIR; };
		3F1BBE1C2B8E147F005D533F /* basenanaApp.swift */ = {isa = PBXFileReference; lastKnownFileType = sourcecode.swift; path = basenanaApp.swift; sourceTree = "<group>"; };
		3F1BBE222B8E1480005D533F /* Assets.xcassets */ = {isa = PBXFileReference; lastKnownFileType = folder.assetcatalog; path = Assets.xcassets; sourceTree = "<group>"; };
		3F1BBE242B8E1480005D533F /* basenana.entitlements */ = {isa = PBXFileReference; lastKnownFileType = text.plist.entitlements; path = basenana.entitlements; sourceTree = "<group>"; };
		3F1BBE262B8E1480005D533F /* Preview Assets.xcassets */ = {isa = PBXFileReference; lastKnownFileType = folder.assetcatalog; path = "Preview Assets.xcassets"; sourceTree = "<group>"; };
		3F1BBE2C2B8E1480005D533F /* basenanaTests.xctest */ = {isa = PBXFileReference; explicitFileType = wrapper.cfbundle; includeInIndex = 0; path = basenanaTests.xctest; sourceTree = BUILT_PRODUCTS_DIR; };
		3F1BBE362B8E1480005D533F /* basenanaUITests.xctest */ = {isa = PBXFileReference; explicitFileType = wrapper.cfbundle; includeInIndex = 0; path = basenanaUITests.xctest; sourceTree = BUILT_PRODUCTS_DIR; };
		3F317C4D2C2476C300F42D37 /* StackContentView.swift */ = {isa = PBXFileReference; lastKnownFileType = sourcecode.swift; path = StackContentView.swift; sourceTree = "<group>"; };
		3F4A78E02BD299110035F90F /* SettingsView.swift */ = {isa = PBXFileReference; lastKnownFileType = sourcecode.swift; path = SettingsView.swift; sourceTree = "<group>"; };
		3F7444B82BE50DE900CC9C1E /* Info.plist */ = {isa = PBXFileReference; fileEncoding = 4; lastKnownFileType = text.plist.xml; name = Info.plist; path = basenana/Info.plist; sourceTree = SOURCE_ROOT; };
		3F7A1DF12CEDB7C600C2BDC8 /* ContentView.swift */ = {isa = PBXFileReference; lastKnownFileType = sourcecode.swift; path = ContentView.swift; sourceTree = "<group>"; };
		3F7A1E032CEDCA5800C2BDC8 /* Container.swift */ = {isa = PBXFileReference; lastKnownFileType = sourcecode.swift; path = Container.swift; sourceTree = "<group>"; };
		3F7A1E0A2CEE0EDE00C2BDC8 /* Environment.swift */ = {isa = PBXFileReference; lastKnownFileType = sourcecode.swift; path = Environment.swift; sourceTree = "<group>"; };
		3FAC06BB2C25BEC40067E7A5 /* LoginView.swift */ = {isa = PBXFileReference; lastKnownFileType = sourcecode.swift; path = LoginView.swift; sourceTree = "<group>"; };
		3FC54EF22C94870C00803A1D /* Styleguide */ = {isa = PBXFileReference; lastKnownFileType = wrapper; path = Styleguide; sourceTree = "<group>"; };
		3FC54EF32C94874400803A1D /* Domain */ = {isa = PBXFileReference; lastKnownFileType = wrapper; path = Domain; sourceTree = "<group>"; };
		3FC54F002C948C9200803A1D /* Workflow */ = {isa = PBXFileReference; lastKnownFileType = wrapper; path = Workflow; sourceTree = "<group>"; };
		3FC54F022C948CF500803A1D /* Document */ = {isa = PBXFileReference; lastKnownFileType = wrapper; path = Document; sourceTree = "<group>"; };
		3FC54F032C948E4C00803A1D /* Data */ = {isa = PBXFileReference; lastKnownFileType = wrapper; path = Data; sourceTree = "<group>"; };
		3FC54F062C948FB900803A1D /* Entry */ = {isa = PBXFileReference; lastKnownFileType = wrapper; path = Entry; sourceTree = "<group>"; };
		3FC54F082C948FF000803A1D /* Notify */ = {isa = PBXFileReference; lastKnownFileType = wrapper; path = Notify; sourceTree = "<group>"; };
		ED0CBB522BF656B90056E6AA /* basenana dev.app */ = {isa = PBXFileReference; explicitFileType = wrapper.application; includeInIndex = 0; path = "basenana dev.app"; sourceTree = BUILT_PRODUCTS_DIR; };
		ED0CBB532BF656BA0056E6AA /* Info-dev.plist */ = {isa = PBXFileReference; lastKnownFileType = text.plist.xml; path = "Info-dev.plist"; sourceTree = SOURCE_ROOT; };
/* End PBXFileReference section */

/* Begin PBXFrameworksBuildPhase section */
		3F1BBE162B8E147F005D533F /* Frameworks */ = {
			isa = PBXFrameworksBuildPhase;
			buildActionMask = 2147483647;
			files = (
				3FB782492BC1A82700327191 /* protoc-gen-grpc-swift in Frameworks */,
				3F7A1DEB2CECCFB000C2BDC8 /* DocumentRead in Frameworks */,
				3F7A1DF82CEDBC4400C2BDC8 /* NetworkCore in Frameworks */,
				3FB782452BC1A82700327191 /* GRPCReflectionService in Frameworks */,
				3F7A1E122CEF6A1000C2BDC8 /* SwiftUIMasonry in Frameworks */,
				3F7A1DFC2CEDBC4400C2BDC8 /* Repositories in Frameworks */,
				3F7A1DED2CECCFC300C2BDC8 /* GroupTable in Frameworks */,
				3FCF70EA2D05943F00571DF9 /* Workflow in Frameworks */,
				3F7A1DFF2CEDC16D00C2BDC8 /* Swinject in Frameworks */,
				3F4A78DB2BCF7FFB0035F90F /* SwiftyBeaver in Frameworks */,
				3F19E20C2C140A6C00B84293 /* Reeeed in Frameworks */,
				3F7444B72BE3D1B000CC9C1E /* SwiftSoup in Frameworks */,
				3FB782432BC1A82700327191 /* GRPC in Frameworks */,
				3F9022B02CEF7B9A0045A1E3 /* AppState in Frameworks */,
				3FB2AC762C2AFD80007E755B /* FeedKit in Frameworks */,
				3F7A1DF62CEDB81B00C2BDC8 /* Factory in Frameworks */,
				3FB782412BC1A82700327191 /* CGRPCZlib in Frameworks */,
				3F7A1DFA2CEDBC4400C2BDC8 /* NetworkExtension in Frameworks */,
				3FA180142C157A8A004176EA /* WebArchiver in Frameworks */,
			);
			runOnlyForDeploymentPostprocessing = 0;
		};
		3F1BBE292B8E1480005D533F /* Frameworks */ = {
			isa = PBXFrameworksBuildPhase;
			buildActionMask = 2147483647;
			files = (
			);
			runOnlyForDeploymentPostprocessing = 0;
		};
		3F1BBE332B8E1480005D533F /* Frameworks */ = {
			isa = PBXFrameworksBuildPhase;
			buildActionMask = 2147483647;
			files = (
			);
			runOnlyForDeploymentPostprocessing = 0;
		};
		ED0CBB422BF656B90056E6AA /* Frameworks */ = {
			isa = PBXFrameworksBuildPhase;
			buildActionMask = 2147483647;
			files = (
				EDB98C662D05E21700077661 /* Repositories in Frameworks */,
				EDB98C762D05E21800077661 /* Workflow in Frameworks */,
				EDB98C782D05E2E800077661 /* Swinject in Frameworks */,
				ED0CBB432BF656B90056E6AA /* protoc-gen-grpc-swift in Frameworks */,
				ED0CBB442BF656B90056E6AA /* GRPCReflectionService in Frameworks */,
				EDB98C702D05E21800077661 /* UseCase in Frameworks */,
				ED0CBB452BF656B90056E6AA /* SwiftyBeaver in Frameworks */,
				3F19E2092C14086700B84293 /* Reeeed in Frameworks */,
				ED0CBB482BF656B90056E6AA /* SwiftSoup in Frameworks */,
				ED0CBB492BF656B90056E6AA /* GRPC in Frameworks */,
				EDB98C722D05E21800077661 /* UseCaseProtocol in Frameworks */,
				EDB98C682D05E21700077661 /* DocumentRead in Frameworks */,
				EDB98C742D05E21800077661 /* GroupTable in Frameworks */,
				EDB98C6A2D05E21800077661 /* AppState in Frameworks */,
				3FCEC3CE2C314D41002D8662 /* FeedKit in Frameworks */,
				ED0CBB4A2BF656B90056E6AA /* CGRPCZlib in Frameworks */,
				EDB98C622D05E21700077661 /* NetworkCore in Frameworks */,
				EDB98C6E2D05E21800077661 /* RepositoryProtocol in Frameworks */,
				3F84C8CB2C146E29003DC6DA /* WebArchiver in Frameworks */,
				EDB98C6C2D05E21800077661 /* Entities in Frameworks */,
				EDB98C642D05E21700077661 /* NetworkExtension in Frameworks */,
			);
			runOnlyForDeploymentPostprocessing = 0;
		};
/* End PBXFrameworksBuildPhase section */

/* Begin PBXGroup section */
		3F071B9F2C29A26600F19C63 /* Toolbar */ = {
			isa = PBXGroup;
			children = (
				3F071BA02C29A27F00F19C63 /* NotificationView.swift */,
				3F071BA32C29A2CC00F19C63 /* BackgroundJobView.swift */,
			);
			path = Toolbar;
			sourceTree = "<group>";
		};
		3F1BBE102B8E147F005D533F = {
			isa = PBXGroup;
			children = (
				3FC54F062C948FB900803A1D /* Entry */,
				3FC54F022C948CF500803A1D /* Document */,
				3FC54F002C948C9200803A1D /* Workflow */,
				3FC54F082C948FF000803A1D /* Notify */,
				3FC54EF32C94874400803A1D /* Domain */,
				3FC54F032C948E4C00803A1D /* Data */,
				3FC54EF22C94870C00803A1D /* Styleguide */,
				3F1BBE1B2B8E147F005D533F /* basenana */,
				3F3711E02CA022D100098460 /* Frameworks */,
				3F1BBE1A2B8E147F005D533F /* Products */,
			);
			sourceTree = "<group>";
		};
		3F1BBE1A2B8E147F005D533F /* Products */ = {
			isa = PBXGroup;
			children = (
				3F1BBE192B8E147F005D533F /* Basenana.app */,
				3F1BBE2C2B8E1480005D533F /* basenanaTests.xctest */,
				3F1BBE362B8E1480005D533F /* basenanaUITests.xctest */,
				ED0CBB522BF656B90056E6AA /* basenana dev.app */,
			);
			name = Products;
			sourceTree = "<group>";
		};
		3F1BBE1B2B8E147F005D533F /* basenana */ = {
			isa = PBXGroup;
			children = (
				3F7A1E092CEE0ED500C2BDC8 /* Environment */,
				3F7A1E082CEE0A1A00C2BDC8 /* DI */,
				3F7A1DF02CEDB7BA00C2BDC8 /* macOS */,
				ED0CBB532BF656BA0056E6AA /* Info-dev.plist */,
				3F7444B82BE50DE900CC9C1E /* Info.plist */,
				3F1BBE1C2B8E147F005D533F /* basenanaApp.swift */,
				3F1BBE222B8E1480005D533F /* Assets.xcassets */,
				3F1BBE242B8E1480005D533F /* basenana.entitlements */,
				3F1BBE252B8E1480005D533F /* Preview Content */,
			);
			path = basenana;
			sourceTree = "<group>";
		};
		3F1BBE252B8E1480005D533F /* Preview Content */ = {
			isa = PBXGroup;
			children = (
				3F1BBE262B8E1480005D533F /* Preview Assets.xcassets */,
			);
			path = "Preview Content";
			sourceTree = "<group>";
		};
		3F3711E02CA022D100098460 /* Frameworks */ = {
			isa = PBXGroup;
			children = (
			);
			name = Frameworks;
			sourceTree = "<group>";
		};
		3F7A1DF02CEDB7BA00C2BDC8 /* macOS */ = {
			isa = PBXGroup;
			children = (
				3F7A1E022CEDCA2100C2BDC8 /* Content */,
				3F071B9F2C29A26600F19C63 /* Toolbar */,
				3F7A1E072CEE09A500C2BDC8 /* Setting */,
				3F7A1E062CEE099D00C2BDC8 /* Login */,
			);
			path = macOS;
			sourceTree = "<group>";
		};
		3F7A1E022CEDCA2100C2BDC8 /* Content */ = {
			isa = PBXGroup;
			children = (
				3F7A1DF12CEDB7C600C2BDC8 /* ContentView.swift */,
				3F317C4D2C2476C300F42D37 /* StackContentView.swift */,
			);
			path = Content;
			sourceTree = "<group>";
		};
		3F7A1E062CEE099D00C2BDC8 /* Login */ = {
			isa = PBXGroup;
			children = (
				3FAC06BB2C25BEC40067E7A5 /* LoginView.swift */,
			);
			path = Login;
			sourceTree = "<group>";
		};
		3F7A1E072CEE09A500C2BDC8 /* Setting */ = {
			isa = PBXGroup;
			children = (
				3F4A78E02BD299110035F90F /* SettingsView.swift */,
			);
			path = Setting;
			sourceTree = "<group>";
		};
		3F7A1E082CEE0A1A00C2BDC8 /* DI */ = {
			isa = PBXGroup;
			children = (
				3F7A1E032CEDCA5800C2BDC8 /* Container.swift */,
			);
			path = DI;
			sourceTree = "<group>";
		};
		3F7A1E092CEE0ED500C2BDC8 /* Environment */ = {
			isa = PBXGroup;
			children = (
				3F7A1E0A2CEE0EDE00C2BDC8 /* Environment.swift */,
			);
			path = Environment;
			sourceTree = "<group>";
		};
/* End PBXGroup section */

/* Begin PBXNativeTarget section */
		3F1BBE182B8E147F005D533F /* basenana */ = {
			isa = PBXNativeTarget;
			buildConfigurationList = 3F1BBE402B8E1480005D533F /* Build configuration list for PBXNativeTarget "basenana" */;
			buildPhases = (
				3F1BBE152B8E147F005D533F /* Sources */,
				3F1BBE162B8E147F005D533F /* Frameworks */,
				3F1BBE172B8E147F005D533F /* Resources */,
			);
			buildRules = (
			);
			dependencies = (
			);
			name = basenana;
			packageProductDependencies = (
				3FB782402BC1A82700327191 /* CGRPCZlib */,
				3FB782422BC1A82700327191 /* GRPC */,
				3FB782442BC1A82700327191 /* GRPCReflectionService */,
				3FB782482BC1A82700327191 /* protoc-gen-grpc-swift */,
				3F4A78DA2BCF7FFB0035F90F /* SwiftyBeaver */,
				3F7444B62BE3D1B000CC9C1E /* SwiftSoup */,
				3F19E20B2C140A6C00B84293 /* Reeeed */,
				3FA180132C157A8A004176EA /* WebArchiver */,
				3FB2AC752C2AFD80007E755B /* FeedKit */,
				3F7A1DEA2CECCFB000C2BDC8 /* DocumentRead */,
				3F7A1DEC2CECCFC300C2BDC8 /* GroupTable */,
				3F7A1DF52CEDB81B00C2BDC8 /* Factory */,
				3F7A1DF72CEDBC4400C2BDC8 /* NetworkCore */,
				3F7A1DF92CEDBC4400C2BDC8 /* NetworkExtension */,
				3F7A1DFB2CEDBC4400C2BDC8 /* Repositories */,
				3F7A1DFE2CEDC16D00C2BDC8 /* Swinject */,
				3F7A1E112CEF6A1000C2BDC8 /* SwiftUIMasonry */,
				3F9022AF2CEF7B9A0045A1E3 /* AppState */,
				3FCF70E92D05943F00571DF9 /* Workflow */,
			);
			productName = basenana;
			productReference = 3F1BBE192B8E147F005D533F /* Basenana.app */;
			productType = "com.apple.product-type.application";
		};
		3F1BBE2B2B8E1480005D533F /* basenanaTests */ = {
			isa = PBXNativeTarget;
			buildConfigurationList = 3F1BBE432B8E1480005D533F /* Build configuration list for PBXNativeTarget "basenanaTests" */;
			buildPhases = (
				3F1BBE282B8E1480005D533F /* Sources */,
				3F1BBE292B8E1480005D533F /* Frameworks */,
				3F1BBE2A2B8E1480005D533F /* Resources */,
			);
			buildRules = (
			);
			dependencies = (
				3F1BBE2E2B8E1480005D533F /* PBXTargetDependency */,
			);
			name = basenanaTests;
			productName = basenanaTests;
			productReference = 3F1BBE2C2B8E1480005D533F /* basenanaTests.xctest */;
			productType = "com.apple.product-type.bundle.unit-test";
		};
		3F1BBE352B8E1480005D533F /* basenanaUITests */ = {
			isa = PBXNativeTarget;
			buildConfigurationList = 3F1BBE462B8E1480005D533F /* Build configuration list for PBXNativeTarget "basenanaUITests" */;
			buildPhases = (
				3F1BBE322B8E1480005D533F /* Sources */,
				3F1BBE332B8E1480005D533F /* Frameworks */,
				3F1BBE342B8E1480005D533F /* Resources */,
			);
			buildRules = (
			);
			dependencies = (
				3F1BBE382B8E1480005D533F /* PBXTargetDependency */,
			);
			name = basenanaUITests;
			productName = basenanaUITests;
			productReference = 3F1BBE362B8E1480005D533F /* basenanaUITests.xctest */;
			productType = "com.apple.product-type.bundle.ui-testing";
		};
		ED0CBB122BF656B90056E6AA /* basenana dev */ = {
			isa = PBXNativeTarget;
			buildConfigurationList = ED0CBB4F2BF656B90056E6AA /* Build configuration list for PBXNativeTarget "basenana dev" */;
			buildPhases = (
				ED0CBB1F2BF656B90056E6AA /* Sources */,
				ED0CBB422BF656B90056E6AA /* Frameworks */,
				ED0CBB4B2BF656B90056E6AA /* Resources */,
			);
			buildRules = (
			);
			dependencies = (
			);
			name = "basenana dev";
			packageProductDependencies = (
				ED0CBB132BF656B90056E6AA /* CGRPCZlib */,
				ED0CBB152BF656B90056E6AA /* GRPC */,
				ED0CBB162BF656B90056E6AA /* GRPCReflectionService */,
				ED0CBB182BF656B90056E6AA /* protoc-gen-grpc-swift */,
				ED0CBB1B2BF656B90056E6AA /* SwiftyBeaver */,
				ED0CBB1D2BF656B90056E6AA /* SwiftSoup */,
				3F19E2082C14086700B84293 /* Reeeed */,
				3F84C8CA2C146E29003DC6DA /* WebArchiver */,
				3FCEC3CD2C314D41002D8662 /* FeedKit */,
				EDB98C612D05E21700077661 /* NetworkCore */,
				EDB98C632D05E21700077661 /* NetworkExtension */,
				EDB98C652D05E21700077661 /* Repositories */,
				EDB98C672D05E21700077661 /* DocumentRead */,
				EDB98C692D05E21800077661 /* AppState */,
				EDB98C6B2D05E21800077661 /* Entities */,
				EDB98C6D2D05E21800077661 /* RepositoryProtocol */,
				EDB98C6F2D05E21800077661 /* UseCase */,
				EDB98C712D05E21800077661 /* UseCaseProtocol */,
				EDB98C732D05E21800077661 /* GroupTable */,
				EDB98C752D05E21800077661 /* Workflow */,
				EDB98C772D05E2E800077661 /* Swinject */,
			);
			productName = basenana;
			productReference = ED0CBB522BF656B90056E6AA /* basenana dev.app */;
			productType = "com.apple.product-type.application";
		};
/* End PBXNativeTarget section */

/* Begin PBXProject section */
		3F1BBE112B8E147F005D533F /* Project object */ = {
			isa = PBXProject;
			attributes = {
				BuildIndependentTargetsInParallel = 1;
				LastSwiftUpdateCheck = 1520;
				LastUpgradeCheck = 1530;
				TargetAttributes = {
					3F1BBE182B8E147F005D533F = {
						CreatedOnToolsVersion = 15.2;
					};
					3F1BBE2B2B8E1480005D533F = {
						CreatedOnToolsVersion = 15.2;
						TestTargetID = 3F1BBE182B8E147F005D533F;
					};
					3F1BBE352B8E1480005D533F = {
						CreatedOnToolsVersion = 15.2;
						TestTargetID = 3F1BBE182B8E147F005D533F;
					};
				};
			};
			buildConfigurationList = 3F1BBE142B8E147F005D533F /* Build configuration list for PBXProject "basenana" */;
			compatibilityVersion = "Xcode 14.0";
			developmentRegion = en;
			hasScannedForEncodings = 0;
			knownRegions = (
				en,
				Base,
			);
			mainGroup = 3F1BBE102B8E147F005D533F;
			packageReferences = (
				3FB7823F2BC1A82700327191 /* XCRemoteSwiftPackageReference "grpc-swift" */,
				3F4A78D92BCF7FFB0035F90F /* XCRemoteSwiftPackageReference "SwiftyBeaver" */,
				3FDC2EA52BE3CC2C00344DF8 /* XCRemoteSwiftPackageReference "SwiftSoup" */,
				3F19E2072C14086700B84293 /* XCRemoteSwiftPackageReference "reeeed" */,
				3F84C8C92C146E29003DC6DA /* XCRemoteSwiftPackageReference "WebArchiver" */,
				3FB2AC742C2AFD80007E755B /* XCRemoteSwiftPackageReference "FeedKit" */,
				3F7A1DF42CEDB81B00C2BDC8 /* XCRemoteSwiftPackageReference "Factory" */,
				3F7A1DFD2CEDC16D00C2BDC8 /* XCRemoteSwiftPackageReference "Swinject" */,
				3F7A1E102CEF6A1000C2BDC8 /* XCRemoteSwiftPackageReference "SwiftUIMasonry" */,
			);
			productRefGroup = 3F1BBE1A2B8E147F005D533F /* Products */;
			projectDirPath = "";
			projectRoot = "";
			targets = (
				3F1BBE182B8E147F005D533F /* basenana */,
				3F1BBE2B2B8E1480005D533F /* basenanaTests */,
				3F1BBE352B8E1480005D533F /* basenanaUITests */,
				ED0CBB122BF656B90056E6AA /* basenana dev */,
			);
		};
/* End PBXProject section */

/* Begin PBXResourcesBuildPhase section */
		3F1BBE172B8E147F005D533F /* Resources */ = {
			isa = PBXResourcesBuildPhase;
			buildActionMask = 2147483647;
			files = (
				3F1BBE272B8E1480005D533F /* Preview Assets.xcassets in Resources */,
				3F1BBE232B8E1480005D533F /* Assets.xcassets in Resources */,
			);
			runOnlyForDeploymentPostprocessing = 0;
		};
		3F1BBE2A2B8E1480005D533F /* Resources */ = {
			isa = PBXResourcesBuildPhase;
			buildActionMask = 2147483647;
			files = (
			);
			runOnlyForDeploymentPostprocessing = 0;
		};
		3F1BBE342B8E1480005D533F /* Resources */ = {
			isa = PBXResourcesBuildPhase;
			buildActionMask = 2147483647;
			files = (
			);
			runOnlyForDeploymentPostprocessing = 0;
		};
		ED0CBB4B2BF656B90056E6AA /* Resources */ = {
			isa = PBXResourcesBuildPhase;
			buildActionMask = 2147483647;
			files = (
				ED0CBB4C2BF656B90056E6AA /* Preview Assets.xcassets in Resources */,
				3FC54F052C948E4C00803A1D /* Data in Resources */,
				ED0CBB4D2BF656B90056E6AA /* Assets.xcassets in Resources */,
			);
			runOnlyForDeploymentPostprocessing = 0;
		};
/* End PBXResourcesBuildPhase section */

/* Begin PBXSourcesBuildPhase section */
		3F1BBE152B8E147F005D533F /* Sources */ = {
			isa = PBXSourcesBuildPhase;
			buildActionMask = 2147483647;
			files = (
				3F7A1E042CEDCA5800C2BDC8 /* Container.swift in Sources */,
				3F317C4E2C2476C300F42D37 /* StackContentView.swift in Sources */,
				3F071BA42C29A2CC00F19C63 /* BackgroundJobView.swift in Sources */,
				3FAC06BC2C25BEC40067E7A5 /* LoginView.swift in Sources */,
				3F7A1DF22CEDB7C900C2BDC8 /* ContentView.swift in Sources */,
				3F7A1E0B2CEE0EDF00C2BDC8 /* Environment.swift in Sources */,
				3F071BA12C29A27F00F19C63 /* NotificationView.swift in Sources */,
				3F4A78E12BD299110035F90F /* SettingsView.swift in Sources */,
				3F1BBE1D2B8E147F005D533F /* basenanaApp.swift in Sources */,
			);
			runOnlyForDeploymentPostprocessing = 0;
		};
		3F1BBE282B8E1480005D533F /* Sources */ = {
			isa = PBXSourcesBuildPhase;
			buildActionMask = 2147483647;
			files = (
			);
			runOnlyForDeploymentPostprocessing = 0;
		};
		3F1BBE322B8E1480005D533F /* Sources */ = {
			isa = PBXSourcesBuildPhase;
			buildActionMask = 2147483647;
			files = (
			);
			runOnlyForDeploymentPostprocessing = 0;
		};
		ED0CBB1F2BF656B90056E6AA /* Sources */ = {
			isa = PBXSourcesBuildPhase;
			buildActionMask = 2147483647;
			files = (
				3FAC06BD2C25BEC40067E7A5 /* LoginView.swift in Sources */,
				3F7A1E0C2CEE0EDF00C2BDC8 /* Environment.swift in Sources */,
				3F7A1E052CEDCA5800C2BDC8 /* Container.swift in Sources */,
				3F071BA52C29A2CC00F19C63 /* BackgroundJobView.swift in Sources */,
				3F071BA22C29A27F00F19C63 /* NotificationView.swift in Sources */,
				ED0CBB3C2BF656B90056E6AA /* SettingsView.swift in Sources */,
				3F317C4F2C2476C300F42D37 /* StackContentView.swift in Sources */,
				ED0CBB3D2BF656B90056E6AA /* basenanaApp.swift in Sources */,
				3F7A1DF32CEDB7C900C2BDC8 /* ContentView.swift in Sources */,
			);
			runOnlyForDeploymentPostprocessing = 0;
		};
/* End PBXSourcesBuildPhase section */

/* Begin PBXTargetDependency section */
		3F1BBE2E2B8E1480005D533F /* PBXTargetDependency */ = {
			isa = PBXTargetDependency;
			target = 3F1BBE182B8E147F005D533F /* basenana */;
			targetProxy = 3F1BBE2D2B8E1480005D533F /* PBXContainerItemProxy */;
		};
		3F1BBE382B8E1480005D533F /* PBXTargetDependency */ = {
			isa = PBXTargetDependency;
			target = 3F1BBE182B8E147F005D533F /* basenana */;
			targetProxy = 3F1BBE372B8E1480005D533F /* PBXContainerItemProxy */;
		};
/* End PBXTargetDependency section */

/* Begin XCBuildConfiguration section */
		3F1BBE3E2B8E1480005D533F /* Debug */ = {
			isa = XCBuildConfiguration;
			buildSettings = {
				ALWAYS_SEARCH_USER_PATHS = NO;
				ASSETCATALOG_COMPILER_GENERATE_SWIFT_ASSET_SYMBOL_EXTENSIONS = YES;
				CLANG_ANALYZER_NONNULL = YES;
				CLANG_ANALYZER_NUMBER_OBJECT_CONVERSION = YES_AGGRESSIVE;
				CLANG_CXX_LANGUAGE_STANDARD = "gnu++20";
				CLANG_ENABLE_MODULES = YES;
				CLANG_ENABLE_OBJC_ARC = YES;
				CLANG_ENABLE_OBJC_WEAK = YES;
				CLANG_WARN_BLOCK_CAPTURE_AUTORELEASING = YES;
				CLANG_WARN_BOOL_CONVERSION = YES;
				CLANG_WARN_COMMA = YES;
				CLANG_WARN_CONSTANT_CONVERSION = YES;
				CLANG_WARN_DEPRECATED_OBJC_IMPLEMENTATIONS = YES;
				CLANG_WARN_DIRECT_OBJC_ISA_USAGE = YES_ERROR;
				CLANG_WARN_DOCUMENTATION_COMMENTS = YES;
				CLANG_WARN_EMPTY_BODY = YES;
				CLANG_WARN_ENUM_CONVERSION = YES;
				CLANG_WARN_INFINITE_RECURSION = YES;
				CLANG_WARN_INT_CONVERSION = YES;
				CLANG_WARN_NON_LITERAL_NULL_CONVERSION = YES;
				CLANG_WARN_OBJC_IMPLICIT_RETAIN_SELF = YES;
				CLANG_WARN_OBJC_LITERAL_CONVERSION = YES;
				CLANG_WARN_OBJC_ROOT_CLASS = YES_ERROR;
				CLANG_WARN_QUOTED_INCLUDE_IN_FRAMEWORK_HEADER = YES;
				CLANG_WARN_RANGE_LOOP_ANALYSIS = YES;
				CLANG_WARN_STRICT_PROTOTYPES = YES;
				CLANG_WARN_SUSPICIOUS_MOVE = YES;
				CLANG_WARN_UNGUARDED_AVAILABILITY = YES_AGGRESSIVE;
				CLANG_WARN_UNREACHABLE_CODE = YES;
				CLANG_WARN__DUPLICATE_METHOD_MATCH = YES;
				COPY_PHASE_STRIP = NO;
				DEAD_CODE_STRIPPING = YES;
				DEBUG_INFORMATION_FORMAT = dwarf;
				ENABLE_STRICT_OBJC_MSGSEND = YES;
				ENABLE_TESTABILITY = YES;
				ENABLE_USER_SCRIPT_SANDBOXING = YES;
				GCC_C_LANGUAGE_STANDARD = gnu17;
				GCC_DYNAMIC_NO_PIC = NO;
				GCC_NO_COMMON_BLOCKS = YES;
				GCC_OPTIMIZATION_LEVEL = 0;
				GCC_PREPROCESSOR_DEFINITIONS = (
					"DEBUG=1",
					"$(inherited)",
				);
				GCC_WARN_64_TO_32_BIT_CONVERSION = YES;
				GCC_WARN_ABOUT_RETURN_TYPE = YES_ERROR;
				GCC_WARN_UNDECLARED_SELECTOR = YES;
				GCC_WARN_UNINITIALIZED_AUTOS = YES_AGGRESSIVE;
				GCC_WARN_UNUSED_FUNCTION = YES;
				GCC_WARN_UNUSED_VARIABLE = YES;
				LOCALIZATION_PREFERS_STRING_CATALOGS = YES;
				MTL_ENABLE_DEBUG_INFO = INCLUDE_SOURCE;
				MTL_FAST_MATH = YES;
				ONLY_ACTIVE_ARCH = YES;
				SWIFT_ACTIVE_COMPILATION_CONDITIONS = "DEBUG $(inherited)";
				SWIFT_OPTIMIZATION_LEVEL = "-Onone";
			};
			name = Debug;
		};
		3F1BBE3F2B8E1480005D533F /* Release */ = {
			isa = XCBuildConfiguration;
			buildSettings = {
				ALWAYS_SEARCH_USER_PATHS = NO;
				ASSETCATALOG_COMPILER_GENERATE_SWIFT_ASSET_SYMBOL_EXTENSIONS = YES;
				CLANG_ANALYZER_NONNULL = YES;
				CLANG_ANALYZER_NUMBER_OBJECT_CONVERSION = YES_AGGRESSIVE;
				CLANG_CXX_LANGUAGE_STANDARD = "gnu++20";
				CLANG_ENABLE_MODULES = YES;
				CLANG_ENABLE_OBJC_ARC = YES;
				CLANG_ENABLE_OBJC_WEAK = YES;
				CLANG_WARN_BLOCK_CAPTURE_AUTORELEASING = YES;
				CLANG_WARN_BOOL_CONVERSION = YES;
				CLANG_WARN_COMMA = YES;
				CLANG_WARN_CONSTANT_CONVERSION = YES;
				CLANG_WARN_DEPRECATED_OBJC_IMPLEMENTATIONS = YES;
				CLANG_WARN_DIRECT_OBJC_ISA_USAGE = YES_ERROR;
				CLANG_WARN_DOCUMENTATION_COMMENTS = YES;
				CLANG_WARN_EMPTY_BODY = YES;
				CLANG_WARN_ENUM_CONVERSION = YES;
				CLANG_WARN_INFINITE_RECURSION = YES;
				CLANG_WARN_INT_CONVERSION = YES;
				CLANG_WARN_NON_LITERAL_NULL_CONVERSION = YES;
				CLANG_WARN_OBJC_IMPLICIT_RETAIN_SELF = YES;
				CLANG_WARN_OBJC_LITERAL_CONVERSION = YES;
				CLANG_WARN_OBJC_ROOT_CLASS = YES_ERROR;
				CLANG_WARN_QUOTED_INCLUDE_IN_FRAMEWORK_HEADER = YES;
				CLANG_WARN_RANGE_LOOP_ANALYSIS = YES;
				CLANG_WARN_STRICT_PROTOTYPES = YES;
				CLANG_WARN_SUSPICIOUS_MOVE = YES;
				CLANG_WARN_UNGUARDED_AVAILABILITY = YES_AGGRESSIVE;
				CLANG_WARN_UNREACHABLE_CODE = YES;
				CLANG_WARN__DUPLICATE_METHOD_MATCH = YES;
				COPY_PHASE_STRIP = NO;
				DEAD_CODE_STRIPPING = YES;
				DEBUG_INFORMATION_FORMAT = "dwarf-with-dsym";
				ENABLE_NS_ASSERTIONS = NO;
				ENABLE_STRICT_OBJC_MSGSEND = YES;
				ENABLE_USER_SCRIPT_SANDBOXING = YES;
				GCC_C_LANGUAGE_STANDARD = gnu17;
				GCC_NO_COMMON_BLOCKS = YES;
				GCC_WARN_64_TO_32_BIT_CONVERSION = YES;
				GCC_WARN_ABOUT_RETURN_TYPE = YES_ERROR;
				GCC_WARN_UNDECLARED_SELECTOR = YES;
				GCC_WARN_UNINITIALIZED_AUTOS = YES_AGGRESSIVE;
				GCC_WARN_UNUSED_FUNCTION = YES;
				GCC_WARN_UNUSED_VARIABLE = YES;
				LOCALIZATION_PREFERS_STRING_CATALOGS = YES;
				MTL_ENABLE_DEBUG_INFO = NO;
				MTL_FAST_MATH = YES;
				SWIFT_COMPILATION_MODE = wholemodule;
			};
			name = Release;
		};
		3F1BBE412B8E1480005D533F /* Debug */ = {
			isa = XCBuildConfiguration;
			buildSettings = {
				ASSETCATALOG_COMPILER_APPICON_NAME = AppIcon;
				ASSETCATALOG_COMPILER_GLOBAL_ACCENT_COLOR_NAME = AccentColor;
				CODE_SIGN_ENTITLEMENTS = basenana/basenana.entitlements;
				CODE_SIGN_STYLE = Automatic;
				CURRENT_PROJECT_VERSION = 1;
				DEAD_CODE_STRIPPING = YES;
				DEVELOPMENT_ASSET_PATHS = "\"basenana/Preview Content\"";
				ENABLE_PREVIEWS = YES;
				GENERATE_INFOPLIST_FILE = YES;
				INFOPLIST_FILE = basenana/Info.plist;
				"INFOPLIST_KEY_UIApplicationSceneManifest_Generation[sdk=iphoneos*]" = YES;
				"INFOPLIST_KEY_UIApplicationSceneManifest_Generation[sdk=iphonesimulator*]" = YES;
				"INFOPLIST_KEY_UIApplicationSupportsIndirectInputEvents[sdk=iphoneos*]" = YES;
				"INFOPLIST_KEY_UIApplicationSupportsIndirectInputEvents[sdk=iphonesimulator*]" = YES;
				"INFOPLIST_KEY_UILaunchScreen_Generation[sdk=iphoneos*]" = YES;
				"INFOPLIST_KEY_UILaunchScreen_Generation[sdk=iphonesimulator*]" = YES;
				"INFOPLIST_KEY_UIStatusBarStyle[sdk=iphoneos*]" = UIStatusBarStyleDefault;
				"INFOPLIST_KEY_UIStatusBarStyle[sdk=iphonesimulator*]" = UIStatusBarStyleDefault;
				INFOPLIST_KEY_UISupportedInterfaceOrientations_iPad = "UIInterfaceOrientationPortrait UIInterfaceOrientationPortraitUpsideDown UIInterfaceOrientationLandscapeLeft UIInterfaceOrientationLandscapeRight";
				INFOPLIST_KEY_UISupportedInterfaceOrientations_iPhone = "UIInterfaceOrientationPortrait UIInterfaceOrientationLandscapeLeft UIInterfaceOrientationLandscapeRight";
				IPHONEOS_DEPLOYMENT_TARGET = 17.2;
				LD_RUNPATH_SEARCH_PATHS = "@executable_path/Frameworks";
				"LD_RUNPATH_SEARCH_PATHS[sdk=macosx*]" = "@executable_path/../Frameworks";
				MACOSX_DEPLOYMENT_TARGET = 14.6;
				MARKETING_VERSION = 1.0;
				OTHER_SWIFT_FLAGS = "";
				PRODUCT_BUNDLE_IDENTIFIER = org.basenana.app.basenana;
				PRODUCT_NAME = Basenana;
				SDKROOT = auto;
				SUPPORTED_PLATFORMS = "iphoneos iphonesimulator macosx";
				SWIFT_EMIT_LOC_STRINGS = YES;
				SWIFT_VERSION = 5.0;
				TARGETED_DEVICE_FAMILY = "1,2";
			};
			name = Debug;
		};
		3F1BBE422B8E1480005D533F /* Release */ = {
			isa = XCBuildConfiguration;
			buildSettings = {
				ASSETCATALOG_COMPILER_APPICON_NAME = AppIcon;
				ASSETCATALOG_COMPILER_GLOBAL_ACCENT_COLOR_NAME = AccentColor;
				CODE_SIGN_ENTITLEMENTS = basenana/basenana.entitlements;
				CODE_SIGN_STYLE = Automatic;
				CURRENT_PROJECT_VERSION = 1;
				DEAD_CODE_STRIPPING = YES;
				DEVELOPMENT_ASSET_PATHS = "\"basenana/Preview Content\"";
				ENABLE_PREVIEWS = YES;
				GENERATE_INFOPLIST_FILE = YES;
				INFOPLIST_FILE = basenana/Info.plist;
				"INFOPLIST_KEY_UIApplicationSceneManifest_Generation[sdk=iphoneos*]" = YES;
				"INFOPLIST_KEY_UIApplicationSceneManifest_Generation[sdk=iphonesimulator*]" = YES;
				"INFOPLIST_KEY_UIApplicationSupportsIndirectInputEvents[sdk=iphoneos*]" = YES;
				"INFOPLIST_KEY_UIApplicationSupportsIndirectInputEvents[sdk=iphonesimulator*]" = YES;
				"INFOPLIST_KEY_UILaunchScreen_Generation[sdk=iphoneos*]" = YES;
				"INFOPLIST_KEY_UILaunchScreen_Generation[sdk=iphonesimulator*]" = YES;
				"INFOPLIST_KEY_UIStatusBarStyle[sdk=iphoneos*]" = UIStatusBarStyleDefault;
				"INFOPLIST_KEY_UIStatusBarStyle[sdk=iphonesimulator*]" = UIStatusBarStyleDefault;
				INFOPLIST_KEY_UISupportedInterfaceOrientations_iPad = "UIInterfaceOrientationPortrait UIInterfaceOrientationPortraitUpsideDown UIInterfaceOrientationLandscapeLeft UIInterfaceOrientationLandscapeRight";
				INFOPLIST_KEY_UISupportedInterfaceOrientations_iPhone = "UIInterfaceOrientationPortrait UIInterfaceOrientationLandscapeLeft UIInterfaceOrientationLandscapeRight";
				IPHONEOS_DEPLOYMENT_TARGET = 17.2;
				LD_RUNPATH_SEARCH_PATHS = "@executable_path/Frameworks";
				"LD_RUNPATH_SEARCH_PATHS[sdk=macosx*]" = "@executable_path/../Frameworks";
				MACOSX_DEPLOYMENT_TARGET = 14.6;
				MARKETING_VERSION = 1.0;
				PRODUCT_BUNDLE_IDENTIFIER = org.basenana.app.basenana;
				PRODUCT_NAME = Basenana;
				SDKROOT = auto;
				SUPPORTED_PLATFORMS = "iphoneos iphonesimulator macosx";
				SWIFT_EMIT_LOC_STRINGS = YES;
				SWIFT_VERSION = 5.0;
				TARGETED_DEVICE_FAMILY = "1,2";
			};
			name = Release;
		};
		3F1BBE442B8E1480005D533F /* Debug */ = {
			isa = XCBuildConfiguration;
			buildSettings = {
				ALWAYS_EMBED_SWIFT_STANDARD_LIBRARIES = YES;
				BUNDLE_LOADER = "$(TEST_HOST)";
				CODE_SIGN_STYLE = Automatic;
				CURRENT_PROJECT_VERSION = 1;
				DEAD_CODE_STRIPPING = YES;
				GENERATE_INFOPLIST_FILE = YES;
				IPHONEOS_DEPLOYMENT_TARGET = 17.2;
				MACOSX_DEPLOYMENT_TARGET = 14.2;
				MARKETING_VERSION = 1.0;
				PRODUCT_BUNDLE_IDENTIFIER = org.basenana.app.basenanaTests;
				PRODUCT_NAME = "$(TARGET_NAME)";
				SDKROOT = auto;
				SUPPORTED_PLATFORMS = "iphoneos iphonesimulator macosx";
				SWIFT_EMIT_LOC_STRINGS = NO;
				SWIFT_VERSION = 5.0;
				TARGETED_DEVICE_FAMILY = "1,2";
				TEST_HOST = "$(BUILT_PRODUCTS_DIR)/basenana.app/$(BUNDLE_EXECUTABLE_FOLDER_PATH)/basenana";
			};
			name = Debug;
		};
		3F1BBE452B8E1480005D533F /* Release */ = {
			isa = XCBuildConfiguration;
			buildSettings = {
				ALWAYS_EMBED_SWIFT_STANDARD_LIBRARIES = YES;
				BUNDLE_LOADER = "$(TEST_HOST)";
				CODE_SIGN_STYLE = Automatic;
				CURRENT_PROJECT_VERSION = 1;
				DEAD_CODE_STRIPPING = YES;
				GENERATE_INFOPLIST_FILE = YES;
				IPHONEOS_DEPLOYMENT_TARGET = 17.2;
				MACOSX_DEPLOYMENT_TARGET = 14.2;
				MARKETING_VERSION = 1.0;
				PRODUCT_BUNDLE_IDENTIFIER = org.basenana.app.basenanaTests;
				PRODUCT_NAME = "$(TARGET_NAME)";
				SDKROOT = auto;
				SUPPORTED_PLATFORMS = "iphoneos iphonesimulator macosx";
				SWIFT_EMIT_LOC_STRINGS = NO;
				SWIFT_VERSION = 5.0;
				TARGETED_DEVICE_FAMILY = "1,2";
				TEST_HOST = "$(BUILT_PRODUCTS_DIR)/basenana.app/$(BUNDLE_EXECUTABLE_FOLDER_PATH)/basenana";
			};
			name = Release;
		};
		3F1BBE472B8E1480005D533F /* Debug */ = {
			isa = XCBuildConfiguration;
			buildSettings = {
				ALWAYS_EMBED_SWIFT_STANDARD_LIBRARIES = YES;
				CODE_SIGN_STYLE = Automatic;
				CURRENT_PROJECT_VERSION = 1;
				DEAD_CODE_STRIPPING = YES;
				GENERATE_INFOPLIST_FILE = YES;
				IPHONEOS_DEPLOYMENT_TARGET = 17.2;
				MACOSX_DEPLOYMENT_TARGET = 14.2;
				MARKETING_VERSION = 1.0;
				PRODUCT_BUNDLE_IDENTIFIER = org.basenana.app.basenanaUITests;
				PRODUCT_NAME = "$(TARGET_NAME)";
				SDKROOT = auto;
				SUPPORTED_PLATFORMS = "iphoneos iphonesimulator macosx";
				SWIFT_EMIT_LOC_STRINGS = NO;
				SWIFT_VERSION = 5.0;
				TARGETED_DEVICE_FAMILY = "1,2";
				TEST_TARGET_NAME = basenana;
			};
			name = Debug;
		};
		3F1BBE482B8E1480005D533F /* Release */ = {
			isa = XCBuildConfiguration;
			buildSettings = {
				ALWAYS_EMBED_SWIFT_STANDARD_LIBRARIES = YES;
				CODE_SIGN_STYLE = Automatic;
				CURRENT_PROJECT_VERSION = 1;
				DEAD_CODE_STRIPPING = YES;
				GENERATE_INFOPLIST_FILE = YES;
				IPHONEOS_DEPLOYMENT_TARGET = 17.2;
				MACOSX_DEPLOYMENT_TARGET = 14.2;
				MARKETING_VERSION = 1.0;
				PRODUCT_BUNDLE_IDENTIFIER = org.basenana.app.basenanaUITests;
				PRODUCT_NAME = "$(TARGET_NAME)";
				SDKROOT = auto;
				SUPPORTED_PLATFORMS = "iphoneos iphonesimulator macosx";
				SWIFT_EMIT_LOC_STRINGS = NO;
				SWIFT_VERSION = 5.0;
				TARGETED_DEVICE_FAMILY = "1,2";
				TEST_TARGET_NAME = basenana;
			};
			name = Release;
		};
		ED0CBB502BF656B90056E6AA /* Debug */ = {
			isa = XCBuildConfiguration;
			buildSettings = {
				ASSETCATALOG_COMPILER_APPICON_NAME = AppIcon;
				ASSETCATALOG_COMPILER_GLOBAL_ACCENT_COLOR_NAME = AccentColor;
				CODE_SIGN_ENTITLEMENTS = basenana/basenana.entitlements;
				CODE_SIGN_STYLE = Automatic;
				CURRENT_PROJECT_VERSION = 1;
				DEAD_CODE_STRIPPING = YES;
				DEVELOPMENT_ASSET_PATHS = "\"basenana/Preview Content\"";
				ENABLE_PREVIEWS = YES;
				GENERATE_INFOPLIST_FILE = YES;
				INFOPLIST_FILE = "Info-dev.plist";
				"INFOPLIST_KEY_UIApplicationSceneManifest_Generation[sdk=iphoneos*]" = YES;
				"INFOPLIST_KEY_UIApplicationSceneManifest_Generation[sdk=iphonesimulator*]" = YES;
				"INFOPLIST_KEY_UIApplicationSupportsIndirectInputEvents[sdk=iphoneos*]" = YES;
				"INFOPLIST_KEY_UIApplicationSupportsIndirectInputEvents[sdk=iphonesimulator*]" = YES;
				"INFOPLIST_KEY_UILaunchScreen_Generation[sdk=iphoneos*]" = YES;
				"INFOPLIST_KEY_UILaunchScreen_Generation[sdk=iphonesimulator*]" = YES;
				"INFOPLIST_KEY_UIStatusBarStyle[sdk=iphoneos*]" = UIStatusBarStyleDefault;
				"INFOPLIST_KEY_UIStatusBarStyle[sdk=iphonesimulator*]" = UIStatusBarStyleDefault;
				INFOPLIST_KEY_UISupportedInterfaceOrientations_iPad = "UIInterfaceOrientationPortrait UIInterfaceOrientationPortraitUpsideDown UIInterfaceOrientationLandscapeLeft UIInterfaceOrientationLandscapeRight";
				INFOPLIST_KEY_UISupportedInterfaceOrientations_iPhone = "UIInterfaceOrientationPortrait UIInterfaceOrientationLandscapeLeft UIInterfaceOrientationLandscapeRight";
				IPHONEOS_DEPLOYMENT_TARGET = 17.2;
				LD_RUNPATH_SEARCH_PATHS = "@executable_path/Frameworks";
				"LD_RUNPATH_SEARCH_PATHS[sdk=macosx*]" = "@executable_path/../Frameworks";
				MACOSX_DEPLOYMENT_TARGET = 14.0;
				MARKETING_VERSION = 1.0;
				OTHER_SWIFT_FLAGS = "";
				PRODUCT_BUNDLE_IDENTIFIER = org.basenana.app.basenana;
				"PRODUCT_BUNDLE_IDENTIFIER[sdk=iphoneos*]" = "org.basenana.app.basenana-dev";
				"PRODUCT_BUNDLE_IDENTIFIER[sdk=macosx*]" = "org.basenana.app.basenana-dev";
				PRODUCT_NAME = "$(TARGET_NAME)";
				SDKROOT = auto;
				SUPPORTED_PLATFORMS = "iphoneos iphonesimulator macosx";
				SWIFT_ACTIVE_COMPILATION_CONDITIONS = DEVELOPMENT;
				SWIFT_EMIT_LOC_STRINGS = YES;
				SWIFT_VERSION = 5.0;
				TARGETED_DEVICE_FAMILY = "1,2";
			};
			name = Debug;
		};
		ED0CBB512BF656B90056E6AA /* Release */ = {
			isa = XCBuildConfiguration;
			buildSettings = {
				ASSETCATALOG_COMPILER_APPICON_NAME = AppIcon;
				ASSETCATALOG_COMPILER_GLOBAL_ACCENT_COLOR_NAME = AccentColor;
				CODE_SIGN_ENTITLEMENTS = basenana/basenana.entitlements;
				CODE_SIGN_STYLE = Automatic;
				CURRENT_PROJECT_VERSION = 1;
				DEAD_CODE_STRIPPING = YES;
				DEVELOPMENT_ASSET_PATHS = "\"basenana/Preview Content\"";
				ENABLE_PREVIEWS = YES;
				GENERATE_INFOPLIST_FILE = YES;
				INFOPLIST_FILE = "Info-dev.plist";
				"INFOPLIST_KEY_UIApplicationSceneManifest_Generation[sdk=iphoneos*]" = YES;
				"INFOPLIST_KEY_UIApplicationSceneManifest_Generation[sdk=iphonesimulator*]" = YES;
				"INFOPLIST_KEY_UIApplicationSupportsIndirectInputEvents[sdk=iphoneos*]" = YES;
				"INFOPLIST_KEY_UIApplicationSupportsIndirectInputEvents[sdk=iphonesimulator*]" = YES;
				"INFOPLIST_KEY_UILaunchScreen_Generation[sdk=iphoneos*]" = YES;
				"INFOPLIST_KEY_UILaunchScreen_Generation[sdk=iphonesimulator*]" = YES;
				"INFOPLIST_KEY_UIStatusBarStyle[sdk=iphoneos*]" = UIStatusBarStyleDefault;
				"INFOPLIST_KEY_UIStatusBarStyle[sdk=iphonesimulator*]" = UIStatusBarStyleDefault;
				INFOPLIST_KEY_UISupportedInterfaceOrientations_iPad = "UIInterfaceOrientationPortrait UIInterfaceOrientationPortraitUpsideDown UIInterfaceOrientationLandscapeLeft UIInterfaceOrientationLandscapeRight";
				INFOPLIST_KEY_UISupportedInterfaceOrientations_iPhone = "UIInterfaceOrientationPortrait UIInterfaceOrientationLandscapeLeft UIInterfaceOrientationLandscapeRight";
				IPHONEOS_DEPLOYMENT_TARGET = 17.2;
				LD_RUNPATH_SEARCH_PATHS = "@executable_path/Frameworks";
				"LD_RUNPATH_SEARCH_PATHS[sdk=macosx*]" = "@executable_path/../Frameworks";
				MACOSX_DEPLOYMENT_TARGET = 14.0;
				MARKETING_VERSION = 1.0;
				PRODUCT_BUNDLE_IDENTIFIER = org.basenana.app.basenana;
				"PRODUCT_BUNDLE_IDENTIFIER[sdk=iphoneos*]" = "org.basenana.app.basenana-dev";
				"PRODUCT_BUNDLE_IDENTIFIER[sdk=macosx*]" = "org.basenana.app.basenana-dev";
				PRODUCT_NAME = "$(TARGET_NAME)";
				SDKROOT = auto;
				SUPPORTED_PLATFORMS = "iphoneos iphonesimulator macosx";
				SWIFT_ACTIVE_COMPILATION_CONDITIONS = DEVELOPMENT;
				SWIFT_EMIT_LOC_STRINGS = YES;
				SWIFT_VERSION = 5.0;
				TARGETED_DEVICE_FAMILY = "1,2";
			};
			name = Release;
		};
/* End XCBuildConfiguration section */

/* Begin XCConfigurationList section */
		3F1BBE142B8E147F005D533F /* Build configuration list for PBXProject "basenana" */ = {
			isa = XCConfigurationList;
			buildConfigurations = (
				3F1BBE3E2B8E1480005D533F /* Debug */,
				3F1BBE3F2B8E1480005D533F /* Release */,
			);
			defaultConfigurationIsVisible = 0;
			defaultConfigurationName = Release;
		};
		3F1BBE402B8E1480005D533F /* Build configuration list for PBXNativeTarget "basenana" */ = {
			isa = XCConfigurationList;
			buildConfigurations = (
				3F1BBE412B8E1480005D533F /* Debug */,
				3F1BBE422B8E1480005D533F /* Release */,
			);
			defaultConfigurationIsVisible = 0;
			defaultConfigurationName = Release;
		};
		3F1BBE432B8E1480005D533F /* Build configuration list for PBXNativeTarget "basenanaTests" */ = {
			isa = XCConfigurationList;
			buildConfigurations = (
				3F1BBE442B8E1480005D533F /* Debug */,
				3F1BBE452B8E1480005D533F /* Release */,
			);
			defaultConfigurationIsVisible = 0;
			defaultConfigurationName = Release;
		};
		3F1BBE462B8E1480005D533F /* Build configuration list for PBXNativeTarget "basenanaUITests" */ = {
			isa = XCConfigurationList;
			buildConfigurations = (
				3F1BBE472B8E1480005D533F /* Debug */,
				3F1BBE482B8E1480005D533F /* Release */,
			);
			defaultConfigurationIsVisible = 0;
			defaultConfigurationName = Release;
		};
		ED0CBB4F2BF656B90056E6AA /* Build configuration list for PBXNativeTarget "basenana dev" */ = {
			isa = XCConfigurationList;
			buildConfigurations = (
				ED0CBB502BF656B90056E6AA /* Debug */,
				ED0CBB512BF656B90056E6AA /* Release */,
			);
			defaultConfigurationIsVisible = 0;
			defaultConfigurationName = Release;
		};
/* End XCConfigurationList section */

/* Begin XCRemoteSwiftPackageReference section */
		3F19E2072C14086700B84293 /* XCRemoteSwiftPackageReference "reeeed" */ = {
			isa = XCRemoteSwiftPackageReference;
			repositoryURL = "https://github.com/nate-parrott/reeeed";
			requirement = {
				kind = upToNextMajorVersion;
				minimumVersion = 1.0.1;
			};
		};
		3F4A78D92BCF7FFB0035F90F /* XCRemoteSwiftPackageReference "SwiftyBeaver" */ = {
			isa = XCRemoteSwiftPackageReference;
			repositoryURL = "https://github.com/SwiftyBeaver/SwiftyBeaver.git";
			requirement = {
				kind = upToNextMajorVersion;
				minimumVersion = 2.0.1;
			};
		};
		3F7A1DF42CEDB81B00C2BDC8 /* XCRemoteSwiftPackageReference "Factory" */ = {
			isa = XCRemoteSwiftPackageReference;
			repositoryURL = "https://github.com/hmlongco/Factory";
			requirement = {
				kind = upToNextMajorVersion;
				minimumVersion = 2.4.1;
			};
		};
		3F7A1DFD2CEDC16D00C2BDC8 /* XCRemoteSwiftPackageReference "Swinject" */ = {
			isa = XCRemoteSwiftPackageReference;
			repositoryURL = "https://github.com/Swinject/Swinject.git";
			requirement = {
				kind = upToNextMajorVersion;
				minimumVersion = 2.9.1;
			};
		};
		3F7A1E102CEF6A1000C2BDC8 /* XCRemoteSwiftPackageReference "SwiftUIMasonry" */ = {
			isa = XCRemoteSwiftPackageReference;
			repositoryURL = "https://github.com/ciaranrobrien/SwiftUIMasonry";
			requirement = {
				branch = main;
				kind = branch;
			};
		};
		3F84C8C92C146E29003DC6DA /* XCRemoteSwiftPackageReference "WebArchiver" */ = {
			isa = XCRemoteSwiftPackageReference;
			repositoryURL = "https://github.com/hyponet/WebArchiver.git";
			requirement = {
				branch = master;
				kind = branch;
			};
		};
		3FB2AC742C2AFD80007E755B /* XCRemoteSwiftPackageReference "FeedKit" */ = {
			isa = XCRemoteSwiftPackageReference;
			repositoryURL = "https://github.com/nmdias/FeedKit.git";
			requirement = {
				kind = upToNextMajorVersion;
				minimumVersion = 9.1.2;
			};
		};
		3FB7823F2BC1A82700327191 /* XCRemoteSwiftPackageReference "grpc-swift" */ = {
			isa = XCRemoteSwiftPackageReference;
			repositoryURL = "https://github.com/grpc/grpc-swift";
			requirement = {
				kind = upToNextMajorVersion;
				minimumVersion = 1.22.0;
			};
		};
		3FDC2EA52BE3CC2C00344DF8 /* XCRemoteSwiftPackageReference "SwiftSoup" */ = {
			isa = XCRemoteSwiftPackageReference;
			repositoryURL = "https://github.com/scinfu/SwiftSoup.git";
			requirement = {
				kind = upToNextMajorVersion;
				minimumVersion = 2.7.2;
			};
		};
		ED0CBB142BF656B90056E6AA /* XCRemoteSwiftPackageReference "grpc-swift" */ = {
			isa = XCRemoteSwiftPackageReference;
			repositoryURL = "https://github.com/grpc/grpc-swift";
			requirement = {
				kind = upToNextMajorVersion;
				minimumVersion = 1.22.0;
			};
		};
		ED0CBB1C2BF656B90056E6AA /* XCRemoteSwiftPackageReference "SwiftyBeaver" */ = {
			isa = XCRemoteSwiftPackageReference;
			repositoryURL = "https://github.com/SwiftyBeaver/SwiftyBeaver.git";
			requirement = {
				kind = upToNextMajorVersion;
				minimumVersion = 2.0.1;
			};
		};
		ED0CBB1E2BF656B90056E6AA /* XCRemoteSwiftPackageReference "SwiftSoup" */ = {
			isa = XCRemoteSwiftPackageReference;
			repositoryURL = "https://github.com/scinfu/SwiftSoup.git";
			requirement = {
				kind = upToNextMajorVersion;
				minimumVersion = 2.7.2;
			};
		};
/* End XCRemoteSwiftPackageReference section */

/* Begin XCSwiftPackageProductDependency section */
		3F19E2082C14086700B84293 /* Reeeed */ = {
			isa = XCSwiftPackageProductDependency;
			package = 3F19E2072C14086700B84293 /* XCRemoteSwiftPackageReference "reeeed" */;
			productName = Reeeed;
		};
		3F19E20B2C140A6C00B84293 /* Reeeed */ = {
			isa = XCSwiftPackageProductDependency;
			package = 3F19E2072C14086700B84293 /* XCRemoteSwiftPackageReference "reeeed" */;
			productName = Reeeed;
		};
		3F4A78DA2BCF7FFB0035F90F /* SwiftyBeaver */ = {
			isa = XCSwiftPackageProductDependency;
			package = 3F4A78D92BCF7FFB0035F90F /* XCRemoteSwiftPackageReference "SwiftyBeaver" */;
			productName = SwiftyBeaver;
		};
		3F7444B62BE3D1B000CC9C1E /* SwiftSoup */ = {
			isa = XCSwiftPackageProductDependency;
			package = 3FDC2EA52BE3CC2C00344DF8 /* XCRemoteSwiftPackageReference "SwiftSoup" */;
			productName = SwiftSoup;
		};
		3F7A1DEA2CECCFB000C2BDC8 /* DocumentRead */ = {
			isa = XCSwiftPackageProductDependency;
			productName = DocumentRead;
		};
		3F7A1DEC2CECCFC300C2BDC8 /* GroupTable */ = {
			isa = XCSwiftPackageProductDependency;
			productName = GroupTable;
		};
		3F7A1DF52CEDB81B00C2BDC8 /* Factory */ = {
			isa = XCSwiftPackageProductDependency;
			package = 3F7A1DF42CEDB81B00C2BDC8 /* XCRemoteSwiftPackageReference "Factory" */;
			productName = Factory;
		};
		3F7A1DF72CEDBC4400C2BDC8 /* NetworkCore */ = {
			isa = XCSwiftPackageProductDependency;
			productName = NetworkCore;
		};
		3F7A1DF92CEDBC4400C2BDC8 /* NetworkExtension */ = {
			isa = XCSwiftPackageProductDependency;
			productName = NetworkExtension;
		};
		3F7A1DFB2CEDBC4400C2BDC8 /* Repositories */ = {
			isa = XCSwiftPackageProductDependency;
			productName = Repositories;
		};
		3F7A1DFE2CEDC16D00C2BDC8 /* Swinject */ = {
			isa = XCSwiftPackageProductDependency;
			package = 3F7A1DFD2CEDC16D00C2BDC8 /* XCRemoteSwiftPackageReference "Swinject" */;
			productName = Swinject;
		};
		3F7A1E112CEF6A1000C2BDC8 /* SwiftUIMasonry */ = {
			isa = XCSwiftPackageProductDependency;
			package = 3F7A1E102CEF6A1000C2BDC8 /* XCRemoteSwiftPackageReference "SwiftUIMasonry" */;
			productName = SwiftUIMasonry;
		};
		3F84C8CA2C146E29003DC6DA /* WebArchiver */ = {
			isa = XCSwiftPackageProductDependency;
			package = 3F84C8C92C146E29003DC6DA /* XCRemoteSwiftPackageReference "WebArchiver" */;
			productName = WebArchiver;
		};
		3F9022AF2CEF7B9A0045A1E3 /* AppState */ = {
			isa = XCSwiftPackageProductDependency;
			productName = AppState;
		};
		3FA180132C157A8A004176EA /* WebArchiver */ = {
			isa = XCSwiftPackageProductDependency;
			package = 3F84C8C92C146E29003DC6DA /* XCRemoteSwiftPackageReference "WebArchiver" */;
			productName = WebArchiver;
		};
		3FB2AC752C2AFD80007E755B /* FeedKit */ = {
			isa = XCSwiftPackageProductDependency;
			package = 3FB2AC742C2AFD80007E755B /* XCRemoteSwiftPackageReference "FeedKit" */;
			productName = FeedKit;
		};
		3FB782402BC1A82700327191 /* CGRPCZlib */ = {
			isa = XCSwiftPackageProductDependency;
			package = 3FB7823F2BC1A82700327191 /* XCRemoteSwiftPackageReference "grpc-swift" */;
			productName = CGRPCZlib;
		};
		3FB782422BC1A82700327191 /* GRPC */ = {
			isa = XCSwiftPackageProductDependency;
			package = 3FB7823F2BC1A82700327191 /* XCRemoteSwiftPackageReference "grpc-swift" */;
			productName = GRPC;
		};
		3FB782442BC1A82700327191 /* GRPCReflectionService */ = {
			isa = XCSwiftPackageProductDependency;
			package = 3FB7823F2BC1A82700327191 /* XCRemoteSwiftPackageReference "grpc-swift" */;
			productName = GRPCReflectionService;
		};
		3FB782482BC1A82700327191 /* protoc-gen-grpc-swift */ = {
			isa = XCSwiftPackageProductDependency;
			package = 3FB7823F2BC1A82700327191 /* XCRemoteSwiftPackageReference "grpc-swift" */;
			productName = "protoc-gen-grpc-swift";
		};
		3FCEC3CD2C314D41002D8662 /* FeedKit */ = {
			isa = XCSwiftPackageProductDependency;
			package = 3FB2AC742C2AFD80007E755B /* XCRemoteSwiftPackageReference "FeedKit" */;
			productName = FeedKit;
		};
		3FCF70E92D05943F00571DF9 /* Workflow */ = {
			isa = XCSwiftPackageProductDependency;
			productName = Workflow;
		};
		ED0CBB132BF656B90056E6AA /* CGRPCZlib */ = {
			isa = XCSwiftPackageProductDependency;
			package = ED0CBB142BF656B90056E6AA /* XCRemoteSwiftPackageReference "grpc-swift" */;
			productName = CGRPCZlib;
		};
		ED0CBB152BF656B90056E6AA /* GRPC */ = {
			isa = XCSwiftPackageProductDependency;
			package = ED0CBB142BF656B90056E6AA /* XCRemoteSwiftPackageReference "grpc-swift" */;
			productName = GRPC;
		};
		ED0CBB162BF656B90056E6AA /* GRPCReflectionService */ = {
			isa = XCSwiftPackageProductDependency;
			package = ED0CBB142BF656B90056E6AA /* XCRemoteSwiftPackageReference "grpc-swift" */;
			productName = GRPCReflectionService;
		};
		ED0CBB182BF656B90056E6AA /* protoc-gen-grpc-swift */ = {
			isa = XCSwiftPackageProductDependency;
			package = ED0CBB142BF656B90056E6AA /* XCRemoteSwiftPackageReference "grpc-swift" */;
			productName = "protoc-gen-grpc-swift";
		};
		ED0CBB1B2BF656B90056E6AA /* SwiftyBeaver */ = {
			isa = XCSwiftPackageProductDependency;
			package = ED0CBB1C2BF656B90056E6AA /* XCRemoteSwiftPackageReference "SwiftyBeaver" */;
			productName = SwiftyBeaver;
		};
		ED0CBB1D2BF656B90056E6AA /* SwiftSoup */ = {
			isa = XCSwiftPackageProductDependency;
			package = ED0CBB1E2BF656B90056E6AA /* XCRemoteSwiftPackageReference "SwiftSoup" */;
			productName = SwiftSoup;
		};
		EDB98C612D05E21700077661 /* NetworkCore */ = {
			isa = XCSwiftPackageProductDependency;
			productName = NetworkCore;
		};
		EDB98C632D05E21700077661 /* NetworkExtension */ = {
			isa = XCSwiftPackageProductDependency;
			productName = NetworkExtension;
		};
		EDB98C652D05E21700077661 /* Repositories */ = {
			isa = XCSwiftPackageProductDependency;
			productName = Repositories;
		};
		EDB98C672D05E21700077661 /* DocumentRead */ = {
			isa = XCSwiftPackageProductDependency;
			productName = DocumentRead;
		};
		EDB98C692D05E21800077661 /* AppState */ = {
			isa = XCSwiftPackageProductDependency;
			productName = AppState;
		};
		EDB98C6B2D05E21800077661 /* Entities */ = {
			isa = XCSwiftPackageProductDependency;
			productName = Entities;
		};
		EDB98C6D2D05E21800077661 /* RepositoryProtocol */ = {
			isa = XCSwiftPackageProductDependency;
			productName = RepositoryProtocol;
		};
		EDB98C6F2D05E21800077661 /* UseCase */ = {
			isa = XCSwiftPackageProductDependency;
			productName = UseCase;
		};
		EDB98C712D05E21800077661 /* UseCaseProtocol */ = {
			isa = XCSwiftPackageProductDependency;
			productName = UseCaseProtocol;
		};
		EDB98C732D05E21800077661 /* GroupTable */ = {
			isa = XCSwiftPackageProductDependency;
			productName = GroupTable;
		};
		EDB98C752D05E21800077661 /* Workflow */ = {
			isa = XCSwiftPackageProductDependency;
			productName = Workflow;
		};
		EDB98C772D05E2E800077661 /* Swinject */ = {
			isa = XCSwiftPackageProductDependency;
			package = 3F7A1DFD2CEDC16D00C2BDC8 /* XCRemoteSwiftPackageReference "Swinject" */;
			productName = Swinject;
		};
/* End XCSwiftPackageProductDependency section */
	};
	rootObject = 3F1BBE112B8E147F005D533F /* Project object */;
}
