// !$*UTF8*$!
{
	archiveVersion = 1;
	classes = {
	};
	objectVersion = 56;
	objects = {

/* Begin PBXBuildFile section */
		3F0AEC762BA48EC7000DA928 /* GroupService.swift in Sources */ = {isa = PBXBuildFile; fileRef = 3F0AEC752BA48EC7000DA928 /* GroupService.swift */; };
		3F19E2092C14086700B84293 /* Reeeed in Frameworks */ = {isa = PBXBuildFile; productRef = 3F19E2082C14086700B84293 /* Reeeed */; };
		3F19E20C2C140A6C00B84293 /* Reeeed in Frameworks */ = {isa = PBXBuildFile; productRef = 3F19E20B2C140A6C00B84293 /* Reeeed */; };
		3F1BBE1D2B8E147F005D533F /* basenanaApp.swift in Sources */ = {isa = PBXBuildFile; fileRef = 3F1BBE1C2B8E147F005D533F /* basenanaApp.swift */; };
		3F1BBE232B8E1480005D533F /* Assets.xcassets in Resources */ = {isa = PBXBuildFile; fileRef = 3F1BBE222B8E1480005D533F /* Assets.xcassets */; };
		3F1BBE272B8E1480005D533F /* Preview Assets.xcassets in Resources */ = {isa = PBXBuildFile; fileRef = 3F1BBE262B8E1480005D533F /* Preview Assets.xcassets */; };
		3F1BBE312B8E1480005D533F /* basenanaTests.swift in Sources */ = {isa = PBXBuildFile; fileRef = 3F1BBE302B8E1480005D533F /* basenanaTests.swift */; };
		3F1BBE3B2B8E1480005D533F /* basenanaUITests.swift in Sources */ = {isa = PBXBuildFile; fileRef = 3F1BBE3A2B8E1480005D533F /* basenanaUITests.swift */; };
		3F1BBE3D2B8E1480005D533F /* basenanaUITestsLaunchTests.swift in Sources */ = {isa = PBXBuildFile; fileRef = 3F1BBE3C2B8E1480005D533F /* basenanaUITestsLaunchTests.swift */; };
		3F1BBE4F2B90C4D5005D533F /* SidebarView.swift in Sources */ = {isa = PBXBuildFile; fileRef = 3F1BBE4E2B90C4D5005D533F /* SidebarView.swift */; };
		3F1BBE572B90CD59005D533F /* EntryModel.swift in Sources */ = {isa = PBXBuildFile; fileRef = 3F1BBE562B90CD59005D533F /* EntryModel.swift */; };
		3F1BBE592B932251005D533F /* GroupView.swift in Sources */ = {isa = PBXBuildFile; fileRef = 3F1BBE582B932251005D533F /* GroupView.swift */; };
		3F1BBE5E2B93664E005D533F /* HTMLStringView.swift in Sources */ = {isa = PBXBuildFile; fileRef = 3F1BBE5D2B93664E005D533F /* HTMLStringView.swift */; };
		3F1BBE602B94BAF9005D533F /* QuickInboxView.swift in Sources */ = {isa = PBXBuildFile; fileRef = 3F1BBE5F2B94BAF9005D533F /* QuickInboxView.swift */; };
		3F2CB97D2B9A02B600ADDDED /* EntryService.swift in Sources */ = {isa = PBXBuildFile; fileRef = 3F2CB97C2B9A02B600ADDDED /* EntryService.swift */; };
		3F317C1D2C231ABB00F42D37 /* EnvironmentKey.swift in Sources */ = {isa = PBXBuildFile; fileRef = 3F317C1C2C231ABB00F42D37 /* EnvironmentKey.swift */; };
		3F317C1F2C231AD500F42D37 /* Debug.swift in Sources */ = {isa = PBXBuildFile; fileRef = 3F317C1E2C231AD500F42D37 /* Debug.swift */; };
		3F317C202C231AD500F42D37 /* Debug.swift in Sources */ = {isa = PBXBuildFile; fileRef = 3F317C1E2C231AD500F42D37 /* Debug.swift */; };
		3F317C262C231CF200F42D37 /* AppState.swift in Sources */ = {isa = PBXBuildFile; fileRef = 3F317C252C231CF200F42D37 /* AppState.swift */; };
		3F317C272C231CF200F42D37 /* AppState.swift in Sources */ = {isa = PBXBuildFile; fileRef = 3F317C252C231CF200F42D37 /* AppState.swift */; };
		3F317C292C231CFC00F42D37 /* Store.swift in Sources */ = {isa = PBXBuildFile; fileRef = 3F317C282C231CFC00F42D37 /* Store.swift */; };
		3F317C2A2C231CFC00F42D37 /* Store.swift in Sources */ = {isa = PBXBuildFile; fileRef = 3F317C282C231CFC00F42D37 /* Store.swift */; };
		3F317C2C2C231D1A00F42D37 /* AppAction.swift in Sources */ = {isa = PBXBuildFile; fileRef = 3F317C2B2C231D1A00F42D37 /* AppAction.swift */; };
		3F317C2D2C231D1A00F42D37 /* AppAction.swift in Sources */ = {isa = PBXBuildFile; fileRef = 3F317C2B2C231D1A00F42D37 /* AppAction.swift */; };
		3F317C2F2C231D2800F42D37 /* AppConfiguration.swift in Sources */ = {isa = PBXBuildFile; fileRef = 3F317C2E2C231D2800F42D37 /* AppConfiguration.swift */; };
		3F317C302C231D2800F42D37 /* AppConfiguration.swift in Sources */ = {isa = PBXBuildFile; fileRef = 3F317C2E2C231D2800F42D37 /* AppConfiguration.swift */; };
		3F317C322C231D3400F42D37 /* AppEnvironment.swift in Sources */ = {isa = PBXBuildFile; fileRef = 3F317C312C231D3400F42D37 /* AppEnvironment.swift */; };
		3F317C332C231D3400F42D37 /* AppEnvironment.swift in Sources */ = {isa = PBXBuildFile; fileRef = 3F317C312C231D3400F42D37 /* AppEnvironment.swift */; };
		3F317C352C231E8C00F42D37 /* Destination.swift in Sources */ = {isa = PBXBuildFile; fileRef = 3F317C342C231E8C00F42D37 /* Destination.swift */; };
		3F317C362C231E8C00F42D37 /* Destination.swift in Sources */ = {isa = PBXBuildFile; fileRef = 3F317C342C231E8C00F42D37 /* Destination.swift */; };
		3F317C392C23253900F42D37 /* Reducer.swift in Sources */ = {isa = PBXBuildFile; fileRef = 3F317C382C23253900F42D37 /* Reducer.swift */; };
		3F317C3A2C23253900F42D37 /* Reducer.swift in Sources */ = {isa = PBXBuildFile; fileRef = 3F317C382C23253900F42D37 /* Reducer.swift */; };
		3F317C3C2C232B4700F42D37 /* GroupModel.swift in Sources */ = {isa = PBXBuildFile; fileRef = 3F317C3B2C232B4700F42D37 /* GroupModel.swift */; };
		3F317C3D2C232B4700F42D37 /* GroupModel.swift in Sources */ = {isa = PBXBuildFile; fileRef = 3F317C3B2C232B4700F42D37 /* GroupModel.swift */; };
		3F317C3F2C2336E200F42D37 /* FsInfoModel.swift in Sources */ = {isa = PBXBuildFile; fileRef = 3F317C3E2C2336E200F42D37 /* FsInfoModel.swift */; };
		3F317C402C2336E200F42D37 /* FsInfoModel.swift in Sources */ = {isa = PBXBuildFile; fileRef = 3F317C3E2C2336E200F42D37 /* FsInfoModel.swift */; };
		3F317C422C244D7F00F42D37 /* AlertModel.swift in Sources */ = {isa = PBXBuildFile; fileRef = 3F317C412C244D7F00F42D37 /* AlertModel.swift */; };
		3F317C432C244D7F00F42D37 /* AlertModel.swift in Sources */ = {isa = PBXBuildFile; fileRef = 3F317C412C244D7F00F42D37 /* AlertModel.swift */; };
		3F317C452C24574B00F42D37 /* Mapping.swift in Sources */ = {isa = PBXBuildFile; fileRef = 3F317C442C24574B00F42D37 /* Mapping.swift */; };
		3F317C462C24574B00F42D37 /* Mapping.swift in Sources */ = {isa = PBXBuildFile; fileRef = 3F317C442C24574B00F42D37 /* Mapping.swift */; };
		3F317C482C2459BA00F42D37 /* Helper.swift in Sources */ = {isa = PBXBuildFile; fileRef = 3F317C472C2459BA00F42D37 /* Helper.swift */; };
		3F317C492C2459BA00F42D37 /* Helper.swift in Sources */ = {isa = PBXBuildFile; fileRef = 3F317C472C2459BA00F42D37 /* Helper.swift */; };
		3F317C4B2C24701000F42D37 /* Extension.swift in Sources */ = {isa = PBXBuildFile; fileRef = 3F317C4A2C24701000F42D37 /* Extension.swift */; };
		3F317C4C2C24701000F42D37 /* Extension.swift in Sources */ = {isa = PBXBuildFile; fileRef = 3F317C4A2C24701000F42D37 /* Extension.swift */; };
		3F317C4E2C2476C300F42D37 /* StackContentView.swift in Sources */ = {isa = PBXBuildFile; fileRef = 3F317C4D2C2476C300F42D37 /* StackContentView.swift */; };
		3F317C4F2C2476C300F42D37 /* StackContentView.swift in Sources */ = {isa = PBXBuildFile; fileRef = 3F317C4D2C2476C300F42D37 /* StackContentView.swift */; };
		3F4A78C82BC99D160035F90F /* SidebarGroupsView.swift in Sources */ = {isa = PBXBuildFile; fileRef = 3F4A78C72BC99D160035F90F /* SidebarGroupsView.swift */; };
		3F4A78CA2BC99D600035F90F /* SidebarButtonView.swift in Sources */ = {isa = PBXBuildFile; fileRef = 3F4A78C92BC99D600035F90F /* SidebarButtonView.swift */; };
		3F4A78CF2BCC2A660035F90F /* FsClientSet.swift in Sources */ = {isa = PBXBuildFile; fileRef = 3F4A78CE2BCC2A660035F90F /* FsClientSet.swift */; };
		3F4A78D42BCD82290035F90F /* GRDB in Frameworks */ = {isa = PBXBuildFile; productRef = 3F4A78D32BCD82290035F90F /* GRDB */; };
		3F4A78DB2BCF7FFB0035F90F /* SwiftyBeaver in Frameworks */ = {isa = PBXBuildFile; productRef = 3F4A78DA2BCF7FFB0035F90F /* SwiftyBeaver */; };
		3F4A78DD2BCF80080035F90F /* Logging.swift in Sources */ = {isa = PBXBuildFile; fileRef = 3F4A78DC2BCF80080035F90F /* Logging.swift */; };
		3F4A78E12BD299110035F90F /* SettingsView.swift in Sources */ = {isa = PBXBuildFile; fileRef = 3F4A78E02BD299110035F90F /* SettingsView.swift */; };
		3F7444B72BE3D1B000CC9C1E /* SwiftSoup in Frameworks */ = {isa = PBXBuildFile; productRef = 3F7444B62BE3D1B000CC9C1E /* SwiftSoup */; };
		3F7444B92BE50DE900CC9C1E /* Info.plist in Resources */ = {isa = PBXBuildFile; fileRef = 3F7444B82BE50DE900CC9C1E /* Info.plist */; };
		3F81C9C52BAF1A6D00FEE130 /* GroupViewModel.swift in Sources */ = {isa = PBXBuildFile; fileRef = 3F81C9C42BAF1A6D00FEE130 /* GroupViewModel.swift */; };
		3F81C9C72BAFCB8900FEE130 /* ContentView.swift in Sources */ = {isa = PBXBuildFile; fileRef = 3F81C9C62BAFCB8900FEE130 /* ContentView.swift */; };
		3F84C8CB2C146E29003DC6DA /* WebArchiver in Frameworks */ = {isa = PBXBuildFile; productRef = 3F84C8CA2C146E29003DC6DA /* WebArchiver */; };
		3FA180142C157A8A004176EA /* WebArchiver in Frameworks */ = {isa = PBXBuildFile; productRef = 3FA180132C157A8A004176EA /* WebArchiver */; };
		3FA180162C1DBFA1004176EA /* Service.swift in Sources */ = {isa = PBXBuildFile; fileRef = 3FA180152C1DBFA1004176EA /* Service.swift */; };
		3FA180172C1DBFA1004176EA /* Service.swift in Sources */ = {isa = PBXBuildFile; fileRef = 3FA180152C1DBFA1004176EA /* Service.swift */; };
		3FA594552C26C14300E303CE /* PropertyViewModel.swift in Sources */ = {isa = PBXBuildFile; fileRef = 3FA594542C26C14300E303CE /* PropertyViewModel.swift */; };
		3FA594562C26C14300E303CE /* PropertyViewModel.swift in Sources */ = {isa = PBXBuildFile; fileRef = 3FA594542C26C14300E303CE /* PropertyViewModel.swift */; };
		3FA594582C26CD9800E303CE /* Consistents.swift in Sources */ = {isa = PBXBuildFile; fileRef = 3FA594572C26CD9800E303CE /* Consistents.swift */; };
		3FA594592C26CD9800E303CE /* Consistents.swift in Sources */ = {isa = PBXBuildFile; fileRef = 3FA594572C26CD9800E303CE /* Consistents.swift */; };
		3FAC06BC2C25BEC40067E7A5 /* LoginView.swift in Sources */ = {isa = PBXBuildFile; fileRef = 3FAC06BB2C25BEC40067E7A5 /* LoginView.swift */; };
		3FAC06BD2C25BEC40067E7A5 /* LoginView.swift in Sources */ = {isa = PBXBuildFile; fileRef = 3FAC06BB2C25BEC40067E7A5 /* LoginView.swift */; };
		3FAC06C22C25DE050067E7A5 /* GroupTableView.swift in Sources */ = {isa = PBXBuildFile; fileRef = 3FAC06C12C25DE050067E7A5 /* GroupTableView.swift */; };
		3FAC06C32C25DE050067E7A5 /* GroupTableView.swift in Sources */ = {isa = PBXBuildFile; fileRef = 3FAC06C12C25DE050067E7A5 /* GroupTableView.swift */; };
		3FAC06C52C26727E0067E7A5 /* DocumentReaderViewModel.swift in Sources */ = {isa = PBXBuildFile; fileRef = 3FAC06C42C26727E0067E7A5 /* DocumentReaderViewModel.swift */; };
		3FAC06C62C26727E0067E7A5 /* DocumentReaderViewModel.swift in Sources */ = {isa = PBXBuildFile; fileRef = 3FAC06C42C26727E0067E7A5 /* DocumentReaderViewModel.swift */; };
		3FAC06C82C2675410067E7A5 /* DocumentListView.swift in Sources */ = {isa = PBXBuildFile; fileRef = 3FAC06C72C2675410067E7A5 /* DocumentListView.swift */; };
		3FAC06C92C2675410067E7A5 /* DocumentListView.swift in Sources */ = {isa = PBXBuildFile; fileRef = 3FAC06C72C2675410067E7A5 /* DocumentListView.swift */; };
		3FAC06CB2C268CF40067E7A5 /* DocumentMenuView.swift in Sources */ = {isa = PBXBuildFile; fileRef = 3FAC06CA2C268CF40067E7A5 /* DocumentMenuView.swift */; };
		3FAC06CC2C268CF40067E7A5 /* DocumentMenuView.swift in Sources */ = {isa = PBXBuildFile; fileRef = 3FAC06CA2C268CF40067E7A5 /* DocumentMenuView.swift */; };
		3FB782412BC1A82700327191 /* CGRPCZlib in Frameworks */ = {isa = PBXBuildFile; productRef = 3FB782402BC1A82700327191 /* CGRPCZlib */; };
		3FB782432BC1A82700327191 /* GRPC in Frameworks */ = {isa = PBXBuildFile; productRef = 3FB782422BC1A82700327191 /* GRPC */; };
		3FB782452BC1A82700327191 /* GRPCReflectionService in Frameworks */ = {isa = PBXBuildFile; productRef = 3FB782442BC1A82700327191 /* GRPCReflectionService */; };
		3FB782472BC1A82700327191 /* _GRPCCore in Frameworks */ = {isa = PBXBuildFile; productRef = 3FB782462BC1A82700327191 /* _GRPCCore */; };
		3FB782492BC1A82700327191 /* protoc-gen-grpc-swift in Frameworks */ = {isa = PBXBuildFile; productRef = 3FB782482BC1A82700327191 /* protoc-gen-grpc-swift */; };
		3FB782542BC2D0F600327191 /* fsapi-v1.grpc.swift in Sources */ = {isa = PBXBuildFile; fileRef = 3FB782502BC2D0F600327191 /* fsapi-v1.grpc.swift */; };
		3FB782552BC2D0F600327191 /* fsapi-v1.pb.swift in Sources */ = {isa = PBXBuildFile; fileRef = 3FB782512BC2D0F600327191 /* fsapi-v1.pb.swift */; };
		3FCE74B32C27D6C300C4E783 /* EnvironmentKey.swift in Sources */ = {isa = PBXBuildFile; fileRef = 3F317C1C2C231ABB00F42D37 /* EnvironmentKey.swift */; };
		3FDC2EA32BDCEEB200344DF8 /* IDHelper.swift in Sources */ = {isa = PBXBuildFile; fileRef = 3FDC2EA22BDCEEB200344DF8 /* IDHelper.swift */; };
		3FDC2EA72BE3CC8C00344DF8 /* HTMLParser.swift in Sources */ = {isa = PBXBuildFile; fileRef = 3FDC2EA62BE3CC8C00344DF8 /* HTMLParser.swift */; };
		ED079DC32C2705B4004F416B /* DialogueTitleView.swift in Sources */ = {isa = PBXBuildFile; fileRef = ED079DC22C2705B4004F416B /* DialogueTitleView.swift */; };
		ED079DC72C27FD43004F416B /* MessageListView.swift in Sources */ = {isa = PBXBuildFile; fileRef = ED079DC62C27FD43004F416B /* MessageListView.swift */; };
		ED079DC82C2800C7004F416B /* DialogueTitleView.swift in Sources */ = {isa = PBXBuildFile; fileRef = ED079DC22C2705B4004F416B /* DialogueTitleView.swift */; };
		ED079DC92C2800CA004F416B /* MessageListView.swift in Sources */ = {isa = PBXBuildFile; fileRef = ED079DC62C27FD43004F416B /* MessageListView.swift */; };
		ED079DCB2C28116F004F416B /* DialogueButtonView.swift in Sources */ = {isa = PBXBuildFile; fileRef = ED079DCA2C28116F004F416B /* DialogueButtonView.swift */; };
		ED079DCC2C281276004F416B /* DialogueButtonView.swift in Sources */ = {isa = PBXBuildFile; fileRef = ED079DCA2C28116F004F416B /* DialogueButtonView.swift */; };
		ED0CBB212BF656B90056E6AA /* IDHelper.swift in Sources */ = {isa = PBXBuildFile; fileRef = 3FDC2EA22BDCEEB200344DF8 /* IDHelper.swift */; };
		ED0CBB222BF656B90056E6AA /* DialogueView.swift in Sources */ = {isa = PBXBuildFile; fileRef = ED85A3BD2BBAB21A0040598E /* DialogueView.swift */; };
		ED0CBB242BF656B90056E6AA /* SidebarButtonView.swift in Sources */ = {isa = PBXBuildFile; fileRef = 3F4A78C92BC99D600035F90F /* SidebarButtonView.swift */; };
		ED0CBB252BF656B90056E6AA /* EntryModel.swift in Sources */ = {isa = PBXBuildFile; fileRef = 3F1BBE562B90CD59005D533F /* EntryModel.swift */; };
		ED0CBB262BF656B90056E6AA /* SidebarGroupsView.swift in Sources */ = {isa = PBXBuildFile; fileRef = 3F4A78C72BC99D160035F90F /* SidebarGroupsView.swift */; };
		ED0CBB272BF656B90056E6AA /* QuickInboxView.swift in Sources */ = {isa = PBXBuildFile; fileRef = 3F1BBE5F2B94BAF9005D533F /* QuickInboxView.swift */; };
		ED0CBB282BF656B90056E6AA /* Logging.swift in Sources */ = {isa = PBXBuildFile; fileRef = 3F4A78DC2BCF80080035F90F /* Logging.swift */; };
		ED0CBB2A2BF656B90056E6AA /* DialogueViewModel.swift in Sources */ = {isa = PBXBuildFile; fileRef = ED1D72CD2BD2BDAD006CF95F /* DialogueViewModel.swift */; };
		ED0CBB2B2BF656B90056E6AA /* EntryPropertyModel.swift in Sources */ = {isa = PBXBuildFile; fileRef = ED62B1742BE7D82A001AC523 /* EntryPropertyModel.swift */; };
		ED0CBB2C2BF656B90056E6AA /* HTMLStringView.swift in Sources */ = {isa = PBXBuildFile; fileRef = 3F1BBE5D2B93664E005D533F /* HTMLStringView.swift */; };
		ED0CBB2D2BF656B90056E6AA /* fsapi-v1.pb.swift in Sources */ = {isa = PBXBuildFile; fileRef = 3FB782512BC2D0F600327191 /* fsapi-v1.pb.swift */; };
		ED0CBB2E2BF656B90056E6AA /* GroupView.swift in Sources */ = {isa = PBXBuildFile; fileRef = 3F1BBE582B932251005D533F /* GroupView.swift */; };
		ED0CBB2F2BF656B90056E6AA /* DocumentModel.swift in Sources */ = {isa = PBXBuildFile; fileRef = ED917E772B9607BE004FCB9A /* DocumentModel.swift */; };
		ED0CBB302BF656B90056E6AA /* DialogueModel.swift in Sources */ = {isa = PBXBuildFile; fileRef = ED72603D2BC2E25D005F1166 /* DialogueModel.swift */; };
		ED0CBB322BF656B90056E6AA /* Assets.swift in Sources */ = {isa = PBXBuildFile; fileRef = EDEF16372BC8DD93000BC25C /* Assets.swift */; };
		ED0CBB332BF656B90056E6AA /* SidebarView.swift in Sources */ = {isa = PBXBuildFile; fileRef = 3F1BBE4E2B90C4D5005D533F /* SidebarView.swift */; };
		ED0CBB342BF656B90056E6AA /* HTMLParser.swift in Sources */ = {isa = PBXBuildFile; fileRef = 3FDC2EA62BE3CC8C00344DF8 /* HTMLParser.swift */; };
		ED0CBB352BF656B90056E6AA /* FsClientSet.swift in Sources */ = {isa = PBXBuildFile; fileRef = 3F4A78CE2BCC2A660035F90F /* FsClientSet.swift */; };
		ED0CBB372BF656B90056E6AA /* GroupViewModel.swift in Sources */ = {isa = PBXBuildFile; fileRef = 3F81C9C42BAF1A6D00FEE130 /* GroupViewModel.swift */; };
		ED0CBB382BF656B90056E6AA /* EntryService.swift in Sources */ = {isa = PBXBuildFile; fileRef = 3F2CB97C2B9A02B600ADDDED /* EntryService.swift */; };
		ED0CBB392BF656B90056E6AA /* GroupService.swift in Sources */ = {isa = PBXBuildFile; fileRef = 3F0AEC752BA48EC7000DA928 /* GroupService.swift */; };
		ED0CBB3A2BF656B90056E6AA /* fsapi-v1.grpc.swift in Sources */ = {isa = PBXBuildFile; fileRef = 3FB782502BC2D0F600327191 /* fsapi-v1.grpc.swift */; };
		ED0CBB3B2BF656B90056E6AA /* DocumentDetailView.swift in Sources */ = {isa = PBXBuildFile; fileRef = EDF504762BEB295700CB4B1C /* DocumentDetailView.swift */; };
		ED0CBB3C2BF656B90056E6AA /* SettingsView.swift in Sources */ = {isa = PBXBuildFile; fileRef = 3F4A78E02BD299110035F90F /* SettingsView.swift */; };
		ED0CBB3D2BF656B90056E6AA /* basenanaApp.swift in Sources */ = {isa = PBXBuildFile; fileRef = 3F1BBE1C2B8E147F005D533F /* basenanaApp.swift */; };
		ED0CBB3E2BF656B90056E6AA /* DocumentItemView.swift in Sources */ = {isa = PBXBuildFile; fileRef = ED85A3C22BBAB3BD0040598E /* DocumentItemView.swift */; };
		ED0CBB3F2BF656B90056E6AA /* ContentView.swift in Sources */ = {isa = PBXBuildFile; fileRef = 3F81C9C62BAFCB8900FEE130 /* ContentView.swift */; };
		ED0CBB432BF656B90056E6AA /* protoc-gen-grpc-swift in Frameworks */ = {isa = PBXBuildFile; productRef = ED0CBB182BF656B90056E6AA /* protoc-gen-grpc-swift */; };
		ED0CBB442BF656B90056E6AA /* GRPCReflectionService in Frameworks */ = {isa = PBXBuildFile; productRef = ED0CBB162BF656B90056E6AA /* GRPCReflectionService */; };
		ED0CBB452BF656B90056E6AA /* SwiftyBeaver in Frameworks */ = {isa = PBXBuildFile; productRef = ED0CBB1B2BF656B90056E6AA /* SwiftyBeaver */; };
		ED0CBB462BF656B90056E6AA /* _GRPCCore in Frameworks */ = {isa = PBXBuildFile; productRef = ED0CBB172BF656B90056E6AA /* _GRPCCore */; };
		ED0CBB472BF656B90056E6AA /* GRDB in Frameworks */ = {isa = PBXBuildFile; productRef = ED0CBB192BF656B90056E6AA /* GRDB */; };
		ED0CBB482BF656B90056E6AA /* SwiftSoup in Frameworks */ = {isa = PBXBuildFile; productRef = ED0CBB1D2BF656B90056E6AA /* SwiftSoup */; };
		ED0CBB492BF656B90056E6AA /* GRPC in Frameworks */ = {isa = PBXBuildFile; productRef = ED0CBB152BF656B90056E6AA /* GRPC */; };
		ED0CBB4A2BF656B90056E6AA /* CGRPCZlib in Frameworks */ = {isa = PBXBuildFile; productRef = ED0CBB132BF656B90056E6AA /* CGRPCZlib */; };
		ED0CBB4C2BF656B90056E6AA /* Preview Assets.xcassets in Resources */ = {isa = PBXBuildFile; fileRef = 3F1BBE262B8E1480005D533F /* Preview Assets.xcassets */; };
		ED0CBB4D2BF656B90056E6AA /* Assets.xcassets in Resources */ = {isa = PBXBuildFile; fileRef = 3F1BBE222B8E1480005D533F /* Assets.xcassets */; };
		ED1D72CE2BD2BDAD006CF95F /* DialogueViewModel.swift in Sources */ = {isa = PBXBuildFile; fileRef = ED1D72CD2BD2BDAD006CF95F /* DialogueViewModel.swift */; };
		ED2A0B432BFF1A2200CFF463 /* PageModel.swift in Sources */ = {isa = PBXBuildFile; fileRef = ED2A0B422BFF1A2200CFF463 /* PageModel.swift */; };
		ED2A0B442BFF1A5100CFF463 /* PageModel.swift in Sources */ = {isa = PBXBuildFile; fileRef = ED2A0B422BFF1A2200CFF463 /* PageModel.swift */; };
		ED54F0542C0D808700EE2C2E /* DocumentView.swift in Sources */ = {isa = PBXBuildFile; fileRef = ED54F0532C0D808700EE2C2E /* DocumentView.swift */; };
		ED54F0552C0D81C600EE2C2E /* DocumentView.swift in Sources */ = {isa = PBXBuildFile; fileRef = ED54F0532C0D808700EE2C2E /* DocumentView.swift */; };
		ED62B1752BE7D82A001AC523 /* EntryPropertyModel.swift in Sources */ = {isa = PBXBuildFile; fileRef = ED62B1742BE7D82A001AC523 /* EntryPropertyModel.swift */; };
		ED6B17162C0ED30F00FEABE6 /* GroupCreateView.swift in Sources */ = {isa = PBXBuildFile; fileRef = ED6B17152C0ED30F00FEABE6 /* GroupCreateView.swift */; };
		ED6B17172C0ED50800FEABE6 /* GroupCreateView.swift in Sources */ = {isa = PBXBuildFile; fileRef = ED6B17152C0ED30F00FEABE6 /* GroupCreateView.swift */; };
		ED72603E2BC2E25D005F1166 /* DialogueModel.swift in Sources */ = {isa = PBXBuildFile; fileRef = ED72603D2BC2E25D005F1166 /* DialogueModel.swift */; };
		ED85A3BE2BBAB21A0040598E /* DialogueView.swift in Sources */ = {isa = PBXBuildFile; fileRef = ED85A3BD2BBAB21A0040598E /* DialogueView.swift */; };
		ED85A3C32BBAB3BD0040598E /* DocumentItemView.swift in Sources */ = {isa = PBXBuildFile; fileRef = ED85A3C22BBAB3BD0040598E /* DocumentItemView.swift */; };
		ED917E782B9607BE004FCB9A /* DocumentModel.swift in Sources */ = {isa = PBXBuildFile; fileRef = ED917E772B9607BE004FCB9A /* DocumentModel.swift */; };
		EDC5AA7A2C06F738003B78AD /* MessageView.swift in Sources */ = {isa = PBXBuildFile; fileRef = EDC5AA792C06F738003B78AD /* MessageView.swift */; };
		EDC5AA822C06F92A003B78AD /* MessageView.swift in Sources */ = {isa = PBXBuildFile; fileRef = EDC5AA792C06F738003B78AD /* MessageView.swift */; };
		EDEF16382BC8DD93000BC25C /* Assets.swift in Sources */ = {isa = PBXBuildFile; fileRef = EDEF16372BC8DD93000BC25C /* Assets.swift */; };
		EDF504772BEB295700CB4B1C /* DocumentDetailView.swift in Sources */ = {isa = PBXBuildFile; fileRef = EDF504762BEB295700CB4B1C /* DocumentDetailView.swift */; };
/* End PBXBuildFile section */

/* Begin PBXContainerItemProxy section */
		3F1BBE2D2B8E1480005D533F /* PBXContainerItemProxy */ = {
			isa = PBXContainerItemProxy;
			containerPortal = 3F1BBE112B8E147F005D533F /* Project object */;
			proxyType = 1;
			remoteGlobalIDString = 3F1BBE182B8E147F005D533F;
			remoteInfo = basenana;
		};
		3F1BBE372B8E1480005D533F /* PBXContainerItemProxy */ = {
			isa = PBXContainerItemProxy;
			containerPortal = 3F1BBE112B8E147F005D533F /* Project object */;
			proxyType = 1;
			remoteGlobalIDString = 3F1BBE182B8E147F005D533F;
			remoteInfo = basenana;
		};
/* End PBXContainerItemProxy section */

/* Begin PBXFileReference section */
		3F0AEC752BA48EC7000DA928 /* GroupService.swift */ = {isa = PBXFileReference; lastKnownFileType = sourcecode.swift; path = GroupService.swift; sourceTree = "<group>"; };
		3F1BBE192B8E147F005D533F /* Basenana.app */ = {isa = PBXFileReference; explicitFileType = wrapper.application; includeInIndex = 0; path = Basenana.app; sourceTree = BUILT_PRODUCTS_DIR; };
		3F1BBE1C2B8E147F005D533F /* basenanaApp.swift */ = {isa = PBXFileReference; lastKnownFileType = sourcecode.swift; path = basenanaApp.swift; sourceTree = "<group>"; };
		3F1BBE222B8E1480005D533F /* Assets.xcassets */ = {isa = PBXFileReference; lastKnownFileType = folder.assetcatalog; path = Assets.xcassets; sourceTree = "<group>"; };
		3F1BBE242B8E1480005D533F /* basenana.entitlements */ = {isa = PBXFileReference; lastKnownFileType = text.plist.entitlements; path = basenana.entitlements; sourceTree = "<group>"; };
		3F1BBE262B8E1480005D533F /* Preview Assets.xcassets */ = {isa = PBXFileReference; lastKnownFileType = folder.assetcatalog; path = "Preview Assets.xcassets"; sourceTree = "<group>"; };
		3F1BBE2C2B8E1480005D533F /* basenanaTests.xctest */ = {isa = PBXFileReference; explicitFileType = wrapper.cfbundle; includeInIndex = 0; path = basenanaTests.xctest; sourceTree = BUILT_PRODUCTS_DIR; };
		3F1BBE302B8E1480005D533F /* basenanaTests.swift */ = {isa = PBXFileReference; lastKnownFileType = sourcecode.swift; path = basenanaTests.swift; sourceTree = "<group>"; };
		3F1BBE362B8E1480005D533F /* basenanaUITests.xctest */ = {isa = PBXFileReference; explicitFileType = wrapper.cfbundle; includeInIndex = 0; path = basenanaUITests.xctest; sourceTree = BUILT_PRODUCTS_DIR; };
		3F1BBE3A2B8E1480005D533F /* basenanaUITests.swift */ = {isa = PBXFileReference; lastKnownFileType = sourcecode.swift; path = basenanaUITests.swift; sourceTree = "<group>"; };
		3F1BBE3C2B8E1480005D533F /* basenanaUITestsLaunchTests.swift */ = {isa = PBXFileReference; lastKnownFileType = sourcecode.swift; path = basenanaUITestsLaunchTests.swift; sourceTree = "<group>"; };
		3F1BBE4E2B90C4D5005D533F /* SidebarView.swift */ = {isa = PBXFileReference; lastKnownFileType = sourcecode.swift; path = SidebarView.swift; sourceTree = "<group>"; };
		3F1BBE562B90CD59005D533F /* EntryModel.swift */ = {isa = PBXFileReference; lastKnownFileType = sourcecode.swift; path = EntryModel.swift; sourceTree = "<group>"; };
		3F1BBE582B932251005D533F /* GroupView.swift */ = {isa = PBXFileReference; lastKnownFileType = sourcecode.swift; path = GroupView.swift; sourceTree = "<group>"; };
		3F1BBE5D2B93664E005D533F /* HTMLStringView.swift */ = {isa = PBXFileReference; lastKnownFileType = sourcecode.swift; path = HTMLStringView.swift; sourceTree = "<group>"; };
		3F1BBE5F2B94BAF9005D533F /* QuickInboxView.swift */ = {isa = PBXFileReference; lastKnownFileType = sourcecode.swift; path = QuickInboxView.swift; sourceTree = "<group>"; };
		3F2CB97C2B9A02B600ADDDED /* EntryService.swift */ = {isa = PBXFileReference; lastKnownFileType = sourcecode.swift; path = EntryService.swift; sourceTree = "<group>"; };
		3F317C1C2C231ABB00F42D37 /* EnvironmentKey.swift */ = {isa = PBXFileReference; lastKnownFileType = sourcecode.swift; path = EnvironmentKey.swift; sourceTree = "<group>"; };
		3F317C1E2C231AD500F42D37 /* Debug.swift */ = {isa = PBXFileReference; lastKnownFileType = sourcecode.swift; path = Debug.swift; sourceTree = "<group>"; };
		3F317C252C231CF200F42D37 /* AppState.swift */ = {isa = PBXFileReference; lastKnownFileType = sourcecode.swift; path = AppState.swift; sourceTree = "<group>"; };
		3F317C282C231CFC00F42D37 /* Store.swift */ = {isa = PBXFileReference; lastKnownFileType = sourcecode.swift; path = Store.swift; sourceTree = "<group>"; };
		3F317C2B2C231D1A00F42D37 /* AppAction.swift */ = {isa = PBXFileReference; lastKnownFileType = sourcecode.swift; path = AppAction.swift; sourceTree = "<group>"; };
		3F317C2E2C231D2800F42D37 /* AppConfiguration.swift */ = {isa = PBXFileReference; lastKnownFileType = sourcecode.swift; path = AppConfiguration.swift; sourceTree = "<group>"; };
		3F317C312C231D3400F42D37 /* AppEnvironment.swift */ = {isa = PBXFileReference; lastKnownFileType = sourcecode.swift; path = AppEnvironment.swift; sourceTree = "<group>"; };
		3F317C342C231E8C00F42D37 /* Destination.swift */ = {isa = PBXFileReference; lastKnownFileType = sourcecode.swift; path = Destination.swift; sourceTree = "<group>"; };
		3F317C382C23253900F42D37 /* Reducer.swift */ = {isa = PBXFileReference; lastKnownFileType = sourcecode.swift; path = Reducer.swift; sourceTree = "<group>"; };
		3F317C3B2C232B4700F42D37 /* GroupModel.swift */ = {isa = PBXFileReference; lastKnownFileType = sourcecode.swift; path = GroupModel.swift; sourceTree = "<group>"; };
		3F317C3E2C2336E200F42D37 /* FsInfoModel.swift */ = {isa = PBXFileReference; lastKnownFileType = sourcecode.swift; path = FsInfoModel.swift; sourceTree = "<group>"; };
		3F317C412C244D7F00F42D37 /* AlertModel.swift */ = {isa = PBXFileReference; lastKnownFileType = sourcecode.swift; path = AlertModel.swift; sourceTree = "<group>"; };
		3F317C442C24574B00F42D37 /* Mapping.swift */ = {isa = PBXFileReference; lastKnownFileType = sourcecode.swift; path = Mapping.swift; sourceTree = "<group>"; };
		3F317C472C2459BA00F42D37 /* Helper.swift */ = {isa = PBXFileReference; lastKnownFileType = sourcecode.swift; path = Helper.swift; sourceTree = "<group>"; };
		3F317C4A2C24701000F42D37 /* Extension.swift */ = {isa = PBXFileReference; lastKnownFileType = sourcecode.swift; path = Extension.swift; sourceTree = "<group>"; };
		3F317C4D2C2476C300F42D37 /* StackContentView.swift */ = {isa = PBXFileReference; lastKnownFileType = sourcecode.swift; path = StackContentView.swift; sourceTree = "<group>"; };
		3F4A78C72BC99D160035F90F /* SidebarGroupsView.swift */ = {isa = PBXFileReference; lastKnownFileType = sourcecode.swift; path = SidebarGroupsView.swift; sourceTree = "<group>"; };
		3F4A78C92BC99D600035F90F /* SidebarButtonView.swift */ = {isa = PBXFileReference; lastKnownFileType = sourcecode.swift; path = SidebarButtonView.swift; sourceTree = "<group>"; };
		3F4A78CE2BCC2A660035F90F /* FsClientSet.swift */ = {isa = PBXFileReference; lastKnownFileType = sourcecode.swift; path = FsClientSet.swift; sourceTree = "<group>"; };
		3F4A78DC2BCF80080035F90F /* Logging.swift */ = {isa = PBXFileReference; lastKnownFileType = sourcecode.swift; path = Logging.swift; sourceTree = "<group>"; };
		3F4A78E02BD299110035F90F /* SettingsView.swift */ = {isa = PBXFileReference; lastKnownFileType = sourcecode.swift; path = SettingsView.swift; sourceTree = "<group>"; };
		3F7444B82BE50DE900CC9C1E /* Info.plist */ = {isa = PBXFileReference; fileEncoding = 4; lastKnownFileType = text.plist.xml; name = Info.plist; path = basenana/Info.plist; sourceTree = SOURCE_ROOT; };
		3F81C9C42BAF1A6D00FEE130 /* GroupViewModel.swift */ = {isa = PBXFileReference; lastKnownFileType = sourcecode.swift; path = GroupViewModel.swift; sourceTree = "<group>"; };
		3F81C9C62BAFCB8900FEE130 /* ContentView.swift */ = {isa = PBXFileReference; lastKnownFileType = sourcecode.swift; path = ContentView.swift; sourceTree = "<group>"; };
		3FA180152C1DBFA1004176EA /* Service.swift */ = {isa = PBXFileReference; lastKnownFileType = sourcecode.swift; path = Service.swift; sourceTree = "<group>"; };
		3FA594542C26C14300E303CE /* PropertyViewModel.swift */ = {isa = PBXFileReference; lastKnownFileType = sourcecode.swift; path = PropertyViewModel.swift; sourceTree = "<group>"; };
		3FA594572C26CD9800E303CE /* Consistents.swift */ = {isa = PBXFileReference; lastKnownFileType = sourcecode.swift; path = Consistents.swift; sourceTree = "<group>"; };
		3FAC06BB2C25BEC40067E7A5 /* LoginView.swift */ = {isa = PBXFileReference; lastKnownFileType = sourcecode.swift; path = LoginView.swift; sourceTree = "<group>"; };
		3FAC06C12C25DE050067E7A5 /* GroupTableView.swift */ = {isa = PBXFileReference; lastKnownFileType = sourcecode.swift; path = GroupTableView.swift; sourceTree = "<group>"; };
		3FAC06C42C26727E0067E7A5 /* DocumentReaderViewModel.swift */ = {isa = PBXFileReference; lastKnownFileType = sourcecode.swift; path = DocumentReaderViewModel.swift; sourceTree = "<group>"; };
		3FAC06C72C2675410067E7A5 /* DocumentListView.swift */ = {isa = PBXFileReference; lastKnownFileType = sourcecode.swift; path = DocumentListView.swift; sourceTree = "<group>"; };
		3FAC06CA2C268CF40067E7A5 /* DocumentMenuView.swift */ = {isa = PBXFileReference; lastKnownFileType = sourcecode.swift; path = DocumentMenuView.swift; sourceTree = "<group>"; };
		3FB782502BC2D0F600327191 /* fsapi-v1.grpc.swift */ = {isa = PBXFileReference; fileEncoding = 4; lastKnownFileType = sourcecode.swift; path = "fsapi-v1.grpc.swift"; sourceTree = "<group>"; };
		3FB782512BC2D0F600327191 /* fsapi-v1.pb.swift */ = {isa = PBXFileReference; fileEncoding = 4; lastKnownFileType = sourcecode.swift; path = "fsapi-v1.pb.swift"; sourceTree = "<group>"; };
		3FDC2EA22BDCEEB200344DF8 /* IDHelper.swift */ = {isa = PBXFileReference; lastKnownFileType = sourcecode.swift; path = IDHelper.swift; sourceTree = "<group>"; };
		3FDC2EA62BE3CC8C00344DF8 /* HTMLParser.swift */ = {isa = PBXFileReference; lastKnownFileType = sourcecode.swift; path = HTMLParser.swift; sourceTree = "<group>"; };
		ED079DC22C2705B4004F416B /* DialogueTitleView.swift */ = {isa = PBXFileReference; lastKnownFileType = sourcecode.swift; path = DialogueTitleView.swift; sourceTree = "<group>"; };
		ED079DC62C27FD43004F416B /* MessageListView.swift */ = {isa = PBXFileReference; lastKnownFileType = sourcecode.swift; path = MessageListView.swift; sourceTree = "<group>"; };
		ED079DCA2C28116F004F416B /* DialogueButtonView.swift */ = {isa = PBXFileReference; lastKnownFileType = sourcecode.swift; path = DialogueButtonView.swift; sourceTree = "<group>"; };
		ED0CBB522BF656B90056E6AA /* basenana dev.app */ = {isa = PBXFileReference; explicitFileType = wrapper.application; includeInIndex = 0; path = "basenana dev.app"; sourceTree = BUILT_PRODUCTS_DIR; };
		ED0CBB532BF656BA0056E6AA /* Info-dev.plist */ = {isa = PBXFileReference; lastKnownFileType = text.plist.xml; path = "Info-dev.plist"; sourceTree = SOURCE_ROOT; };
		ED1D72CD2BD2BDAD006CF95F /* DialogueViewModel.swift */ = {isa = PBXFileReference; lastKnownFileType = sourcecode.swift; path = DialogueViewModel.swift; sourceTree = "<group>"; };
		ED2A0B422BFF1A2200CFF463 /* PageModel.swift */ = {isa = PBXFileReference; lastKnownFileType = sourcecode.swift; path = PageModel.swift; sourceTree = "<group>"; };
		ED54F0532C0D808700EE2C2E /* DocumentView.swift */ = {isa = PBXFileReference; lastKnownFileType = sourcecode.swift; path = DocumentView.swift; sourceTree = "<group>"; };
		ED62B1742BE7D82A001AC523 /* EntryPropertyModel.swift */ = {isa = PBXFileReference; lastKnownFileType = sourcecode.swift; path = EntryPropertyModel.swift; sourceTree = "<group>"; };
		ED6B17152C0ED30F00FEABE6 /* GroupCreateView.swift */ = {isa = PBXFileReference; lastKnownFileType = sourcecode.swift; path = GroupCreateView.swift; sourceTree = "<group>"; };
		ED72603D2BC2E25D005F1166 /* DialogueModel.swift */ = {isa = PBXFileReference; lastKnownFileType = sourcecode.swift; path = DialogueModel.swift; sourceTree = "<group>"; };
		ED85A3BD2BBAB21A0040598E /* DialogueView.swift */ = {isa = PBXFileReference; indentWidth = 5; lastKnownFileType = sourcecode.swift; path = DialogueView.swift; sourceTree = "<group>"; };
		ED85A3C22BBAB3BD0040598E /* DocumentItemView.swift */ = {isa = PBXFileReference; lastKnownFileType = sourcecode.swift; path = DocumentItemView.swift; sourceTree = "<group>"; };
		ED917E772B9607BE004FCB9A /* DocumentModel.swift */ = {isa = PBXFileReference; lastKnownFileType = sourcecode.swift; path = DocumentModel.swift; sourceTree = "<group>"; };
		EDC5AA792C06F738003B78AD /* MessageView.swift */ = {isa = PBXFileReference; lastKnownFileType = sourcecode.swift; path = MessageView.swift; sourceTree = "<group>"; };
		EDEF16372BC8DD93000BC25C /* Assets.swift */ = {isa = PBXFileReference; lastKnownFileType = sourcecode.swift; path = Assets.swift; sourceTree = "<group>"; };
		EDF504762BEB295700CB4B1C /* DocumentDetailView.swift */ = {isa = PBXFileReference; lastKnownFileType = sourcecode.swift; path = DocumentDetailView.swift; sourceTree = "<group>"; };
/* End PBXFileReference section */

/* Begin PBXFrameworksBuildPhase section */
		3F1BBE162B8E147F005D533F /* Frameworks */ = {
			isa = PBXFrameworksBuildPhase;
			buildActionMask = 2147483647;
			files = (
				3FB782492BC1A82700327191 /* protoc-gen-grpc-swift in Frameworks */,
				3FB782452BC1A82700327191 /* GRPCReflectionService in Frameworks */,
				3F4A78DB2BCF7FFB0035F90F /* SwiftyBeaver in Frameworks */,
				3F19E20C2C140A6C00B84293 /* Reeeed in Frameworks */,
				3FB782472BC1A82700327191 /* _GRPCCore in Frameworks */,
				3F4A78D42BCD82290035F90F /* GRDB in Frameworks */,
				3F7444B72BE3D1B000CC9C1E /* SwiftSoup in Frameworks */,
				3FB782432BC1A82700327191 /* GRPC in Frameworks */,
				3FB782412BC1A82700327191 /* CGRPCZlib in Frameworks */,
				3FA180142C157A8A004176EA /* WebArchiver in Frameworks */,
			);
			runOnlyForDeploymentPostprocessing = 0;
		};
		3F1BBE292B8E1480005D533F /* Frameworks */ = {
			isa = PBXFrameworksBuildPhase;
			buildActionMask = 2147483647;
			files = (
			);
			runOnlyForDeploymentPostprocessing = 0;
		};
		3F1BBE332B8E1480005D533F /* Frameworks */ = {
			isa = PBXFrameworksBuildPhase;
			buildActionMask = 2147483647;
			files = (
			);
			runOnlyForDeploymentPostprocessing = 0;
		};
		ED0CBB422BF656B90056E6AA /* Frameworks */ = {
			isa = PBXFrameworksBuildPhase;
			buildActionMask = 2147483647;
			files = (
				ED0CBB432BF656B90056E6AA /* protoc-gen-grpc-swift in Frameworks */,
				ED0CBB442BF656B90056E6AA /* GRPCReflectionService in Frameworks */,
				ED0CBB452BF656B90056E6AA /* SwiftyBeaver in Frameworks */,
				3F19E2092C14086700B84293 /* Reeeed in Frameworks */,
				ED0CBB462BF656B90056E6AA /* _GRPCCore in Frameworks */,
				ED0CBB472BF656B90056E6AA /* GRDB in Frameworks */,
				ED0CBB482BF656B90056E6AA /* SwiftSoup in Frameworks */,
				ED0CBB492BF656B90056E6AA /* GRPC in Frameworks */,
				ED0CBB4A2BF656B90056E6AA /* CGRPCZlib in Frameworks */,
				3F84C8CB2C146E29003DC6DA /* WebArchiver in Frameworks */,
			);
			runOnlyForDeploymentPostprocessing = 0;
		};
/* End PBXFrameworksBuildPhase section */

/* Begin PBXGroup section */
		3F19E20A2C140A6C00B84293 /* Frameworks */ = {
			isa = PBXGroup;
			children = (
			);
			name = Frameworks;
			sourceTree = "<group>";
		};
		3F1BBE102B8E147F005D533F = {
			isa = PBXGroup;
			children = (
				3F1BBE1B2B8E147F005D533F /* basenana */,
				3F1BBE2F2B8E1480005D533F /* basenanaTests */,
				3F1BBE392B8E1480005D533F /* basenanaUITests */,
				3F1BBE1A2B8E147F005D533F /* Products */,
				3F19E20A2C140A6C00B84293 /* Frameworks */,
			);
			sourceTree = "<group>";
		};
		3F1BBE1A2B8E147F005D533F /* Products */ = {
			isa = PBXGroup;
			children = (
				3F1BBE192B8E147F005D533F /* Basenana.app */,
				3F1BBE2C2B8E1480005D533F /* basenanaTests.xctest */,
				3F1BBE362B8E1480005D533F /* basenanaUITests.xctest */,
				ED0CBB522BF656B90056E6AA /* basenana dev.app */,
			);
			name = Products;
			sourceTree = "<group>";
		};
		3F1BBE1B2B8E147F005D533F /* basenana */ = {
			isa = PBXGroup;
			children = (
				ED0CBB532BF656BA0056E6AA /* Info-dev.plist */,
				3F7444B82BE50DE900CC9C1E /* Info.plist */,
				3F317C212C231C3D00F42D37 /* DataFlow */,
				3F1BBE4D2B90C3EA005D533F /* Share */,
				3F1BBE4C2B90C3DD005D533F /* Services */,
				3F1BBE4A2B90C3A2005D533F /* Models */,
				3F4A78DE2BCFAB7D0035F90F /* ViewModels */,
				3F1BBE492B90C393005D533F /* Views */,
				3F1BBE1C2B8E147F005D533F /* basenanaApp.swift */,
				3F1BBE222B8E1480005D533F /* Assets.xcassets */,
				3F1BBE242B8E1480005D533F /* basenana.entitlements */,
				3F1BBE252B8E1480005D533F /* Preview Content */,
			);
			path = basenana;
			sourceTree = "<group>";
		};
		3F1BBE252B8E1480005D533F /* Preview Content */ = {
			isa = PBXGroup;
			children = (
				3F1BBE262B8E1480005D533F /* Preview Assets.xcassets */,
			);
			path = "Preview Content";
			sourceTree = "<group>";
		};
		3F1BBE2F2B8E1480005D533F /* basenanaTests */ = {
			isa = PBXGroup;
			children = (
				3F1BBE302B8E1480005D533F /* basenanaTests.swift */,
			);
			path = basenanaTests;
			sourceTree = "<group>";
		};
		3F1BBE392B8E1480005D533F /* basenanaUITests */ = {
			isa = PBXGroup;
			children = (
				3F1BBE3A2B8E1480005D533F /* basenanaUITests.swift */,
				3F1BBE3C2B8E1480005D533F /* basenanaUITestsLaunchTests.swift */,
			);
			path = basenanaUITests;
			sourceTree = "<group>";
		};
		3F1BBE492B90C393005D533F /* Views */ = {
			isa = PBXGroup;
			children = (
				3F317C372C2322B300F42D37 /* Main */,
				3F7444BA2BE7153400CC9C1E /* Inbox */,
				3FDC2E9B2BDC030800344DF8 /* Group */,
				3F4A78DF2BD299040035F90F /* Settings */,
				3F4A78C62BC99CE90035F90F /* Sidebar */,
				ED85A3BF2BBAB2520040598E /* Document */,
				EDC5AA782C06F71D003B78AD /* Dialogue */,
			);
			path = Views;
			sourceTree = "<group>";
		};
		3F1BBE4A2B90C3A2005D533F /* Models */ = {
			isa = PBXGroup;
			children = (
				ED917E772B9607BE004FCB9A /* DocumentModel.swift */,
				3F1BBE562B90CD59005D533F /* EntryModel.swift */,
				ED72603D2BC2E25D005F1166 /* DialogueModel.swift */,
				ED62B1742BE7D82A001AC523 /* EntryPropertyModel.swift */,
				ED2A0B422BFF1A2200CFF463 /* PageModel.swift */,
				3F317C342C231E8C00F42D37 /* Destination.swift */,
				3F317C3B2C232B4700F42D37 /* GroupModel.swift */,
				3F317C3E2C2336E200F42D37 /* FsInfoModel.swift */,
				3F317C412C244D7F00F42D37 /* AlertModel.swift */,
			);
			path = Models;
			sourceTree = "<group>";
		};
		3F1BBE4C2B90C3DD005D533F /* Services */ = {
			isa = PBXGroup;
			children = (
				3F2CB97C2B9A02B600ADDDED /* EntryService.swift */,
				3F0AEC752BA48EC7000DA928 /* GroupService.swift */,
				3FA180152C1DBFA1004176EA /* Service.swift */,
			);
			path = Services;
			sourceTree = "<group>";
		};
		3F1BBE4D2B90C3EA005D533F /* Share */ = {
			isa = PBXGroup;
			children = (
				3FB782532BC2D0F600327191 /* FsAPI */,
				3F317C1B2C231A9300F42D37 /* Configuration */,
				3F317C1A2C231A4B00F42D37 /* WebHelper */,
				3F317C192C231A1E00F42D37 /* SwiftUI */,
				3FDC2EA22BDCEEB200344DF8 /* IDHelper.swift */,
				3F4A78DC2BCF80080035F90F /* Logging.swift */,
			);
			path = Share;
			sourceTree = "<group>";
		};
		3F317C192C231A1E00F42D37 /* SwiftUI */ = {
			isa = PBXGroup;
			children = (
				3F317C1C2C231ABB00F42D37 /* EnvironmentKey.swift */,
				3F317C4A2C24701000F42D37 /* Extension.swift */,
			);
			path = SwiftUI;
			sourceTree = "<group>";
		};
		3F317C1A2C231A4B00F42D37 /* WebHelper */ = {
			isa = PBXGroup;
			children = (
				3F1BBE5D2B93664E005D533F /* HTMLStringView.swift */,
				3FDC2EA62BE3CC8C00344DF8 /* HTMLParser.swift */,
			);
			path = WebHelper;
			sourceTree = "<group>";
		};
		3F317C1B2C231A9300F42D37 /* Configuration */ = {
			isa = PBXGroup;
			children = (
				EDEF16372BC8DD93000BC25C /* Assets.swift */,
				3F317C1E2C231AD500F42D37 /* Debug.swift */,
			);
			path = Configuration;
			sourceTree = "<group>";
		};
		3F317C212C231C3D00F42D37 /* DataFlow */ = {
			isa = PBXGroup;
			children = (
				3F317C252C231CF200F42D37 /* AppState.swift */,
				3F317C282C231CFC00F42D37 /* Store.swift */,
				3F317C2B2C231D1A00F42D37 /* AppAction.swift */,
				3F317C2E2C231D2800F42D37 /* AppConfiguration.swift */,
				3F317C312C231D3400F42D37 /* AppEnvironment.swift */,
				3F317C382C23253900F42D37 /* Reducer.swift */,
			);
			path = DataFlow;
			sourceTree = "<group>";
		};
		3F317C372C2322B300F42D37 /* Main */ = {
			isa = PBXGroup;
			children = (
				3F81C9C62BAFCB8900FEE130 /* ContentView.swift */,
				3F317C4D2C2476C300F42D37 /* StackContentView.swift */,
				3FAC06BB2C25BEC40067E7A5 /* LoginView.swift */,
			);
			path = Main;
			sourceTree = "<group>";
		};
		3F4A78C62BC99CE90035F90F /* Sidebar */ = {
			isa = PBXGroup;
			children = (
				3F1BBE4E2B90C4D5005D533F /* SidebarView.swift */,
				3F4A78C72BC99D160035F90F /* SidebarGroupsView.swift */,
				3F4A78C92BC99D600035F90F /* SidebarButtonView.swift */,
			);
			path = Sidebar;
			sourceTree = "<group>";
		};
		3F4A78DE2BCFAB7D0035F90F /* ViewModels */ = {
			isa = PBXGroup;
			children = (
				3F81C9C42BAF1A6D00FEE130 /* GroupViewModel.swift */,
				ED1D72CD2BD2BDAD006CF95F /* DialogueViewModel.swift */,
				3FAC06C42C26727E0067E7A5 /* DocumentReaderViewModel.swift */,
				3FA594542C26C14300E303CE /* PropertyViewModel.swift */,
			);
			path = ViewModels;
			sourceTree = "<group>";
		};
		3F4A78DF2BD299040035F90F /* Settings */ = {
			isa = PBXGroup;
			children = (
				3F4A78E02BD299110035F90F /* SettingsView.swift */,
			);
			path = Settings;
			sourceTree = "<group>";
		};
		3F7444BA2BE7153400CC9C1E /* Inbox */ = {
			isa = PBXGroup;
			children = (
				3F1BBE5F2B94BAF9005D533F /* QuickInboxView.swift */,
			);
			path = Inbox;
			sourceTree = "<group>";
		};
		3FB782532BC2D0F600327191 /* FsAPI */ = {
			isa = PBXGroup;
			children = (
				3FB782502BC2D0F600327191 /* fsapi-v1.grpc.swift */,
				3FB782512BC2D0F600327191 /* fsapi-v1.pb.swift */,
				3F4A78CE2BCC2A660035F90F /* FsClientSet.swift */,
				3F317C442C24574B00F42D37 /* Mapping.swift */,
				3F317C472C2459BA00F42D37 /* Helper.swift */,
				3FA594572C26CD9800E303CE /* Consistents.swift */,
			);
			path = FsAPI;
			sourceTree = "<group>";
		};
		3FDC2E9B2BDC030800344DF8 /* Group */ = {
			isa = PBXGroup;
			children = (
				3F1BBE582B932251005D533F /* GroupView.swift */,
				ED6B17152C0ED30F00FEABE6 /* GroupCreateView.swift */,
				3FAC06C12C25DE050067E7A5 /* GroupTableView.swift */,
			);
			path = Group;
			sourceTree = "<group>";
		};
		ED85A3BF2BBAB2520040598E /* Document */ = {
			isa = PBXGroup;
			children = (
				ED85A3C22BBAB3BD0040598E /* DocumentItemView.swift */,
				EDF504762BEB295700CB4B1C /* DocumentDetailView.swift */,
				ED54F0532C0D808700EE2C2E /* DocumentView.swift */,
				3FAC06C72C2675410067E7A5 /* DocumentListView.swift */,
				3FAC06CA2C268CF40067E7A5 /* DocumentMenuView.swift */,
			);
			path = Document;
			sourceTree = "<group>";
		};
		EDC5AA782C06F71D003B78AD /* Dialogue */ = {
			isa = PBXGroup;
			children = (
				ED85A3BD2BBAB21A0040598E /* DialogueView.swift */,
				EDC5AA792C06F738003B78AD /* MessageView.swift */,
				ED079DC22C2705B4004F416B /* DialogueTitleView.swift */,
				ED079DC62C27FD43004F416B /* MessageListView.swift */,
				ED079DCA2C28116F004F416B /* DialogueButtonView.swift */,
			);
			path = Dialogue;
			sourceTree = "<group>";
		};
/* End PBXGroup section */

/* Begin PBXNativeTarget section */
		3F1BBE182B8E147F005D533F /* basenana */ = {
			isa = PBXNativeTarget;
			buildConfigurationList = 3F1BBE402B8E1480005D533F /* Build configuration list for PBXNativeTarget "basenana" */;
			buildPhases = (
				3F1BBE152B8E147F005D533F /* Sources */,
				3F1BBE162B8E147F005D533F /* Frameworks */,
				3F1BBE172B8E147F005D533F /* Resources */,
			);
			buildRules = (
			);
			dependencies = (
			);
			name = basenana;
			packageProductDependencies = (
				3FB782402BC1A82700327191 /* CGRPCZlib */,
				3FB782422BC1A82700327191 /* GRPC */,
				3FB782442BC1A82700327191 /* GRPCReflectionService */,
				3FB782462BC1A82700327191 /* _GRPCCore */,
				3FB782482BC1A82700327191 /* protoc-gen-grpc-swift */,
				3F4A78D32BCD82290035F90F /* GRDB */,
				3F4A78DA2BCF7FFB0035F90F /* SwiftyBeaver */,
				3F7444B62BE3D1B000CC9C1E /* SwiftSoup */,
				3F19E20B2C140A6C00B84293 /* Reeeed */,
				3FA180132C157A8A004176EA /* WebArchiver */,
			);
			productName = basenana;
			productReference = 3F1BBE192B8E147F005D533F /* Basenana.app */;
			productType = "com.apple.product-type.application";
		};
		3F1BBE2B2B8E1480005D533F /* basenanaTests */ = {
			isa = PBXNativeTarget;
			buildConfigurationList = 3F1BBE432B8E1480005D533F /* Build configuration list for PBXNativeTarget "basenanaTests" */;
			buildPhases = (
				3F1BBE282B8E1480005D533F /* Sources */,
				3F1BBE292B8E1480005D533F /* Frameworks */,
				3F1BBE2A2B8E1480005D533F /* Resources */,
			);
			buildRules = (
			);
			dependencies = (
				3F1BBE2E2B8E1480005D533F /* PBXTargetDependency */,
			);
			name = basenanaTests;
			productName = basenanaTests;
			productReference = 3F1BBE2C2B8E1480005D533F /* basenanaTests.xctest */;
			productType = "com.apple.product-type.bundle.unit-test";
		};
		3F1BBE352B8E1480005D533F /* basenanaUITests */ = {
			isa = PBXNativeTarget;
			buildConfigurationList = 3F1BBE462B8E1480005D533F /* Build configuration list for PBXNativeTarget "basenanaUITests" */;
			buildPhases = (
				3F1BBE322B8E1480005D533F /* Sources */,
				3F1BBE332B8E1480005D533F /* Frameworks */,
				3F1BBE342B8E1480005D533F /* Resources */,
			);
			buildRules = (
			);
			dependencies = (
				3F1BBE382B8E1480005D533F /* PBXTargetDependency */,
			);
			name = basenanaUITests;
			productName = basenanaUITests;
			productReference = 3F1BBE362B8E1480005D533F /* basenanaUITests.xctest */;
			productType = "com.apple.product-type.bundle.ui-testing";
		};
		ED0CBB122BF656B90056E6AA /* basenana dev */ = {
			isa = PBXNativeTarget;
			buildConfigurationList = ED0CBB4F2BF656B90056E6AA /* Build configuration list for PBXNativeTarget "basenana dev" */;
			buildPhases = (
				ED0CBB1F2BF656B90056E6AA /* Sources */,
				ED0CBB422BF656B90056E6AA /* Frameworks */,
				ED0CBB4B2BF656B90056E6AA /* Resources */,
			);
			buildRules = (
			);
			dependencies = (
			);
			name = "basenana dev";
			packageProductDependencies = (
				ED0CBB132BF656B90056E6AA /* CGRPCZlib */,
				ED0CBB152BF656B90056E6AA /* GRPC */,
				ED0CBB162BF656B90056E6AA /* GRPCReflectionService */,
				ED0CBB172BF656B90056E6AA /* _GRPCCore */,
				ED0CBB182BF656B90056E6AA /* protoc-gen-grpc-swift */,
				ED0CBB192BF656B90056E6AA /* GRDB */,
				ED0CBB1B2BF656B90056E6AA /* SwiftyBeaver */,
				ED0CBB1D2BF656B90056E6AA /* SwiftSoup */,
				3F19E2082C14086700B84293 /* Reeeed */,
				3F84C8CA2C146E29003DC6DA /* WebArchiver */,
			);
			productName = basenana;
			productReference = ED0CBB522BF656B90056E6AA /* basenana dev.app */;
			productType = "com.apple.product-type.application";
		};
/* End PBXNativeTarget section */

/* Begin PBXProject section */
		3F1BBE112B8E147F005D533F /* Project object */ = {
			isa = PBXProject;
			attributes = {
				BuildIndependentTargetsInParallel = 1;
				LastSwiftUpdateCheck = 1520;
				LastUpgradeCheck = 1530;
				TargetAttributes = {
					3F1BBE182B8E147F005D533F = {
						CreatedOnToolsVersion = 15.2;
					};
					3F1BBE2B2B8E1480005D533F = {
						CreatedOnToolsVersion = 15.2;
						TestTargetID = 3F1BBE182B8E147F005D533F;
					};
					3F1BBE352B8E1480005D533F = {
						CreatedOnToolsVersion = 15.2;
						TestTargetID = 3F1BBE182B8E147F005D533F;
					};
				};
			};
			buildConfigurationList = 3F1BBE142B8E147F005D533F /* Build configuration list for PBXProject "basenana" */;
			compatibilityVersion = "Xcode 14.0";
			developmentRegion = en;
			hasScannedForEncodings = 0;
			knownRegions = (
				en,
				Base,
			);
			mainGroup = 3F1BBE102B8E147F005D533F;
			packageReferences = (
				3FB7823F2BC1A82700327191 /* XCRemoteSwiftPackageReference "grpc-swift" */,
				3F4A78D22BCD82290035F90F /* XCRemoteSwiftPackageReference "GRDB.swift" */,
				3F4A78D92BCF7FFB0035F90F /* XCRemoteSwiftPackageReference "SwiftyBeaver" */,
				3FDC2EA52BE3CC2C00344DF8 /* XCRemoteSwiftPackageReference "SwiftSoup" */,
				3F19E2072C14086700B84293 /* XCRemoteSwiftPackageReference "reeeed" */,
				3F84C8C92C146E29003DC6DA /* XCRemoteSwiftPackageReference "WebArchiver" */,
			);
			productRefGroup = 3F1BBE1A2B8E147F005D533F /* Products */;
			projectDirPath = "";
			projectRoot = "";
			targets = (
				3F1BBE182B8E147F005D533F /* basenana */,
				3F1BBE2B2B8E1480005D533F /* basenanaTests */,
				3F1BBE352B8E1480005D533F /* basenanaUITests */,
				ED0CBB122BF656B90056E6AA /* basenana dev */,
			);
		};
/* End PBXProject section */

/* Begin PBXResourcesBuildPhase section */
		3F1BBE172B8E147F005D533F /* Resources */ = {
			isa = PBXResourcesBuildPhase;
			buildActionMask = 2147483647;
			files = (
				3F1BBE272B8E1480005D533F /* Preview Assets.xcassets in Resources */,
				3F1BBE232B8E1480005D533F /* Assets.xcassets in Resources */,
				3F7444B92BE50DE900CC9C1E /* Info.plist in Resources */,
			);
			runOnlyForDeploymentPostprocessing = 0;
		};
		3F1BBE2A2B8E1480005D533F /* Resources */ = {
			isa = PBXResourcesBuildPhase;
			buildActionMask = 2147483647;
			files = (
			);
			runOnlyForDeploymentPostprocessing = 0;
		};
		3F1BBE342B8E1480005D533F /* Resources */ = {
			isa = PBXResourcesBuildPhase;
			buildActionMask = 2147483647;
			files = (
			);
			runOnlyForDeploymentPostprocessing = 0;
		};
		ED0CBB4B2BF656B90056E6AA /* Resources */ = {
			isa = PBXResourcesBuildPhase;
			buildActionMask = 2147483647;
			files = (
				ED0CBB4C2BF656B90056E6AA /* Preview Assets.xcassets in Resources */,
				ED0CBB4D2BF656B90056E6AA /* Assets.xcassets in Resources */,
			);
			runOnlyForDeploymentPostprocessing = 0;
		};
/* End PBXResourcesBuildPhase section */

/* Begin PBXSourcesBuildPhase section */
		3F1BBE152B8E147F005D533F /* Sources */ = {
			isa = PBXSourcesBuildPhase;
			buildActionMask = 2147483647;
			files = (
				3F317C3C2C232B4700F42D37 /* GroupModel.swift in Sources */,
				3FAC06CB2C268CF40067E7A5 /* DocumentMenuView.swift in Sources */,
				3FDC2EA32BDCEEB200344DF8 /* IDHelper.swift in Sources */,
				ED85A3BE2BBAB21A0040598E /* DialogueView.swift in Sources */,
				3F317C482C2459BA00F42D37 /* Helper.swift in Sources */,
				3F317C4E2C2476C300F42D37 /* StackContentView.swift in Sources */,
				3F4A78CA2BC99D600035F90F /* SidebarButtonView.swift in Sources */,
				3F317C322C231D3400F42D37 /* AppEnvironment.swift in Sources */,
				3F317C352C231E8C00F42D37 /* Destination.swift in Sources */,
				3F1BBE572B90CD59005D533F /* EntryModel.swift in Sources */,
				3FAC06C82C2675410067E7A5 /* DocumentListView.swift in Sources */,
				3F4A78C82BC99D160035F90F /* SidebarGroupsView.swift in Sources */,
				3F1BBE602B94BAF9005D533F /* QuickInboxView.swift in Sources */,
				3F4A78DD2BCF80080035F90F /* Logging.swift in Sources */,
				ED1D72CE2BD2BDAD006CF95F /* DialogueViewModel.swift in Sources */,
				ED62B1752BE7D82A001AC523 /* EntryPropertyModel.swift in Sources */,
				ED079DC72C27FD43004F416B /* MessageListView.swift in Sources */,
				3F317C4B2C24701000F42D37 /* Extension.swift in Sources */,
				ED079DC32C2705B4004F416B /* DialogueTitleView.swift in Sources */,
				3FA594552C26C14300E303CE /* PropertyViewModel.swift in Sources */,
				ED54F0542C0D808700EE2C2E /* DocumentView.swift in Sources */,
				3FA594582C26CD9800E303CE /* Consistents.swift in Sources */,
				3F1BBE5E2B93664E005D533F /* HTMLStringView.swift in Sources */,
				3FB782552BC2D0F600327191 /* fsapi-v1.pb.swift in Sources */,
				3FA180162C1DBFA1004176EA /* Service.swift in Sources */,
				3FAC06BC2C25BEC40067E7A5 /* LoginView.swift in Sources */,
				ED2A0B432BFF1A2200CFF463 /* PageModel.swift in Sources */,
				3F1BBE592B932251005D533F /* GroupView.swift in Sources */,
				ED079DCB2C28116F004F416B /* DialogueButtonView.swift in Sources */,
				ED917E782B9607BE004FCB9A /* DocumentModel.swift in Sources */,
				ED72603E2BC2E25D005F1166 /* DialogueModel.swift in Sources */,
				3F317C1F2C231AD500F42D37 /* Debug.swift in Sources */,
				EDEF16382BC8DD93000BC25C /* Assets.swift in Sources */,
				3F1BBE4F2B90C4D5005D533F /* SidebarView.swift in Sources */,
				3FDC2EA72BE3CC8C00344DF8 /* HTMLParser.swift in Sources */,
				3F317C452C24574B00F42D37 /* Mapping.swift in Sources */,
				3FAC06C52C26727E0067E7A5 /* DocumentReaderViewModel.swift in Sources */,
				3F4A78CF2BCC2A660035F90F /* FsClientSet.swift in Sources */,
				EDC5AA7A2C06F738003B78AD /* MessageView.swift in Sources */,
				3F81C9C52BAF1A6D00FEE130 /* GroupViewModel.swift in Sources */,
				3F2CB97D2B9A02B600ADDDED /* EntryService.swift in Sources */,
				3F317C2C2C231D1A00F42D37 /* AppAction.swift in Sources */,
				3F317C292C231CFC00F42D37 /* Store.swift in Sources */,
				3F0AEC762BA48EC7000DA928 /* GroupService.swift in Sources */,
				3F317C1D2C231ABB00F42D37 /* EnvironmentKey.swift in Sources */,
				ED6B17162C0ED30F00FEABE6 /* GroupCreateView.swift in Sources */,
				3FB782542BC2D0F600327191 /* fsapi-v1.grpc.swift in Sources */,
				3F317C2F2C231D2800F42D37 /* AppConfiguration.swift in Sources */,
				3F317C422C244D7F00F42D37 /* AlertModel.swift in Sources */,
				EDF504772BEB295700CB4B1C /* DocumentDetailView.swift in Sources */,
				3F4A78E12BD299110035F90F /* SettingsView.swift in Sources */,
				3F1BBE1D2B8E147F005D533F /* basenanaApp.swift in Sources */,
				3F317C262C231CF200F42D37 /* AppState.swift in Sources */,
				3F317C392C23253900F42D37 /* Reducer.swift in Sources */,
				ED85A3C32BBAB3BD0040598E /* DocumentItemView.swift in Sources */,
				3F81C9C72BAFCB8900FEE130 /* ContentView.swift in Sources */,
				3F317C3F2C2336E200F42D37 /* FsInfoModel.swift in Sources */,
				3FAC06C22C25DE050067E7A5 /* GroupTableView.swift in Sources */,
			);
			runOnlyForDeploymentPostprocessing = 0;
		};
		3F1BBE282B8E1480005D533F /* Sources */ = {
			isa = PBXSourcesBuildPhase;
			buildActionMask = 2147483647;
			files = (
				3F1BBE312B8E1480005D533F /* basenanaTests.swift in Sources */,
			);
			runOnlyForDeploymentPostprocessing = 0;
		};
		3F1BBE322B8E1480005D533F /* Sources */ = {
			isa = PBXSourcesBuildPhase;
			buildActionMask = 2147483647;
			files = (
				3F1BBE3D2B8E1480005D533F /* basenanaUITestsLaunchTests.swift in Sources */,
				3F1BBE3B2B8E1480005D533F /* basenanaUITests.swift in Sources */,
			);
			runOnlyForDeploymentPostprocessing = 0;
		};
		ED0CBB1F2BF656B90056E6AA /* Sources */ = {
			isa = PBXSourcesBuildPhase;
			buildActionMask = 2147483647;
			files = (
				3FCE74B32C27D6C300C4E783 /* EnvironmentKey.swift in Sources */,
				ED0CBB202BF656B90056E6AA /* DocumentService.swift in Sources */,
				ED0CBB212BF656B90056E6AA /* IDHelper.swift in Sources */,
				3F317C3A2C23253900F42D37 /* Reducer.swift in Sources */,
				ED0CBB222BF656B90056E6AA /* DialogueView.swift in Sources */,
				ED0CBB242BF656B90056E6AA /* SidebarButtonView.swift in Sources */,
				3FAC06C92C2675410067E7A5 /* DocumentListView.swift in Sources */,
				ED0CBB252BF656B90056E6AA /* EntryModel.swift in Sources */,
				ED0CBB262BF656B90056E6AA /* SidebarGroupsView.swift in Sources */,
				3FAC06BD2C25BEC40067E7A5 /* LoginView.swift in Sources */,
				3F317C402C2336E200F42D37 /* FsInfoModel.swift in Sources */,
				3F317C202C231AD500F42D37 /* Debug.swift in Sources */,
				ED0CBB272BF656B90056E6AA /* QuickInboxView.swift in Sources */,
				ED0CBB282BF656B90056E6AA /* Logging.swift in Sources */,
				3FA594592C26CD9800E303CE /* Consistents.swift in Sources */,
				ED0CBB2A2BF656B90056E6AA /* DialogueViewModel.swift in Sources */,
				3FAC06CC2C268CF40067E7A5 /* DocumentMenuView.swift in Sources */,
				3FAC06C62C26727E0067E7A5 /* DocumentReaderViewModel.swift in Sources */,
				ED0CBB2B2BF656B90056E6AA /* EntryPropertyModel.swift in Sources */,
				ED54F0552C0D81C600EE2C2E /* DocumentView.swift in Sources */,
				ED0CBB2C2BF656B90056E6AA /* HTMLStringView.swift in Sources */,
				3F317C362C231E8C00F42D37 /* Destination.swift in Sources */,
				ED0CBB2D2BF656B90056E6AA /* fsapi-v1.pb.swift in Sources */,
				3FA180172C1DBFA1004176EA /* Service.swift in Sources */,
				ED2A0B442BFF1A5100CFF463 /* PageModel.swift in Sources */,
				ED0CBB2E2BF656B90056E6AA /* GroupView.swift in Sources */,
				ED0CBB2F2BF656B90056E6AA /* DocumentModel.swift in Sources */,
				ED079DCC2C281276004F416B /* DialogueButtonView.swift in Sources */,
				ED0CBB302BF656B90056E6AA /* DialogueModel.swift in Sources */,
				ED0CBB322BF656B90056E6AA /* Assets.swift in Sources */,
				ED079DC92C2800CA004F416B /* MessageListView.swift in Sources */,
				ED079DC82C2800C7004F416B /* DialogueTitleView.swift in Sources */,
				3FAC06C32C25DE050067E7A5 /* GroupTableView.swift in Sources */,
				EDC5AA822C06F92A003B78AD /* MessageView.swift in Sources */,
				3F317C2D2C231D1A00F42D37 /* AppAction.swift in Sources */,
				ED0CBB332BF656B90056E6AA /* SidebarView.swift in Sources */,
				ED0CBB342BF656B90056E6AA /* HTMLParser.swift in Sources */,
				ED0CBB352BF656B90056E6AA /* FsClientSet.swift in Sources */,
				3F317C3D2C232B4700F42D37 /* GroupModel.swift in Sources */,
				ED0CBB372BF656B90056E6AA /* GroupViewModel.swift in Sources */,
				ED0CBB382BF656B90056E6AA /* EntryService.swift in Sources */,
				3F317C492C2459BA00F42D37 /* Helper.swift in Sources */,
				ED0CBB392BF656B90056E6AA /* GroupService.swift in Sources */,
				ED0CBB3A2BF656B90056E6AA /* fsapi-v1.grpc.swift in Sources */,
				ED6B17172C0ED50800FEABE6 /* GroupCreateView.swift in Sources */,
				ED0CBB3B2BF656B90056E6AA /* DocumentDetailView.swift in Sources */,
				3F317C332C231D3400F42D37 /* AppEnvironment.swift in Sources */,
				ED0CBB3C2BF656B90056E6AA /* SettingsView.swift in Sources */,
				3F317C272C231CF200F42D37 /* AppState.swift in Sources */,
				3F317C302C231D2800F42D37 /* AppConfiguration.swift in Sources */,
				3FA594562C26C14300E303CE /* PropertyViewModel.swift in Sources */,
				3F317C4C2C24701000F42D37 /* Extension.swift in Sources */,
				3F317C4F2C2476C300F42D37 /* StackContentView.swift in Sources */,
				ED0CBB3D2BF656B90056E6AA /* basenanaApp.swift in Sources */,
				3F317C2A2C231CFC00F42D37 /* Store.swift in Sources */,
				3F317C432C244D7F00F42D37 /* AlertModel.swift in Sources */,
				ED0CBB3E2BF656B90056E6AA /* DocumentItemView.swift in Sources */,
				3F317C462C24574B00F42D37 /* Mapping.swift in Sources */,
				ED0CBB3F2BF656B90056E6AA /* ContentView.swift in Sources */,
			);
			runOnlyForDeploymentPostprocessing = 0;
		};
/* End PBXSourcesBuildPhase section */

/* Begin PBXTargetDependency section */
		3F1BBE2E2B8E1480005D533F /* PBXTargetDependency */ = {
			isa = PBXTargetDependency;
			target = 3F1BBE182B8E147F005D533F /* basenana */;
			targetProxy = 3F1BBE2D2B8E1480005D533F /* PBXContainerItemProxy */;
		};
		3F1BBE382B8E1480005D533F /* PBXTargetDependency */ = {
			isa = PBXTargetDependency;
			target = 3F1BBE182B8E147F005D533F /* basenana */;
			targetProxy = 3F1BBE372B8E1480005D533F /* PBXContainerItemProxy */;
		};
/* End PBXTargetDependency section */

/* Begin XCBuildConfiguration section */
		3F1BBE3E2B8E1480005D533F /* Debug */ = {
			isa = XCBuildConfiguration;
			buildSettings = {
				ALWAYS_SEARCH_USER_PATHS = NO;
				ASSETCATALOG_COMPILER_GENERATE_SWIFT_ASSET_SYMBOL_EXTENSIONS = YES;
				CLANG_ANALYZER_NONNULL = YES;
				CLANG_ANALYZER_NUMBER_OBJECT_CONVERSION = YES_AGGRESSIVE;
				CLANG_CXX_LANGUAGE_STANDARD = "gnu++20";
				CLANG_ENABLE_MODULES = YES;
				CLANG_ENABLE_OBJC_ARC = YES;
				CLANG_ENABLE_OBJC_WEAK = YES;
				CLANG_WARN_BLOCK_CAPTURE_AUTORELEASING = YES;
				CLANG_WARN_BOOL_CONVERSION = YES;
				CLANG_WARN_COMMA = YES;
				CLANG_WARN_CONSTANT_CONVERSION = YES;
				CLANG_WARN_DEPRECATED_OBJC_IMPLEMENTATIONS = YES;
				CLANG_WARN_DIRECT_OBJC_ISA_USAGE = YES_ERROR;
				CLANG_WARN_DOCUMENTATION_COMMENTS = YES;
				CLANG_WARN_EMPTY_BODY = YES;
				CLANG_WARN_ENUM_CONVERSION = YES;
				CLANG_WARN_INFINITE_RECURSION = YES;
				CLANG_WARN_INT_CONVERSION = YES;
				CLANG_WARN_NON_LITERAL_NULL_CONVERSION = YES;
				CLANG_WARN_OBJC_IMPLICIT_RETAIN_SELF = YES;
				CLANG_WARN_OBJC_LITERAL_CONVERSION = YES;
				CLANG_WARN_OBJC_ROOT_CLASS = YES_ERROR;
				CLANG_WARN_QUOTED_INCLUDE_IN_FRAMEWORK_HEADER = YES;
				CLANG_WARN_RANGE_LOOP_ANALYSIS = YES;
				CLANG_WARN_STRICT_PROTOTYPES = YES;
				CLANG_WARN_SUSPICIOUS_MOVE = YES;
				CLANG_WARN_UNGUARDED_AVAILABILITY = YES_AGGRESSIVE;
				CLANG_WARN_UNREACHABLE_CODE = YES;
				CLANG_WARN__DUPLICATE_METHOD_MATCH = YES;
				COPY_PHASE_STRIP = NO;
				DEAD_CODE_STRIPPING = YES;
				DEBUG_INFORMATION_FORMAT = dwarf;
				ENABLE_STRICT_OBJC_MSGSEND = YES;
				ENABLE_TESTABILITY = YES;
				ENABLE_USER_SCRIPT_SANDBOXING = YES;
				GCC_C_LANGUAGE_STANDARD = gnu17;
				GCC_DYNAMIC_NO_PIC = NO;
				GCC_NO_COMMON_BLOCKS = YES;
				GCC_OPTIMIZATION_LEVEL = 0;
				GCC_PREPROCESSOR_DEFINITIONS = (
					"DEBUG=1",
					"$(inherited)",
				);
				GCC_WARN_64_TO_32_BIT_CONVERSION = YES;
				GCC_WARN_ABOUT_RETURN_TYPE = YES_ERROR;
				GCC_WARN_UNDECLARED_SELECTOR = YES;
				GCC_WARN_UNINITIALIZED_AUTOS = YES_AGGRESSIVE;
				GCC_WARN_UNUSED_FUNCTION = YES;
				GCC_WARN_UNUSED_VARIABLE = YES;
				LOCALIZATION_PREFERS_STRING_CATALOGS = YES;
				MTL_ENABLE_DEBUG_INFO = INCLUDE_SOURCE;
				MTL_FAST_MATH = YES;
				ONLY_ACTIVE_ARCH = YES;
				SWIFT_ACTIVE_COMPILATION_CONDITIONS = "DEBUG $(inherited)";
				SWIFT_OPTIMIZATION_LEVEL = "-Onone";
			};
			name = Debug;
		};
		3F1BBE3F2B8E1480005D533F /* Release */ = {
			isa = XCBuildConfiguration;
			buildSettings = {
				ALWAYS_SEARCH_USER_PATHS = NO;
				ASSETCATALOG_COMPILER_GENERATE_SWIFT_ASSET_SYMBOL_EXTENSIONS = YES;
				CLANG_ANALYZER_NONNULL = YES;
				CLANG_ANALYZER_NUMBER_OBJECT_CONVERSION = YES_AGGRESSIVE;
				CLANG_CXX_LANGUAGE_STANDARD = "gnu++20";
				CLANG_ENABLE_MODULES = YES;
				CLANG_ENABLE_OBJC_ARC = YES;
				CLANG_ENABLE_OBJC_WEAK = YES;
				CLANG_WARN_BLOCK_CAPTURE_AUTORELEASING = YES;
				CLANG_WARN_BOOL_CONVERSION = YES;
				CLANG_WARN_COMMA = YES;
				CLANG_WARN_CONSTANT_CONVERSION = YES;
				CLANG_WARN_DEPRECATED_OBJC_IMPLEMENTATIONS = YES;
				CLANG_WARN_DIRECT_OBJC_ISA_USAGE = YES_ERROR;
				CLANG_WARN_DOCUMENTATION_COMMENTS = YES;
				CLANG_WARN_EMPTY_BODY = YES;
				CLANG_WARN_ENUM_CONVERSION = YES;
				CLANG_WARN_INFINITE_RECURSION = YES;
				CLANG_WARN_INT_CONVERSION = YES;
				CLANG_WARN_NON_LITERAL_NULL_CONVERSION = YES;
				CLANG_WARN_OBJC_IMPLICIT_RETAIN_SELF = YES;
				CLANG_WARN_OBJC_LITERAL_CONVERSION = YES;
				CLANG_WARN_OBJC_ROOT_CLASS = YES_ERROR;
				CLANG_WARN_QUOTED_INCLUDE_IN_FRAMEWORK_HEADER = YES;
				CLANG_WARN_RANGE_LOOP_ANALYSIS = YES;
				CLANG_WARN_STRICT_PROTOTYPES = YES;
				CLANG_WARN_SUSPICIOUS_MOVE = YES;
				CLANG_WARN_UNGUARDED_AVAILABILITY = YES_AGGRESSIVE;
				CLANG_WARN_UNREACHABLE_CODE = YES;
				CLANG_WARN__DUPLICATE_METHOD_MATCH = YES;
				COPY_PHASE_STRIP = NO;
				DEAD_CODE_STRIPPING = YES;
				DEBUG_INFORMATION_FORMAT = "dwarf-with-dsym";
				ENABLE_NS_ASSERTIONS = NO;
				ENABLE_STRICT_OBJC_MSGSEND = YES;
				ENABLE_USER_SCRIPT_SANDBOXING = YES;
				GCC_C_LANGUAGE_STANDARD = gnu17;
				GCC_NO_COMMON_BLOCKS = YES;
				GCC_WARN_64_TO_32_BIT_CONVERSION = YES;
				GCC_WARN_ABOUT_RETURN_TYPE = YES_ERROR;
				GCC_WARN_UNDECLARED_SELECTOR = YES;
				GCC_WARN_UNINITIALIZED_AUTOS = YES_AGGRESSIVE;
				GCC_WARN_UNUSED_FUNCTION = YES;
				GCC_WARN_UNUSED_VARIABLE = YES;
				LOCALIZATION_PREFERS_STRING_CATALOGS = YES;
				MTL_ENABLE_DEBUG_INFO = NO;
				MTL_FAST_MATH = YES;
				SWIFT_COMPILATION_MODE = wholemodule;
			};
			name = Release;
		};
		3F1BBE412B8E1480005D533F /* Debug */ = {
			isa = XCBuildConfiguration;
			buildSettings = {
				ASSETCATALOG_COMPILER_APPICON_NAME = AppIcon;
				ASSETCATALOG_COMPILER_GLOBAL_ACCENT_COLOR_NAME = AccentColor;
				CODE_SIGN_ENTITLEMENTS = basenana/basenana.entitlements;
				CODE_SIGN_STYLE = Automatic;
				CURRENT_PROJECT_VERSION = 1;
				DEAD_CODE_STRIPPING = YES;
				DEVELOPMENT_ASSET_PATHS = "\"basenana/Preview Content\"";
				ENABLE_PREVIEWS = YES;
				GENERATE_INFOPLIST_FILE = YES;
				INFOPLIST_FILE = basenana/Info.plist;
				"INFOPLIST_KEY_UIApplicationSceneManifest_Generation[sdk=iphoneos*]" = YES;
				"INFOPLIST_KEY_UIApplicationSceneManifest_Generation[sdk=iphonesimulator*]" = YES;
				"INFOPLIST_KEY_UIApplicationSupportsIndirectInputEvents[sdk=iphoneos*]" = YES;
				"INFOPLIST_KEY_UIApplicationSupportsIndirectInputEvents[sdk=iphonesimulator*]" = YES;
				"INFOPLIST_KEY_UILaunchScreen_Generation[sdk=iphoneos*]" = YES;
				"INFOPLIST_KEY_UILaunchScreen_Generation[sdk=iphonesimulator*]" = YES;
				"INFOPLIST_KEY_UIStatusBarStyle[sdk=iphoneos*]" = UIStatusBarStyleDefault;
				"INFOPLIST_KEY_UIStatusBarStyle[sdk=iphonesimulator*]" = UIStatusBarStyleDefault;
				INFOPLIST_KEY_UISupportedInterfaceOrientations_iPad = "UIInterfaceOrientationPortrait UIInterfaceOrientationPortraitUpsideDown UIInterfaceOrientationLandscapeLeft UIInterfaceOrientationLandscapeRight";
				INFOPLIST_KEY_UISupportedInterfaceOrientations_iPhone = "UIInterfaceOrientationPortrait UIInterfaceOrientationLandscapeLeft UIInterfaceOrientationLandscapeRight";
				IPHONEOS_DEPLOYMENT_TARGET = 17.2;
				LD_RUNPATH_SEARCH_PATHS = "@executable_path/Frameworks";
				"LD_RUNPATH_SEARCH_PATHS[sdk=macosx*]" = "@executable_path/../Frameworks";
				MACOSX_DEPLOYMENT_TARGET = 14.0;
				MARKETING_VERSION = 1.0;
				OTHER_SWIFT_FLAGS = "";
				PRODUCT_BUNDLE_IDENTIFIER = org.basenana.app.basenana;
				PRODUCT_NAME = Basenana;
				SDKROOT = auto;
				SUPPORTED_PLATFORMS = "iphoneos iphonesimulator macosx";
				SWIFT_EMIT_LOC_STRINGS = YES;
				SWIFT_VERSION = 5.0;
				TARGETED_DEVICE_FAMILY = "1,2";
			};
			name = Debug;
		};
		3F1BBE422B8E1480005D533F /* Release */ = {
			isa = XCBuildConfiguration;
			buildSettings = {
				ASSETCATALOG_COMPILER_APPICON_NAME = AppIcon;
				ASSETCATALOG_COMPILER_GLOBAL_ACCENT_COLOR_NAME = AccentColor;
				CODE_SIGN_ENTITLEMENTS = basenana/basenana.entitlements;
				CODE_SIGN_STYLE = Automatic;
				CURRENT_PROJECT_VERSION = 1;
				DEAD_CODE_STRIPPING = YES;
				DEVELOPMENT_ASSET_PATHS = "\"basenana/Preview Content\"";
				ENABLE_PREVIEWS = YES;
				GENERATE_INFOPLIST_FILE = YES;
				INFOPLIST_FILE = basenana/Info.plist;
				"INFOPLIST_KEY_UIApplicationSceneManifest_Generation[sdk=iphoneos*]" = YES;
				"INFOPLIST_KEY_UIApplicationSceneManifest_Generation[sdk=iphonesimulator*]" = YES;
				"INFOPLIST_KEY_UIApplicationSupportsIndirectInputEvents[sdk=iphoneos*]" = YES;
				"INFOPLIST_KEY_UIApplicationSupportsIndirectInputEvents[sdk=iphonesimulator*]" = YES;
				"INFOPLIST_KEY_UILaunchScreen_Generation[sdk=iphoneos*]" = YES;
				"INFOPLIST_KEY_UILaunchScreen_Generation[sdk=iphonesimulator*]" = YES;
				"INFOPLIST_KEY_UIStatusBarStyle[sdk=iphoneos*]" = UIStatusBarStyleDefault;
				"INFOPLIST_KEY_UIStatusBarStyle[sdk=iphonesimulator*]" = UIStatusBarStyleDefault;
				INFOPLIST_KEY_UISupportedInterfaceOrientations_iPad = "UIInterfaceOrientationPortrait UIInterfaceOrientationPortraitUpsideDown UIInterfaceOrientationLandscapeLeft UIInterfaceOrientationLandscapeRight";
				INFOPLIST_KEY_UISupportedInterfaceOrientations_iPhone = "UIInterfaceOrientationPortrait UIInterfaceOrientationLandscapeLeft UIInterfaceOrientationLandscapeRight";
				IPHONEOS_DEPLOYMENT_TARGET = 17.2;
				LD_RUNPATH_SEARCH_PATHS = "@executable_path/Frameworks";
				"LD_RUNPATH_SEARCH_PATHS[sdk=macosx*]" = "@executable_path/../Frameworks";
				MACOSX_DEPLOYMENT_TARGET = 14.0;
				MARKETING_VERSION = 1.0;
				PRODUCT_BUNDLE_IDENTIFIER = org.basenana.app.basenana;
				PRODUCT_NAME = Basenana;
				SDKROOT = auto;
				SUPPORTED_PLATFORMS = "iphoneos iphonesimulator macosx";
				SWIFT_EMIT_LOC_STRINGS = YES;
				SWIFT_VERSION = 5.0;
				TARGETED_DEVICE_FAMILY = "1,2";
			};
			name = Release;
		};
		3F1BBE442B8E1480005D533F /* Debug */ = {
			isa = XCBuildConfiguration;
			buildSettings = {
				ALWAYS_EMBED_SWIFT_STANDARD_LIBRARIES = YES;
				BUNDLE_LOADER = "$(TEST_HOST)";
				CODE_SIGN_STYLE = Automatic;
				CURRENT_PROJECT_VERSION = 1;
				DEAD_CODE_STRIPPING = YES;
				GENERATE_INFOPLIST_FILE = YES;
				IPHONEOS_DEPLOYMENT_TARGET = 17.2;
				MACOSX_DEPLOYMENT_TARGET = 14.2;
				MARKETING_VERSION = 1.0;
				PRODUCT_BUNDLE_IDENTIFIER = org.basenana.app.basenanaTests;
				PRODUCT_NAME = "$(TARGET_NAME)";
				SDKROOT = auto;
				SUPPORTED_PLATFORMS = "iphoneos iphonesimulator macosx";
				SWIFT_EMIT_LOC_STRINGS = NO;
				SWIFT_VERSION = 5.0;
				TARGETED_DEVICE_FAMILY = "1,2";
				TEST_HOST = "$(BUILT_PRODUCTS_DIR)/basenana.app/$(BUNDLE_EXECUTABLE_FOLDER_PATH)/basenana";
			};
			name = Debug;
		};
		3F1BBE452B8E1480005D533F /* Release */ = {
			isa = XCBuildConfiguration;
			buildSettings = {
				ALWAYS_EMBED_SWIFT_STANDARD_LIBRARIES = YES;
				BUNDLE_LOADER = "$(TEST_HOST)";
				CODE_SIGN_STYLE = Automatic;
				CURRENT_PROJECT_VERSION = 1;
				DEAD_CODE_STRIPPING = YES;
				GENERATE_INFOPLIST_FILE = YES;
				IPHONEOS_DEPLOYMENT_TARGET = 17.2;
				MACOSX_DEPLOYMENT_TARGET = 14.2;
				MARKETING_VERSION = 1.0;
				PRODUCT_BUNDLE_IDENTIFIER = org.basenana.app.basenanaTests;
				PRODUCT_NAME = "$(TARGET_NAME)";
				SDKROOT = auto;
				SUPPORTED_PLATFORMS = "iphoneos iphonesimulator macosx";
				SWIFT_EMIT_LOC_STRINGS = NO;
				SWIFT_VERSION = 5.0;
				TARGETED_DEVICE_FAMILY = "1,2";
				TEST_HOST = "$(BUILT_PRODUCTS_DIR)/basenana.app/$(BUNDLE_EXECUTABLE_FOLDER_PATH)/basenana";
			};
			name = Release;
		};
		3F1BBE472B8E1480005D533F /* Debug */ = {
			isa = XCBuildConfiguration;
			buildSettings = {
				ALWAYS_EMBED_SWIFT_STANDARD_LIBRARIES = YES;
				CODE_SIGN_STYLE = Automatic;
				CURRENT_PROJECT_VERSION = 1;
				DEAD_CODE_STRIPPING = YES;
				GENERATE_INFOPLIST_FILE = YES;
				IPHONEOS_DEPLOYMENT_TARGET = 17.2;
				MACOSX_DEPLOYMENT_TARGET = 14.2;
				MARKETING_VERSION = 1.0;
				PRODUCT_BUNDLE_IDENTIFIER = org.basenana.app.basenanaUITests;
				PRODUCT_NAME = "$(TARGET_NAME)";
				SDKROOT = auto;
				SUPPORTED_PLATFORMS = "iphoneos iphonesimulator macosx";
				SWIFT_EMIT_LOC_STRINGS = NO;
				SWIFT_VERSION = 5.0;
				TARGETED_DEVICE_FAMILY = "1,2";
				TEST_TARGET_NAME = basenana;
			};
			name = Debug;
		};
		3F1BBE482B8E1480005D533F /* Release */ = {
			isa = XCBuildConfiguration;
			buildSettings = {
				ALWAYS_EMBED_SWIFT_STANDARD_LIBRARIES = YES;
				CODE_SIGN_STYLE = Automatic;
				CURRENT_PROJECT_VERSION = 1;
				DEAD_CODE_STRIPPING = YES;
				GENERATE_INFOPLIST_FILE = YES;
				IPHONEOS_DEPLOYMENT_TARGET = 17.2;
				MACOSX_DEPLOYMENT_TARGET = 14.2;
				MARKETING_VERSION = 1.0;
				PRODUCT_BUNDLE_IDENTIFIER = org.basenana.app.basenanaUITests;
				PRODUCT_NAME = "$(TARGET_NAME)";
				SDKROOT = auto;
				SUPPORTED_PLATFORMS = "iphoneos iphonesimulator macosx";
				SWIFT_EMIT_LOC_STRINGS = NO;
				SWIFT_VERSION = 5.0;
				TARGETED_DEVICE_FAMILY = "1,2";
				TEST_TARGET_NAME = basenana;
			};
			name = Release;
		};
		ED0CBB502BF656B90056E6AA /* Debug */ = {
			isa = XCBuildConfiguration;
			buildSettings = {
				ASSETCATALOG_COMPILER_APPICON_NAME = AppIcon;
				ASSETCATALOG_COMPILER_GLOBAL_ACCENT_COLOR_NAME = AccentColor;
				CODE_SIGN_ENTITLEMENTS = basenana/basenana.entitlements;
				CODE_SIGN_STYLE = Automatic;
				CURRENT_PROJECT_VERSION = 1;
				DEAD_CODE_STRIPPING = YES;
				DEVELOPMENT_ASSET_PATHS = "\"basenana/Preview Content\"";
				ENABLE_PREVIEWS = YES;
				GENERATE_INFOPLIST_FILE = YES;
				INFOPLIST_FILE = "Info-dev.plist";
				"INFOPLIST_KEY_UIApplicationSceneManifest_Generation[sdk=iphoneos*]" = YES;
				"INFOPLIST_KEY_UIApplicationSceneManifest_Generation[sdk=iphonesimulator*]" = YES;
				"INFOPLIST_KEY_UIApplicationSupportsIndirectInputEvents[sdk=iphoneos*]" = YES;
				"INFOPLIST_KEY_UIApplicationSupportsIndirectInputEvents[sdk=iphonesimulator*]" = YES;
				"INFOPLIST_KEY_UILaunchScreen_Generation[sdk=iphoneos*]" = YES;
				"INFOPLIST_KEY_UILaunchScreen_Generation[sdk=iphonesimulator*]" = YES;
				"INFOPLIST_KEY_UIStatusBarStyle[sdk=iphoneos*]" = UIStatusBarStyleDefault;
				"INFOPLIST_KEY_UIStatusBarStyle[sdk=iphonesimulator*]" = UIStatusBarStyleDefault;
				INFOPLIST_KEY_UISupportedInterfaceOrientations_iPad = "UIInterfaceOrientationPortrait UIInterfaceOrientationPortraitUpsideDown UIInterfaceOrientationLandscapeLeft UIInterfaceOrientationLandscapeRight";
				INFOPLIST_KEY_UISupportedInterfaceOrientations_iPhone = "UIInterfaceOrientationPortrait UIInterfaceOrientationLandscapeLeft UIInterfaceOrientationLandscapeRight";
				IPHONEOS_DEPLOYMENT_TARGET = 17.2;
				LD_RUNPATH_SEARCH_PATHS = "@executable_path/Frameworks";
				"LD_RUNPATH_SEARCH_PATHS[sdk=macosx*]" = "@executable_path/../Frameworks";
				MACOSX_DEPLOYMENT_TARGET = 14.0;
				MARKETING_VERSION = 1.0;
				OTHER_SWIFT_FLAGS = "";
				PRODUCT_BUNDLE_IDENTIFIER = org.basenana.app.basenana;
				"PRODUCT_BUNDLE_IDENTIFIER[sdk=iphoneos*]" = "org.basenana.app.basenana-dev";
				"PRODUCT_BUNDLE_IDENTIFIER[sdk=macosx*]" = "org.basenana.app.basenana-dev";
				PRODUCT_NAME = "$(TARGET_NAME)";
				SDKROOT = auto;
				SUPPORTED_PLATFORMS = "iphoneos iphonesimulator macosx";
				SWIFT_ACTIVE_COMPILATION_CONDITIONS = DEVELOPMENT;
				SWIFT_EMIT_LOC_STRINGS = YES;
				SWIFT_VERSION = 5.0;
				TARGETED_DEVICE_FAMILY = "1,2";
			};
			name = Debug;
		};
		ED0CBB512BF656B90056E6AA /* Release */ = {
			isa = XCBuildConfiguration;
			buildSettings = {
				ASSETCATALOG_COMPILER_APPICON_NAME = AppIcon;
				ASSETCATALOG_COMPILER_GLOBAL_ACCENT_COLOR_NAME = AccentColor;
				CODE_SIGN_ENTITLEMENTS = basenana/basenana.entitlements;
				CODE_SIGN_STYLE = Automatic;
				CURRENT_PROJECT_VERSION = 1;
				DEAD_CODE_STRIPPING = YES;
				DEVELOPMENT_ASSET_PATHS = "\"basenana/Preview Content\"";
				ENABLE_PREVIEWS = YES;
				GENERATE_INFOPLIST_FILE = YES;
				INFOPLIST_FILE = "Info-dev.plist";
				"INFOPLIST_KEY_UIApplicationSceneManifest_Generation[sdk=iphoneos*]" = YES;
				"INFOPLIST_KEY_UIApplicationSceneManifest_Generation[sdk=iphonesimulator*]" = YES;
				"INFOPLIST_KEY_UIApplicationSupportsIndirectInputEvents[sdk=iphoneos*]" = YES;
				"INFOPLIST_KEY_UIApplicationSupportsIndirectInputEvents[sdk=iphonesimulator*]" = YES;
				"INFOPLIST_KEY_UILaunchScreen_Generation[sdk=iphoneos*]" = YES;
				"INFOPLIST_KEY_UILaunchScreen_Generation[sdk=iphonesimulator*]" = YES;
				"INFOPLIST_KEY_UIStatusBarStyle[sdk=iphoneos*]" = UIStatusBarStyleDefault;
				"INFOPLIST_KEY_UIStatusBarStyle[sdk=iphonesimulator*]" = UIStatusBarStyleDefault;
				INFOPLIST_KEY_UISupportedInterfaceOrientations_iPad = "UIInterfaceOrientationPortrait UIInterfaceOrientationPortraitUpsideDown UIInterfaceOrientationLandscapeLeft UIInterfaceOrientationLandscapeRight";
				INFOPLIST_KEY_UISupportedInterfaceOrientations_iPhone = "UIInterfaceOrientationPortrait UIInterfaceOrientationLandscapeLeft UIInterfaceOrientationLandscapeRight";
				IPHONEOS_DEPLOYMENT_TARGET = 17.2;
				LD_RUNPATH_SEARCH_PATHS = "@executable_path/Frameworks";
				"LD_RUNPATH_SEARCH_PATHS[sdk=macosx*]" = "@executable_path/../Frameworks";
				MACOSX_DEPLOYMENT_TARGET = 14.0;
				MARKETING_VERSION = 1.0;
				PRODUCT_BUNDLE_IDENTIFIER = org.basenana.app.basenana;
				"PRODUCT_BUNDLE_IDENTIFIER[sdk=iphoneos*]" = "org.basenana.app.basenana-dev";
				"PRODUCT_BUNDLE_IDENTIFIER[sdk=macosx*]" = "org.basenana.app.basenana-dev";
				PRODUCT_NAME = "$(TARGET_NAME)";
				SDKROOT = auto;
				SUPPORTED_PLATFORMS = "iphoneos iphonesimulator macosx";
				SWIFT_ACTIVE_COMPILATION_CONDITIONS = DEVELOPMENT;
				SWIFT_EMIT_LOC_STRINGS = YES;
				SWIFT_VERSION = 5.0;
				TARGETED_DEVICE_FAMILY = "1,2";
			};
			name = Release;
		};
/* End XCBuildConfiguration section */

/* Begin XCConfigurationList section */
		3F1BBE142B8E147F005D533F /* Build configuration list for PBXProject "basenana" */ = {
			isa = XCConfigurationList;
			buildConfigurations = (
				3F1BBE3E2B8E1480005D533F /* Debug */,
				3F1BBE3F2B8E1480005D533F /* Release */,
			);
			defaultConfigurationIsVisible = 0;
			defaultConfigurationName = Release;
		};
		3F1BBE402B8E1480005D533F /* Build configuration list for PBXNativeTarget "basenana" */ = {
			isa = XCConfigurationList;
			buildConfigurations = (
				3F1BBE412B8E1480005D533F /* Debug */,
				3F1BBE422B8E1480005D533F /* Release */,
			);
			defaultConfigurationIsVisible = 0;
			defaultConfigurationName = Release;
		};
		3F1BBE432B8E1480005D533F /* Build configuration list for PBXNativeTarget "basenanaTests" */ = {
			isa = XCConfigurationList;
			buildConfigurations = (
				3F1BBE442B8E1480005D533F /* Debug */,
				3F1BBE452B8E1480005D533F /* Release */,
			);
			defaultConfigurationIsVisible = 0;
			defaultConfigurationName = Release;
		};
		3F1BBE462B8E1480005D533F /* Build configuration list for PBXNativeTarget "basenanaUITests" */ = {
			isa = XCConfigurationList;
			buildConfigurations = (
				3F1BBE472B8E1480005D533F /* Debug */,
				3F1BBE482B8E1480005D533F /* Release */,
			);
			defaultConfigurationIsVisible = 0;
			defaultConfigurationName = Release;
		};
		ED0CBB4F2BF656B90056E6AA /* Build configuration list for PBXNativeTarget "basenana dev" */ = {
			isa = XCConfigurationList;
			buildConfigurations = (
				ED0CBB502BF656B90056E6AA /* Debug */,
				ED0CBB512BF656B90056E6AA /* Release */,
			);
			defaultConfigurationIsVisible = 0;
			defaultConfigurationName = Release;
		};
/* End XCConfigurationList section */

/* Begin XCRemoteSwiftPackageReference section */
		3F19E2072C14086700B84293 /* XCRemoteSwiftPackageReference "reeeed" */ = {
			isa = XCRemoteSwiftPackageReference;
			repositoryURL = "https://github.com/nate-parrott/reeeed";
			requirement = {
				kind = upToNextMajorVersion;
				minimumVersion = 1.0.1;
			};
		};
		3F4A78D22BCD82290035F90F /* XCRemoteSwiftPackageReference "GRDB.swift" */ = {
			isa = XCRemoteSwiftPackageReference;
			repositoryURL = "https://github.com/groue/GRDB.swift.git";
			requirement = {
				kind = upToNextMajorVersion;
				minimumVersion = 6.0.0;
			};
		};
		3F4A78D92BCF7FFB0035F90F /* XCRemoteSwiftPackageReference "SwiftyBeaver" */ = {
			isa = XCRemoteSwiftPackageReference;
			repositoryURL = "https://github.com/SwiftyBeaver/SwiftyBeaver.git";
			requirement = {
				kind = upToNextMajorVersion;
				minimumVersion = 2.0.1;
			};
		};
		3F84C8C92C146E29003DC6DA /* XCRemoteSwiftPackageReference "WebArchiver" */ = {
			isa = XCRemoteSwiftPackageReference;
			repositoryURL = "https://github.com/hyponet/WebArchiver.git";
			requirement = {
				branch = master;
				kind = branch;
			};
		};
		3FB7823F2BC1A82700327191 /* XCRemoteSwiftPackageReference "grpc-swift" */ = {
			isa = XCRemoteSwiftPackageReference;
			repositoryURL = "https://github.com/grpc/grpc-swift";
			requirement = {
				kind = upToNextMajorVersion;
				minimumVersion = 1.22.0;
			};
		};
		3FDC2EA52BE3CC2C00344DF8 /* XCRemoteSwiftPackageReference "SwiftSoup" */ = {
			isa = XCRemoteSwiftPackageReference;
			repositoryURL = "https://github.com/scinfu/SwiftSoup.git";
			requirement = {
				kind = upToNextMajorVersion;
				minimumVersion = 2.7.2;
			};
		};
		ED0CBB142BF656B90056E6AA /* XCRemoteSwiftPackageReference "grpc-swift" */ = {
			isa = XCRemoteSwiftPackageReference;
			repositoryURL = "https://github.com/grpc/grpc-swift";
			requirement = {
				kind = upToNextMajorVersion;
				minimumVersion = 1.22.0;
			};
		};
		ED0CBB1A2BF656B90056E6AA /* XCRemoteSwiftPackageReference "GRDB.swift" */ = {
			isa = XCRemoteSwiftPackageReference;
			repositoryURL = "https://github.com/groue/GRDB.swift.git";
			requirement = {
				kind = upToNextMajorVersion;
				minimumVersion = 6.0.0;
			};
		};
		ED0CBB1C2BF656B90056E6AA /* XCRemoteSwiftPackageReference "SwiftyBeaver" */ = {
			isa = XCRemoteSwiftPackageReference;
			repositoryURL = "https://github.com/SwiftyBeaver/SwiftyBeaver.git";
			requirement = {
				kind = upToNextMajorVersion;
				minimumVersion = 2.0.1;
			};
		};
		ED0CBB1E2BF656B90056E6AA /* XCRemoteSwiftPackageReference "SwiftSoup" */ = {
			isa = XCRemoteSwiftPackageReference;
			repositoryURL = "https://github.com/scinfu/SwiftSoup.git";
			requirement = {
				kind = upToNextMajorVersion;
				minimumVersion = 2.7.2;
			};
		};
/* End XCRemoteSwiftPackageReference section */

/* Begin XCSwiftPackageProductDependency section */
		3F19E2082C14086700B84293 /* Reeeed */ = {
			isa = XCSwiftPackageProductDependency;
			package = 3F19E2072C14086700B84293 /* XCRemoteSwiftPackageReference "reeeed" */;
			productName = Reeeed;
		};
		3F19E20B2C140A6C00B84293 /* Reeeed */ = {
			isa = XCSwiftPackageProductDependency;
			package = 3F19E2072C14086700B84293 /* XCRemoteSwiftPackageReference "reeeed" */;
			productName = Reeeed;
		};
		3F4A78D32BCD82290035F90F /* GRDB */ = {
			isa = XCSwiftPackageProductDependency;
			package = 3F4A78D22BCD82290035F90F /* XCRemoteSwiftPackageReference "GRDB.swift" */;
			productName = GRDB;
		};
		3F4A78DA2BCF7FFB0035F90F /* SwiftyBeaver */ = {
			isa = XCSwiftPackageProductDependency;
			package = 3F4A78D92BCF7FFB0035F90F /* XCRemoteSwiftPackageReference "SwiftyBeaver" */;
			productName = SwiftyBeaver;
		};
		3F7444B62BE3D1B000CC9C1E /* SwiftSoup */ = {
			isa = XCSwiftPackageProductDependency;
			package = 3FDC2EA52BE3CC2C00344DF8 /* XCRemoteSwiftPackageReference "SwiftSoup" */;
			productName = SwiftSoup;
		};
		3F84C8CA2C146E29003DC6DA /* WebArchiver */ = {
			isa = XCSwiftPackageProductDependency;
			package = 3F84C8C92C146E29003DC6DA /* XCRemoteSwiftPackageReference "WebArchiver" */;
			productName = WebArchiver;
		};
		3FA180132C157A8A004176EA /* WebArchiver */ = {
			isa = XCSwiftPackageProductDependency;
			package = 3F84C8C92C146E29003DC6DA /* XCRemoteSwiftPackageReference "WebArchiver" */;
			productName = WebArchiver;
		};
		3FB782402BC1A82700327191 /* CGRPCZlib */ = {
			isa = XCSwiftPackageProductDependency;
			package = 3FB7823F2BC1A82700327191 /* XCRemoteSwiftPackageReference "grpc-swift" */;
			productName = CGRPCZlib;
		};
		3FB782422BC1A82700327191 /* GRPC */ = {
			isa = XCSwiftPackageProductDependency;
			package = 3FB7823F2BC1A82700327191 /* XCRemoteSwiftPackageReference "grpc-swift" */;
			productName = GRPC;
		};
		3FB782442BC1A82700327191 /* GRPCReflectionService */ = {
			isa = XCSwiftPackageProductDependency;
			package = 3FB7823F2BC1A82700327191 /* XCRemoteSwiftPackageReference "grpc-swift" */;
			productName = GRPCReflectionService;
		};
		3FB782462BC1A82700327191 /* _GRPCCore */ = {
			isa = XCSwiftPackageProductDependency;
			package = 3FB7823F2BC1A82700327191 /* XCRemoteSwiftPackageReference "grpc-swift" */;
			productName = _GRPCCore;
		};
		3FB782482BC1A82700327191 /* protoc-gen-grpc-swift */ = {
			isa = XCSwiftPackageProductDependency;
			package = 3FB7823F2BC1A82700327191 /* XCRemoteSwiftPackageReference "grpc-swift" */;
			productName = "protoc-gen-grpc-swift";
		};
		ED0CBB132BF656B90056E6AA /* CGRPCZlib */ = {
			isa = XCSwiftPackageProductDependency;
			package = ED0CBB142BF656B90056E6AA /* XCRemoteSwiftPackageReference "grpc-swift" */;
			productName = CGRPCZlib;
		};
		ED0CBB152BF656B90056E6AA /* GRPC */ = {
			isa = XCSwiftPackageProductDependency;
			package = ED0CBB142BF656B90056E6AA /* XCRemoteSwiftPackageReference "grpc-swift" */;
			productName = GRPC;
		};
		ED0CBB162BF656B90056E6AA /* GRPCReflectionService */ = {
			isa = XCSwiftPackageProductDependency;
			package = ED0CBB142BF656B90056E6AA /* XCRemoteSwiftPackageReference "grpc-swift" */;
			productName = GRPCReflectionService;
		};
		ED0CBB172BF656B90056E6AA /* _GRPCCore */ = {
			isa = XCSwiftPackageProductDependency;
			package = ED0CBB142BF656B90056E6AA /* XCRemoteSwiftPackageReference "grpc-swift" */;
			productName = _GRPCCore;
		};
		ED0CBB182BF656B90056E6AA /* protoc-gen-grpc-swift */ = {
			isa = XCSwiftPackageProductDependency;
			package = ED0CBB142BF656B90056E6AA /* XCRemoteSwiftPackageReference "grpc-swift" */;
			productName = "protoc-gen-grpc-swift";
		};
		ED0CBB192BF656B90056E6AA /* GRDB */ = {
			isa = XCSwiftPackageProductDependency;
			package = ED0CBB1A2BF656B90056E6AA /* XCRemoteSwiftPackageReference "GRDB.swift" */;
			productName = GRDB;
		};
		ED0CBB1B2BF656B90056E6AA /* SwiftyBeaver */ = {
			isa = XCSwiftPackageProductDependency;
			package = ED0CBB1C2BF656B90056E6AA /* XCRemoteSwiftPackageReference "SwiftyBeaver" */;
			productName = SwiftyBeaver;
		};
		ED0CBB1D2BF656B90056E6AA /* SwiftSoup */ = {
			isa = XCSwiftPackageProductDependency;
			package = ED0CBB1E2BF656B90056E6AA /* XCRemoteSwiftPackageReference "SwiftSoup" */;
			productName = SwiftSoup;
		};
/* End XCSwiftPackageProductDependency section */
	};
	rootObject = 3F1BBE112B8E147F005D533F /* Project object */;
}
