// !$*UTF8*$!
{
	archiveVersion = 1;
	classes = {
	};
	objectVersion = 56;
	objects = {

/* Begin PBXBuildFile section */
		3F1BBE1D2B8E147F005D533F /* basenanaApp.swift in Sources */ = {isa = PBXBuildFile; fileRef = 3F1BBE1C2B8E147F005D533F /* basenanaApp.swift */; };
		3F1BBE1F2B8E147F005D533F /* ContentView.swift in Sources */ = {isa = PBXBuildFile; fileRef = 3F1BBE1E2B8E147F005D533F /* ContentView.swift */; };
		3F1BBE212B8E147F005D533F /* Item.swift in Sources */ = {isa = PBXBuildFile; fileRef = 3F1BBE202B8E147F005D533F /* Item.swift */; };
		3F1BBE232B8E1480005D533F /* Assets.xcassets in Resources */ = {isa = PBXBuildFile; fileRef = 3F1BBE222B8E1480005D533F /* Assets.xcassets */; };
		3F1BBE272B8E1480005D533F /* Preview Assets.xcassets in Resources */ = {isa = PBXBuildFile; fileRef = 3F1BBE262B8E1480005D533F /* Preview Assets.xcassets */; };
		3F1BBE312B8E1480005D533F /* basenanaTests.swift in Sources */ = {isa = PBXBuildFile; fileRef = 3F1BBE302B8E1480005D533F /* basenanaTests.swift */; };
		3F1BBE3B2B8E1480005D533F /* basenanaUITests.swift in Sources */ = {isa = PBXBuildFile; fileRef = 3F1BBE3A2B8E1480005D533F /* basenanaUITests.swift */; };
		3F1BBE3D2B8E1480005D533F /* basenanaUITestsLaunchTests.swift in Sources */ = {isa = PBXBuildFile; fileRef = 3F1BBE3C2B8E1480005D533F /* basenanaUITestsLaunchTests.swift */; };
		3F1BBE4F2B90C4D5005D533F /* SidebarView.swift in Sources */ = {isa = PBXBuildFile; fileRef = 3F1BBE4E2B90C4D5005D533F /* SidebarView.swift */; };
		3F1BBE512B90C542005D533F /* EntryViewModel.swift in Sources */ = {isa = PBXBuildFile; fileRef = 3F1BBE502B90C542005D533F /* EntryViewModel.swift */; };
		3F1BBE532B90C54D005D533F /* DocumentViewModel.swift in Sources */ = {isa = PBXBuildFile; fileRef = 3F1BBE522B90C54D005D533F /* DocumentViewModel.swift */; };
		3F1BBE552B90C8F7005D533F /* GroupViewModel.swift in Sources */ = {isa = PBXBuildFile; fileRef = 3F1BBE542B90C8F7005D533F /* GroupViewModel.swift */; };
		3F1BBE572B90CD59005D533F /* Entry.swift in Sources */ = {isa = PBXBuildFile; fileRef = 3F1BBE562B90CD59005D533F /* Entry.swift */; };
/* End PBXBuildFile section */

/* Begin PBXContainerItemProxy section */
		3F1BBE2D2B8E1480005D533F /* PBXContainerItemProxy */ = {
			isa = PBXContainerItemProxy;
			containerPortal = 3F1BBE112B8E147F005D533F /* Project object */;
			proxyType = 1;
			remoteGlobalIDString = 3F1BBE182B8E147F005D533F;
			remoteInfo = basenana;
		};
		3F1BBE372B8E1480005D533F /* PBXContainerItemProxy */ = {
			isa = PBXContainerItemProxy;
			containerPortal = 3F1BBE112B8E147F005D533F /* Project object */;
			proxyType = 1;
			remoteGlobalIDString = 3F1BBE182B8E147F005D533F;
			remoteInfo = basenana;
		};
/* End PBXContainerItemProxy section */

/* Begin PBXFileReference section */
		3F1BBE192B8E147F005D533F /* basenana.app */ = {isa = PBXFileReference; explicitFileType = wrapper.application; includeInIndex = 0; path = basenana.app; sourceTree = BUILT_PRODUCTS_DIR; };
		3F1BBE1C2B8E147F005D533F /* basenanaApp.swift */ = {isa = PBXFileReference; lastKnownFileType = sourcecode.swift; path = basenanaApp.swift; sourceTree = "<group>"; };
		3F1BBE1E2B8E147F005D533F /* ContentView.swift */ = {isa = PBXFileReference; lastKnownFileType = sourcecode.swift; path = ContentView.swift; sourceTree = "<group>"; };
		3F1BBE202B8E147F005D533F /* Item.swift */ = {isa = PBXFileReference; lastKnownFileType = sourcecode.swift; path = Item.swift; sourceTree = "<group>"; };
		3F1BBE222B8E1480005D533F /* Assets.xcassets */ = {isa = PBXFileReference; lastKnownFileType = folder.assetcatalog; path = Assets.xcassets; sourceTree = "<group>"; };
		3F1BBE242B8E1480005D533F /* basenana.entitlements */ = {isa = PBXFileReference; lastKnownFileType = text.plist.entitlements; path = basenana.entitlements; sourceTree = "<group>"; };
		3F1BBE262B8E1480005D533F /* Preview Assets.xcassets */ = {isa = PBXFileReference; lastKnownFileType = folder.assetcatalog; path = "Preview Assets.xcassets"; sourceTree = "<group>"; };
		3F1BBE2C2B8E1480005D533F /* basenanaTests.xctest */ = {isa = PBXFileReference; explicitFileType = wrapper.cfbundle; includeInIndex = 0; path = basenanaTests.xctest; sourceTree = BUILT_PRODUCTS_DIR; };
		3F1BBE302B8E1480005D533F /* basenanaTests.swift */ = {isa = PBXFileReference; lastKnownFileType = sourcecode.swift; path = basenanaTests.swift; sourceTree = "<group>"; };
		3F1BBE362B8E1480005D533F /* basenanaUITests.xctest */ = {isa = PBXFileReference; explicitFileType = wrapper.cfbundle; includeInIndex = 0; path = basenanaUITests.xctest; sourceTree = BUILT_PRODUCTS_DIR; };
		3F1BBE3A2B8E1480005D533F /* basenanaUITests.swift */ = {isa = PBXFileReference; lastKnownFileType = sourcecode.swift; path = basenanaUITests.swift; sourceTree = "<group>"; };
		3F1BBE3C2B8E1480005D533F /* basenanaUITestsLaunchTests.swift */ = {isa = PBXFileReference; lastKnownFileType = sourcecode.swift; path = basenanaUITestsLaunchTests.swift; sourceTree = "<group>"; };
		3F1BBE4E2B90C4D5005D533F /* SidebarView.swift */ = {isa = PBXFileReference; lastKnownFileType = sourcecode.swift; path = SidebarView.swift; sourceTree = "<group>"; };
		3F1BBE502B90C542005D533F /* EntryViewModel.swift */ = {isa = PBXFileReference; lastKnownFileType = sourcecode.swift; path = EntryViewModel.swift; sourceTree = "<group>"; };
		3F1BBE522B90C54D005D533F /* DocumentViewModel.swift */ = {isa = PBXFileReference; lastKnownFileType = sourcecode.swift; path = DocumentViewModel.swift; sourceTree = "<group>"; };
		3F1BBE542B90C8F7005D533F /* GroupViewModel.swift */ = {isa = PBXFileReference; lastKnownFileType = sourcecode.swift; path = GroupViewModel.swift; sourceTree = "<group>"; };
		3F1BBE562B90CD59005D533F /* Entry.swift */ = {isa = PBXFileReference; lastKnownFileType = sourcecode.swift; path = Entry.swift; sourceTree = "<group>"; };
/* End PBXFileReference section */

/* Begin PBXFrameworksBuildPhase section */
		3F1BBE162B8E147F005D533F /* Frameworks */ = {
			isa = PBXFrameworksBuildPhase;
			buildActionMask = 2147483647;
			files = (
			);
			runOnlyForDeploymentPostprocessing = 0;
		};
		3F1BBE292B8E1480005D533F /* Frameworks */ = {
			isa = PBXFrameworksBuildPhase;
			buildActionMask = 2147483647;
			files = (
			);
			runOnlyForDeploymentPostprocessing = 0;
		};
		3F1BBE332B8E1480005D533F /* Frameworks */ = {
			isa = PBXFrameworksBuildPhase;
			buildActionMask = 2147483647;
			files = (
			);
			runOnlyForDeploymentPostprocessing = 0;
		};
/* End PBXFrameworksBuildPhase section */

/* Begin PBXGroup section */
		3F1BBE102B8E147F005D533F = {
			isa = PBXGroup;
			children = (
				3F1BBE1B2B8E147F005D533F /* basenana */,
				3F1BBE2F2B8E1480005D533F /* basenanaTests */,
				3F1BBE392B8E1480005D533F /* basenanaUITests */,
				3F1BBE1A2B8E147F005D533F /* Products */,
			);
			sourceTree = "<group>";
		};
		3F1BBE1A2B8E147F005D533F /* Products */ = {
			isa = PBXGroup;
			children = (
				3F1BBE192B8E147F005D533F /* basenana.app */,
				3F1BBE2C2B8E1480005D533F /* basenanaTests.xctest */,
				3F1BBE362B8E1480005D533F /* basenanaUITests.xctest */,
			);
			name = Products;
			sourceTree = "<group>";
		};
		3F1BBE1B2B8E147F005D533F /* basenana */ = {
			isa = PBXGroup;
			children = (
				3F1BBE4D2B90C3EA005D533F /* Helpers */,
				3F1BBE4C2B90C3DD005D533F /* Services */,
				3F1BBE4B2B90C3CA005D533F /* ViewModels */,
				3F1BBE4A2B90C3A2005D533F /* Models */,
				3F1BBE492B90C393005D533F /* Views */,
				3F1BBE1C2B8E147F005D533F /* basenanaApp.swift */,
				3F1BBE202B8E147F005D533F /* Item.swift */,
				3F1BBE222B8E1480005D533F /* Assets.xcassets */,
				3F1BBE242B8E1480005D533F /* basenana.entitlements */,
				3F1BBE252B8E1480005D533F /* Preview Content */,
			);
			path = basenana;
			sourceTree = "<group>";
		};
		3F1BBE252B8E1480005D533F /* Preview Content */ = {
			isa = PBXGroup;
			children = (
				3F1BBE262B8E1480005D533F /* Preview Assets.xcassets */,
			);
			path = "Preview Content";
			sourceTree = "<group>";
		};
		3F1BBE2F2B8E1480005D533F /* basenanaTests */ = {
			isa = PBXGroup;
			children = (
				3F1BBE302B8E1480005D533F /* basenanaTests.swift */,
			);
			path = basenanaTests;
			sourceTree = "<group>";
		};
		3F1BBE392B8E1480005D533F /* basenanaUITests */ = {
			isa = PBXGroup;
			children = (
				3F1BBE3A2B8E1480005D533F /* basenanaUITests.swift */,
				3F1BBE3C2B8E1480005D533F /* basenanaUITestsLaunchTests.swift */,
			);
			path = basenanaUITests;
			sourceTree = "<group>";
		};
		3F1BBE492B90C393005D533F /* Views */ = {
			isa = PBXGroup;
			children = (
				3F1BBE1E2B8E147F005D533F /* ContentView.swift */,
				3F1BBE4E2B90C4D5005D533F /* SidebarView.swift */,
			);
			path = Views;
			sourceTree = "<group>";
		};
		3F1BBE4A2B90C3A2005D533F /* Models */ = {
			isa = PBXGroup;
			children = (
				3F1BBE562B90CD59005D533F /* Entry.swift */,
			);
			path = Models;
			sourceTree = "<group>";
		};
		3F1BBE4B2B90C3CA005D533F /* ViewModels */ = {
			isa = PBXGroup;
			children = (
				3F1BBE502B90C542005D533F /* EntryViewModel.swift */,
				3F1BBE522B90C54D005D533F /* DocumentViewModel.swift */,
				3F1BBE542B90C8F7005D533F /* GroupViewModel.swift */,
			);
			path = ViewModels;
			sourceTree = "<group>";
		};
		3F1BBE4C2B90C3DD005D533F /* Services */ = {
			isa = PBXGroup;
			children = (
			);
			path = Services;
			sourceTree = "<group>";
		};
		3F1BBE4D2B90C3EA005D533F /* Helpers */ = {
			isa = PBXGroup;
			children = (
			);
			path = Helpers;
			sourceTree = "<group>";
		};
/* End PBXGroup section */

/* Begin PBXNativeTarget section */
		3F1BBE182B8E147F005D533F /* basenana */ = {
			isa = PBXNativeTarget;
			buildConfigurationList = 3F1BBE402B8E1480005D533F /* Build configuration list for PBXNativeTarget "basenana" */;
			buildPhases = (
				3F1BBE152B8E147F005D533F /* Sources */,
				3F1BBE162B8E147F005D533F /* Frameworks */,
				3F1BBE172B8E147F005D533F /* Resources */,
			);
			buildRules = (
			);
			dependencies = (
			);
			name = basenana;
			productName = basenana;
			productReference = 3F1BBE192B8E147F005D533F /* basenana.app */;
			productType = "com.apple.product-type.application";
		};
		3F1BBE2B2B8E1480005D533F /* basenanaTests */ = {
			isa = PBXNativeTarget;
			buildConfigurationList = 3F1BBE432B8E1480005D533F /* Build configuration list for PBXNativeTarget "basenanaTests" */;
			buildPhases = (
				3F1BBE282B8E1480005D533F /* Sources */,
				3F1BBE292B8E1480005D533F /* Frameworks */,
				3F1BBE2A2B8E1480005D533F /* Resources */,
			);
			buildRules = (
			);
			dependencies = (
				3F1BBE2E2B8E1480005D533F /* PBXTargetDependency */,
			);
			name = basenanaTests;
			productName = basenanaTests;
			productReference = 3F1BBE2C2B8E1480005D533F /* basenanaTests.xctest */;
			productType = "com.apple.product-type.bundle.unit-test";
		};
		3F1BBE352B8E1480005D533F /* basenanaUITests */ = {
			isa = PBXNativeTarget;
			buildConfigurationList = 3F1BBE462B8E1480005D533F /* Build configuration list for PBXNativeTarget "basenanaUITests" */;
			buildPhases = (
				3F1BBE322B8E1480005D533F /* Sources */,
				3F1BBE332B8E1480005D533F /* Frameworks */,
				3F1BBE342B8E1480005D533F /* Resources */,
			);
			buildRules = (
			);
			dependencies = (
				3F1BBE382B8E1480005D533F /* PBXTargetDependency */,
			);
			name = basenanaUITests;
			productName = basenanaUITests;
			productReference = 3F1BBE362B8E1480005D533F /* basenanaUITests.xctest */;
			productType = "com.apple.product-type.bundle.ui-testing";
		};
/* End PBXNativeTarget section */

/* Begin PBXProject section */
		3F1BBE112B8E147F005D533F /* Project object */ = {
			isa = PBXProject;
			attributes = {
				BuildIndependentTargetsInParallel = 1;
				LastSwiftUpdateCheck = 1520;
				LastUpgradeCheck = 1520;
				TargetAttributes = {
					3F1BBE182B8E147F005D533F = {
						CreatedOnToolsVersion = 15.2;
					};
					3F1BBE2B2B8E1480005D533F = {
						CreatedOnToolsVersion = 15.2;
						TestTargetID = 3F1BBE182B8E147F005D533F;
					};
					3F1BBE352B8E1480005D533F = {
						CreatedOnToolsVersion = 15.2;
						TestTargetID = 3F1BBE182B8E147F005D533F;
					};
				};
			};
			buildConfigurationList = 3F1BBE142B8E147F005D533F /* Build configuration list for PBXProject "basenana" */;
			compatibilityVersion = "Xcode 14.0";
			developmentRegion = en;
			hasScannedForEncodings = 0;
			knownRegions = (
				en,
				Base,
			);
			mainGroup = 3F1BBE102B8E147F005D533F;
			productRefGroup = 3F1BBE1A2B8E147F005D533F /* Products */;
			projectDirPath = "";
			projectRoot = "";
			targets = (
				3F1BBE182B8E147F005D533F /* basenana */,
				3F1BBE2B2B8E1480005D533F /* basenanaTests */,
				3F1BBE352B8E1480005D533F /* basenanaUITests */,
			);
		};
/* End PBXProject section */

/* Begin PBXResourcesBuildPhase section */
		3F1BBE172B8E147F005D533F /* Resources */ = {
			isa = PBXResourcesBuildPhase;
			buildActionMask = 2147483647;
			files = (
				3F1BBE272B8E1480005D533F /* Preview Assets.xcassets in Resources */,
				3F1BBE232B8E1480005D533F /* Assets.xcassets in Resources */,
			);
			runOnlyForDeploymentPostprocessing = 0;
		};
		3F1BBE2A2B8E1480005D533F /* Resources */ = {
			isa = PBXResourcesBuildPhase;
			buildActionMask = 2147483647;
			files = (
			);
			runOnlyForDeploymentPostprocessing = 0;
		};
		3F1BBE342B8E1480005D533F /* Resources */ = {
			isa = PBXResourcesBuildPhase;
			buildActionMask = 2147483647;
			files = (
			);
			runOnlyForDeploymentPostprocessing = 0;
		};
/* End PBXResourcesBuildPhase section */

/* Begin PBXSourcesBuildPhase section */
		3F1BBE152B8E147F005D533F /* Sources */ = {
			isa = PBXSourcesBuildPhase;
			buildActionMask = 2147483647;
			files = (
				3F1BBE572B90CD59005D533F /* Entry.swift in Sources */,
				3F1BBE1F2B8E147F005D533F /* ContentView.swift in Sources */,
				3F1BBE552B90C8F7005D533F /* GroupViewModel.swift in Sources */,
				3F1BBE512B90C542005D533F /* EntryViewModel.swift in Sources */,
				3F1BBE4F2B90C4D5005D533F /* SidebarView.swift in Sources */,
				3F1BBE212B8E147F005D533F /* Item.swift in Sources */,
				3F1BBE1D2B8E147F005D533F /* basenanaApp.swift in Sources */,
				3F1BBE532B90C54D005D533F /* DocumentViewModel.swift in Sources */,
			);
			runOnlyForDeploymentPostprocessing = 0;
		};
		3F1BBE282B8E1480005D533F /* Sources */ = {
			isa = PBXSourcesBuildPhase;
			buildActionMask = 2147483647;
			files = (
				3F1BBE312B8E1480005D533F /* basenanaTests.swift in Sources */,
			);
			runOnlyForDeploymentPostprocessing = 0;
		};
		3F1BBE322B8E1480005D533F /* Sources */ = {
			isa = PBXSourcesBuildPhase;
			buildActionMask = 2147483647;
			files = (
				3F1BBE3D2B8E1480005D533F /* basenanaUITestsLaunchTests.swift in Sources */,
				3F1BBE3B2B8E1480005D533F /* basenanaUITests.swift in Sources */,
			);
			runOnlyForDeploymentPostprocessing = 0;
		};
/* End PBXSourcesBuildPhase section */

/* Begin PBXTargetDependency section */
		3F1BBE2E2B8E1480005D533F /* PBXTargetDependency */ = {
			isa = PBXTargetDependency;
			target = 3F1BBE182B8E147F005D533F /* basenana */;
			targetProxy = 3F1BBE2D2B8E1480005D533F /* PBXContainerItemProxy */;
		};
		3F1BBE382B8E1480005D533F /* PBXTargetDependency */ = {
			isa = PBXTargetDependency;
			target = 3F1BBE182B8E147F005D533F /* basenana */;
			targetProxy = 3F1BBE372B8E1480005D533F /* PBXContainerItemProxy */;
		};
/* End PBXTargetDependency section */

/* Begin XCBuildConfiguration section */
		3F1BBE3E2B8E1480005D533F /* Debug */ = {
			isa = XCBuildConfiguration;
			buildSettings = {
				ALWAYS_SEARCH_USER_PATHS = NO;
				ASSETCATALOG_COMPILER_GENERATE_SWIFT_ASSET_SYMBOL_EXTENSIONS = YES;
				CLANG_ANALYZER_NONNULL = YES;
				CLANG_ANALYZER_NUMBER_OBJECT_CONVERSION = YES_AGGRESSIVE;
				CLANG_CXX_LANGUAGE_STANDARD = "gnu++20";
				CLANG_ENABLE_MODULES = YES;
				CLANG_ENABLE_OBJC_ARC = YES;
				CLANG_ENABLE_OBJC_WEAK = YES;
				CLANG_WARN_BLOCK_CAPTURE_AUTORELEASING = YES;
				CLANG_WARN_BOOL_CONVERSION = YES;
				CLANG_WARN_COMMA = YES;
				CLANG_WARN_CONSTANT_CONVERSION = YES;
				CLANG_WARN_DEPRECATED_OBJC_IMPLEMENTATIONS = YES;
				CLANG_WARN_DIRECT_OBJC_ISA_USAGE = YES_ERROR;
				CLANG_WARN_DOCUMENTATION_COMMENTS = YES;
				CLANG_WARN_EMPTY_BODY = YES;
				CLANG_WARN_ENUM_CONVERSION = YES;
				CLANG_WARN_INFINITE_RECURSION = YES;
				CLANG_WARN_INT_CONVERSION = YES;
				CLANG_WARN_NON_LITERAL_NULL_CONVERSION = YES;
				CLANG_WARN_OBJC_IMPLICIT_RETAIN_SELF = YES;
				CLANG_WARN_OBJC_LITERAL_CONVERSION = YES;
				CLANG_WARN_OBJC_ROOT_CLASS = YES_ERROR;
				CLANG_WARN_QUOTED_INCLUDE_IN_FRAMEWORK_HEADER = YES;
				CLANG_WARN_RANGE_LOOP_ANALYSIS = YES;
				CLANG_WARN_STRICT_PROTOTYPES = YES;
				CLANG_WARN_SUSPICIOUS_MOVE = YES;
				CLANG_WARN_UNGUARDED_AVAILABILITY = YES_AGGRESSIVE;
				CLANG_WARN_UNREACHABLE_CODE = YES;
				CLANG_WARN__DUPLICATE_METHOD_MATCH = YES;
				COPY_PHASE_STRIP = NO;
				DEBUG_INFORMATION_FORMAT = dwarf;
				ENABLE_STRICT_OBJC_MSGSEND = YES;
				ENABLE_TESTABILITY = YES;
				ENABLE_USER_SCRIPT_SANDBOXING = YES;
				GCC_C_LANGUAGE_STANDARD = gnu17;
				GCC_DYNAMIC_NO_PIC = NO;
				GCC_NO_COMMON_BLOCKS = YES;
				GCC_OPTIMIZATION_LEVEL = 0;
				GCC_PREPROCESSOR_DEFINITIONS = (
					"DEBUG=1",
					"$(inherited)",
				);
				GCC_WARN_64_TO_32_BIT_CONVERSION = YES;
				GCC_WARN_ABOUT_RETURN_TYPE = YES_ERROR;
				GCC_WARN_UNDECLARED_SELECTOR = YES;
				GCC_WARN_UNINITIALIZED_AUTOS = YES_AGGRESSIVE;
				GCC_WARN_UNUSED_FUNCTION = YES;
				GCC_WARN_UNUSED_VARIABLE = YES;
				LOCALIZATION_PREFERS_STRING_CATALOGS = YES;
				MTL_ENABLE_DEBUG_INFO = INCLUDE_SOURCE;
				MTL_FAST_MATH = YES;
				ONLY_ACTIVE_ARCH = YES;
				SWIFT_ACTIVE_COMPILATION_CONDITIONS = "DEBUG $(inherited)";
				SWIFT_OPTIMIZATION_LEVEL = "-Onone";
			};
			name = Debug;
		};
		3F1BBE3F2B8E1480005D533F /* Release */ = {
			isa = XCBuildConfiguration;
			buildSettings = {
				ALWAYS_SEARCH_USER_PATHS = NO;
				ASSETCATALOG_COMPILER_GENERATE_SWIFT_ASSET_SYMBOL_EXTENSIONS = YES;
				CLANG_ANALYZER_NONNULL = YES;
				CLANG_ANALYZER_NUMBER_OBJECT_CONVERSION = YES_AGGRESSIVE;
				CLANG_CXX_LANGUAGE_STANDARD = "gnu++20";
				CLANG_ENABLE_MODULES = YES;
				CLANG_ENABLE_OBJC_ARC = YES;
				CLANG_ENABLE_OBJC_WEAK = YES;
				CLANG_WARN_BLOCK_CAPTURE_AUTORELEASING = YES;
				CLANG_WARN_BOOL_CONVERSION = YES;
				CLANG_WARN_COMMA = YES;
				CLANG_WARN_CONSTANT_CONVERSION = YES;
				CLANG_WARN_DEPRECATED_OBJC_IMPLEMENTATIONS = YES;
				CLANG_WARN_DIRECT_OBJC_ISA_USAGE = YES_ERROR;
				CLANG_WARN_DOCUMENTATION_COMMENTS = YES;
				CLANG_WARN_EMPTY_BODY = YES;
				CLANG_WARN_ENUM_CONVERSION = YES;
				CLANG_WARN_INFINITE_RECURSION = YES;
				CLANG_WARN_INT_CONVERSION = YES;
				CLANG_WARN_NON_LITERAL_NULL_CONVERSION = YES;
				CLANG_WARN_OBJC_IMPLICIT_RETAIN_SELF = YES;
				CLANG_WARN_OBJC_LITERAL_CONVERSION = YES;
				CLANG_WARN_OBJC_ROOT_CLASS = YES_ERROR;
				CLANG_WARN_QUOTED_INCLUDE_IN_FRAMEWORK_HEADER = YES;
				CLANG_WARN_RANGE_LOOP_ANALYSIS = YES;
				CLANG_WARN_STRICT_PROTOTYPES = YES;
				CLANG_WARN_SUSPICIOUS_MOVE = YES;
				CLANG_WARN_UNGUARDED_AVAILABILITY = YES_AGGRESSIVE;
				CLANG_WARN_UNREACHABLE_CODE = YES;
				CLANG_WARN__DUPLICATE_METHOD_MATCH = YES;
				COPY_PHASE_STRIP = NO;
				DEBUG_INFORMATION_FORMAT = "dwarf-with-dsym";
				ENABLE_NS_ASSERTIONS = NO;
				ENABLE_STRICT_OBJC_MSGSEND = YES;
				ENABLE_USER_SCRIPT_SANDBOXING = YES;
				GCC_C_LANGUAGE_STANDARD = gnu17;
				GCC_NO_COMMON_BLOCKS = YES;
				GCC_WARN_64_TO_32_BIT_CONVERSION = YES;
				GCC_WARN_ABOUT_RETURN_TYPE = YES_ERROR;
				GCC_WARN_UNDECLARED_SELECTOR = YES;
				GCC_WARN_UNINITIALIZED_AUTOS = YES_AGGRESSIVE;
				GCC_WARN_UNUSED_FUNCTION = YES;
				GCC_WARN_UNUSED_VARIABLE = YES;
				LOCALIZATION_PREFERS_STRING_CATALOGS = YES;
				MTL_ENABLE_DEBUG_INFO = NO;
				MTL_FAST_MATH = YES;
				SWIFT_COMPILATION_MODE = wholemodule;
			};
			name = Release;
		};
		3F1BBE412B8E1480005D533F /* Debug */ = {
			isa = XCBuildConfiguration;
			buildSettings = {
				ASSETCATALOG_COMPILER_APPICON_NAME = AppIcon;
				ASSETCATALOG_COMPILER_GLOBAL_ACCENT_COLOR_NAME = AccentColor;
				CODE_SIGN_ENTITLEMENTS = basenana/basenana.entitlements;
				CODE_SIGN_STYLE = Automatic;
				CURRENT_PROJECT_VERSION = 1;
				DEVELOPMENT_ASSET_PATHS = "\"basenana/Preview Content\"";
				ENABLE_PREVIEWS = YES;
				GENERATE_INFOPLIST_FILE = YES;
				"INFOPLIST_KEY_UIApplicationSceneManifest_Generation[sdk=iphoneos*]" = YES;
				"INFOPLIST_KEY_UIApplicationSceneManifest_Generation[sdk=iphonesimulator*]" = YES;
				"INFOPLIST_KEY_UIApplicationSupportsIndirectInputEvents[sdk=iphoneos*]" = YES;
				"INFOPLIST_KEY_UIApplicationSupportsIndirectInputEvents[sdk=iphonesimulator*]" = YES;
				"INFOPLIST_KEY_UILaunchScreen_Generation[sdk=iphoneos*]" = YES;
				"INFOPLIST_KEY_UILaunchScreen_Generation[sdk=iphonesimulator*]" = YES;
				"INFOPLIST_KEY_UIStatusBarStyle[sdk=iphoneos*]" = UIStatusBarStyleDefault;
				"INFOPLIST_KEY_UIStatusBarStyle[sdk=iphonesimulator*]" = UIStatusBarStyleDefault;
				INFOPLIST_KEY_UISupportedInterfaceOrientations_iPad = "UIInterfaceOrientationPortrait UIInterfaceOrientationPortraitUpsideDown UIInterfaceOrientationLandscapeLeft UIInterfaceOrientationLandscapeRight";
				INFOPLIST_KEY_UISupportedInterfaceOrientations_iPhone = "UIInterfaceOrientationPortrait UIInterfaceOrientationLandscapeLeft UIInterfaceOrientationLandscapeRight";
				IPHONEOS_DEPLOYMENT_TARGET = 17.2;
				LD_RUNPATH_SEARCH_PATHS = "@executable_path/Frameworks";
				"LD_RUNPATH_SEARCH_PATHS[sdk=macosx*]" = "@executable_path/../Frameworks";
				MACOSX_DEPLOYMENT_TARGET = 14.0;
				MARKETING_VERSION = 1.0;
				PRODUCT_BUNDLE_IDENTIFIER = org.basenana.app.basenana;
				PRODUCT_NAME = "$(TARGET_NAME)";
				SDKROOT = auto;
				SUPPORTED_PLATFORMS = "iphoneos iphonesimulator macosx";
				SWIFT_EMIT_LOC_STRINGS = YES;
				SWIFT_VERSION = 5.0;
				TARGETED_DEVICE_FAMILY = "1,2";
			};
			name = Debug;
		};
		3F1BBE422B8E1480005D533F /* Release */ = {
			isa = XCBuildConfiguration;
			buildSettings = {
				ASSETCATALOG_COMPILER_APPICON_NAME = AppIcon;
				ASSETCATALOG_COMPILER_GLOBAL_ACCENT_COLOR_NAME = AccentColor;
				CODE_SIGN_ENTITLEMENTS = basenana/basenana.entitlements;
				CODE_SIGN_STYLE = Automatic;
				CURRENT_PROJECT_VERSION = 1;
				DEVELOPMENT_ASSET_PATHS = "\"basenana/Preview Content\"";
				ENABLE_PREVIEWS = YES;
				GENERATE_INFOPLIST_FILE = YES;
				"INFOPLIST_KEY_UIApplicationSceneManifest_Generation[sdk=iphoneos*]" = YES;
				"INFOPLIST_KEY_UIApplicationSceneManifest_Generation[sdk=iphonesimulator*]" = YES;
				"INFOPLIST_KEY_UIApplicationSupportsIndirectInputEvents[sdk=iphoneos*]" = YES;
				"INFOPLIST_KEY_UIApplicationSupportsIndirectInputEvents[sdk=iphonesimulator*]" = YES;
				"INFOPLIST_KEY_UILaunchScreen_Generation[sdk=iphoneos*]" = YES;
				"INFOPLIST_KEY_UILaunchScreen_Generation[sdk=iphonesimulator*]" = YES;
				"INFOPLIST_KEY_UIStatusBarStyle[sdk=iphoneos*]" = UIStatusBarStyleDefault;
				"INFOPLIST_KEY_UIStatusBarStyle[sdk=iphonesimulator*]" = UIStatusBarStyleDefault;
				INFOPLIST_KEY_UISupportedInterfaceOrientations_iPad = "UIInterfaceOrientationPortrait UIInterfaceOrientationPortraitUpsideDown UIInterfaceOrientationLandscapeLeft UIInterfaceOrientationLandscapeRight";
				INFOPLIST_KEY_UISupportedInterfaceOrientations_iPhone = "UIInterfaceOrientationPortrait UIInterfaceOrientationLandscapeLeft UIInterfaceOrientationLandscapeRight";
				IPHONEOS_DEPLOYMENT_TARGET = 17.2;
				LD_RUNPATH_SEARCH_PATHS = "@executable_path/Frameworks";
				"LD_RUNPATH_SEARCH_PATHS[sdk=macosx*]" = "@executable_path/../Frameworks";
				MACOSX_DEPLOYMENT_TARGET = 14.0;
				MARKETING_VERSION = 1.0;
				PRODUCT_BUNDLE_IDENTIFIER = org.basenana.app.basenana;
				PRODUCT_NAME = "$(TARGET_NAME)";
				SDKROOT = auto;
				SUPPORTED_PLATFORMS = "iphoneos iphonesimulator macosx";
				SWIFT_EMIT_LOC_STRINGS = YES;
				SWIFT_VERSION = 5.0;
				TARGETED_DEVICE_FAMILY = "1,2";
			};
			name = Release;
		};
		3F1BBE442B8E1480005D533F /* Debug */ = {
			isa = XCBuildConfiguration;
			buildSettings = {
				ALWAYS_EMBED_SWIFT_STANDARD_LIBRARIES = YES;
				BUNDLE_LOADER = "$(TEST_HOST)";
				CODE_SIGN_STYLE = Automatic;
				CURRENT_PROJECT_VERSION = 1;
				GENERATE_INFOPLIST_FILE = YES;
				IPHONEOS_DEPLOYMENT_TARGET = 17.2;
				MACOSX_DEPLOYMENT_TARGET = 14.2;
				MARKETING_VERSION = 1.0;
				PRODUCT_BUNDLE_IDENTIFIER = org.basenana.app.basenanaTests;
				PRODUCT_NAME = "$(TARGET_NAME)";
				SDKROOT = auto;
				SUPPORTED_PLATFORMS = "iphoneos iphonesimulator macosx";
				SWIFT_EMIT_LOC_STRINGS = NO;
				SWIFT_VERSION = 5.0;
				TARGETED_DEVICE_FAMILY = "1,2";
				TEST_HOST = "$(BUILT_PRODUCTS_DIR)/basenana.app/$(BUNDLE_EXECUTABLE_FOLDER_PATH)/basenana";
			};
			name = Debug;
		};
		3F1BBE452B8E1480005D533F /* Release */ = {
			isa = XCBuildConfiguration;
			buildSettings = {
				ALWAYS_EMBED_SWIFT_STANDARD_LIBRARIES = YES;
				BUNDLE_LOADER = "$(TEST_HOST)";
				CODE_SIGN_STYLE = Automatic;
				CURRENT_PROJECT_VERSION = 1;
				GENERATE_INFOPLIST_FILE = YES;
				IPHONEOS_DEPLOYMENT_TARGET = 17.2;
				MACOSX_DEPLOYMENT_TARGET = 14.2;
				MARKETING_VERSION = 1.0;
				PRODUCT_BUNDLE_IDENTIFIER = org.basenana.app.basenanaTests;
				PRODUCT_NAME = "$(TARGET_NAME)";
				SDKROOT = auto;
				SUPPORTED_PLATFORMS = "iphoneos iphonesimulator macosx";
				SWIFT_EMIT_LOC_STRINGS = NO;
				SWIFT_VERSION = 5.0;
				TARGETED_DEVICE_FAMILY = "1,2";
				TEST_HOST = "$(BUILT_PRODUCTS_DIR)/basenana.app/$(BUNDLE_EXECUTABLE_FOLDER_PATH)/basenana";
			};
			name = Release;
		};
		3F1BBE472B8E1480005D533F /* Debug */ = {
			isa = XCBuildConfiguration;
			buildSettings = {
				ALWAYS_EMBED_SWIFT_STANDARD_LIBRARIES = YES;
				CODE_SIGN_STYLE = Automatic;
				CURRENT_PROJECT_VERSION = 1;
				GENERATE_INFOPLIST_FILE = YES;
				IPHONEOS_DEPLOYMENT_TARGET = 17.2;
				MACOSX_DEPLOYMENT_TARGET = 14.2;
				MARKETING_VERSION = 1.0;
				PRODUCT_BUNDLE_IDENTIFIER = org.basenana.app.basenanaUITests;
				PRODUCT_NAME = "$(TARGET_NAME)";
				SDKROOT = auto;
				SUPPORTED_PLATFORMS = "iphoneos iphonesimulator macosx";
				SWIFT_EMIT_LOC_STRINGS = NO;
				SWIFT_VERSION = 5.0;
				TARGETED_DEVICE_FAMILY = "1,2";
				TEST_TARGET_NAME = basenana;
			};
			name = Debug;
		};
		3F1BBE482B8E1480005D533F /* Release */ = {
			isa = XCBuildConfiguration;
			buildSettings = {
				ALWAYS_EMBED_SWIFT_STANDARD_LIBRARIES = YES;
				CODE_SIGN_STYLE = Automatic;
				CURRENT_PROJECT_VERSION = 1;
				GENERATE_INFOPLIST_FILE = YES;
				IPHONEOS_DEPLOYMENT_TARGET = 17.2;
				MACOSX_DEPLOYMENT_TARGET = 14.2;
				MARKETING_VERSION = 1.0;
				PRODUCT_BUNDLE_IDENTIFIER = org.basenana.app.basenanaUITests;
				PRODUCT_NAME = "$(TARGET_NAME)";
				SDKROOT = auto;
				SUPPORTED_PLATFORMS = "iphoneos iphonesimulator macosx";
				SWIFT_EMIT_LOC_STRINGS = NO;
				SWIFT_VERSION = 5.0;
				TARGETED_DEVICE_FAMILY = "1,2";
				TEST_TARGET_NAME = basenana;
			};
			name = Release;
		};
/* End XCBuildConfiguration section */

/* Begin XCConfigurationList section */
		3F1BBE142B8E147F005D533F /* Build configuration list for PBXProject "basenana" */ = {
			isa = XCConfigurationList;
			buildConfigurations = (
				3F1BBE3E2B8E1480005D533F /* Debug */,
				3F1BBE3F2B8E1480005D533F /* Release */,
			);
			defaultConfigurationIsVisible = 0;
			defaultConfigurationName = Release;
		};
		3F1BBE402B8E1480005D533F /* Build configuration list for PBXNativeTarget "basenana" */ = {
			isa = XCConfigurationList;
			buildConfigurations = (
				3F1BBE412B8E1480005D533F /* Debug */,
				3F1BBE422B8E1480005D533F /* Release */,
			);
			defaultConfigurationIsVisible = 0;
			defaultConfigurationName = Release;
		};
		3F1BBE432B8E1480005D533F /* Build configuration list for PBXNativeTarget "basenanaTests" */ = {
			isa = XCConfigurationList;
			buildConfigurations = (
				3F1BBE442B8E1480005D533F /* Debug */,
				3F1BBE452B8E1480005D533F /* Release */,
			);
			defaultConfigurationIsVisible = 0;
			defaultConfigurationName = Release;
		};
		3F1BBE462B8E1480005D533F /* Build configuration list for PBXNativeTarget "basenanaUITests" */ = {
			isa = XCConfigurationList;
			buildConfigurations = (
				3F1BBE472B8E1480005D533F /* Debug */,
				3F1BBE482B8E1480005D533F /* Release */,
			);
			defaultConfigurationIsVisible = 0;
			defaultConfigurationName = Release;
		};
/* End XCConfigurationList section */
	};
	rootObject = 3F1BBE112B8E147F005D533F /* Project object */;
}
