{
  "originHash" : "a11a62bafffaf72bcf00e7245bc6c50da6d082d1048939dd55513c1c102342f5",
  "pins" : [
    {
      "identity" : "swiftuimasonry",
      "kind" : "remoteSourceControl",
      "location" : "https://github.com/ciaranrobrien/SwiftUIMasonry",
      "state" : {
        "branch" : "main",
        "revision" : "09487c808d8c68b034371276cf6c153bebca7913"
      }
    }
  ],
  "version" : 3
}
